// !$*UTF8*$!
{
	archiveVersion = 1;
	classes = {
	};
	objectVersion = 70;
	objects = {

/* Begin PBXBuildFile section */
		3222F91A2B622DFD0019A079 /* IOSAccessAssessmentApp.swift in Sources */ = {isa = PBXBuildFile; fileRef = 3222F9192B622DFD0019A079 /* IOSAccessAssessmentApp.swift */; };
		3222F91E2B622E090019A079 /* Assets.xcassets in Resources */ = {isa = PBXBuildFile; fileRef = 3222F91D2B622E090019A079 /* Assets.xcassets */; };
		3222F9212B622E090019A079 /* Preview Assets.xcassets in Resources */ = {isa = PBXBuildFile; fileRef = 3222F9202B622E090019A079 /* Preview Assets.xcassets */; };
		3222F92B2B622E0A0019A079 /* IOSAccessAssessmentTests.swift in Sources */ = {isa = PBXBuildFile; fileRef = 3222F92A2B622E0A0019A079 /* IOSAccessAssessmentTests.swift */; };
		3222F9352B622E0A0019A079 /* IOSAccessAssessmentUITests.swift in Sources */ = {isa = PBXBuildFile; fileRef = 3222F9342B622E0A0019A079 /* IOSAccessAssessmentUITests.swift */; };
		3222F9372B622E0A0019A079 /* IOSAccessAssessmentUITestsLaunchTests.swift in Sources */ = {isa = PBXBuildFile; fileRef = 3222F9362B622E0A0019A079 /* IOSAccessAssessmentUITestsLaunchTests.swift */; };
		55659C102BB7863F0094DF01 /* SetupView.swift in Sources */ = {isa = PBXBuildFile; fileRef = 55659C0F2BB7863F0094DF01 /* SetupView.swift */; };
		A305B05C2E18882800ECCF9B /* DatasetEncoder.swift in Sources */ = {isa = PBXBuildFile; fileRef = A305B05B2E18882500ECCF9B /* DatasetEncoder.swift */; };
		A305B06C2E18A85F00ECCF9B /* DepthCoder.swift in Sources */ = {isa = PBXBuildFile; fileRef = A305B06B2E18A85D00ECCF9B /* DepthCoder.swift */; };
		A306462A2D614D9600B97D1B /* ImageSaver.swift in Sources */ = {isa = PBXBuildFile; fileRef = A30646292D614D9400B97D1B /* ImageSaver.swift */; };
		A308015C2EC09BB700B1BA3A /* CityscapesClassConfig.swift in Sources */ = {isa = PBXBuildFile; fileRef = A30801572EC09BB700B1BA3A /* CityscapesClassConfig.swift */; };
		A308015D2EC09BB700B1BA3A /* CityscapesSubsetClassConfig.swift in Sources */ = {isa = PBXBuildFile; fileRef = A30801582EC09BB700B1BA3A /* CityscapesSubsetClassConfig.swift */; };
		A308015E2EC09BB700B1BA3A /* CocoCustom35ClassConfig.swift in Sources */ = {isa = PBXBuildFile; fileRef = A308015A2EC09BB700B1BA3A /* CocoCustom35ClassConfig.swift */; };
		A30801602EC09BB700B1BA3A /* VOCClassConfig.swift in Sources */ = {isa = PBXBuildFile; fileRef = A30801562EC09BB700B1BA3A /* VOCClassConfig.swift */; };
		A30801612EC09BB700B1BA3A /* CocoCustom53ClassConfig.swift in Sources */ = {isa = PBXBuildFile; fileRef = A30801592EC09BB700B1BA3A /* CocoCustom53ClassConfig.swift */; };
		A308016C2EC15CC400B1BA3A /* AccessibilityFeatureAttributeExtension.swift in Sources */ = {isa = PBXBuildFile; fileRef = A308016B2EC15CBA00B1BA3A /* AccessibilityFeatureAttributeExtension.swift */; };
		A312FD862FA3391C0044808E /* PointNMapShared.framework in Frameworks */ = {isa = PBXBuildFile; fileRef = A312FD7B2FA3391B0044808E /* PointNMapShared.framework */; };
		A312FD902FA3391C0044808E /* PointNMapShared.framework in Frameworks */ = {isa = PBXBuildFile; fileRef = A312FD7B2FA3391B0044808E /* PointNMapShared.framework */; };
		A312FD912FA3391C0044808E /* PointNMapShared.framework in Embed Frameworks */ = {isa = PBXBuildFile; fileRef = A312FD7B2FA3391B0044808E /* PointNMapShared.framework */; settings = {ATTRIBUTES = (CodeSignOnCopy, RemoveHeadersOnCopy, ); }; };
		A312FE152FA3EBE80044808E /* PointNMapShaderTypes.framework in Frameworks */ = {isa = PBXBuildFile; fileRef = A312FE0D2FA3EBE80044808E /* PointNMapShaderTypes.framework */; };
		A312FE162FA3EBE80044808E /* PointNMapShaderTypes.framework in Embed Frameworks */ = {isa = PBXBuildFile; fileRef = A312FE0D2FA3EBE80044808E /* PointNMapShaderTypes.framework */; settings = {ATTRIBUTES = (CodeSignOnCopy, RemoveHeadersOnCopy, ); }; };
		A312FE202FA3EC710044808E /* PointNMapShaderTypes.framework in Frameworks */ = {isa = PBXBuildFile; fileRef = A312FE0D2FA3EBE80044808E /* PointNMapShaderTypes.framework */; };
		A312FF232FA430510044808E /* AccessibilityFeatureKindExtension.swift in Sources */ = {isa = PBXBuildFile; fileRef = A312FF222FA4304D0044808E /* AccessibilityFeatureKindExtension.swift */; };
		A312FF2B2FA436CB0044808E /* IsExistingExtension.swift in Sources */ = {isa = PBXBuildFile; fileRef = A312FF2A2FA436C60044808E /* IsExistingExtension.swift */; };
		A31DB99E2FA54BEB00DDA385 /* DequeModule in Frameworks */ = {isa = PBXBuildFile; productRef = A31DB99D2FA54BEB00DDA385 /* DequeModule */; };
		A322B9042FA53B6F00F4D488 /* MappedEditableAccessibilityFeature.swift in Sources */ = {isa = PBXBuildFile; fileRef = A322B9032FA53B6800F4D488 /* MappedEditableAccessibilityFeature.swift */; };
		A322B9052FA53B9B00F4D488 /* MappedAccessibilityFeature.swift in Sources */ = {isa = PBXBuildFile; fileRef = A322B8082FA5287300F4D488 /* MappedAccessibilityFeature.swift */; };
		A329433C2EE7BEE100C4C1BC /* OSWPolicy.swift in Sources */ = {isa = PBXBuildFile; fileRef = A329433B2EE7BEDD00C4C1BC /* OSWPolicy.swift */; };
		A32943462EE7C07E00C4C1BC /* MappingGeometryExtension.swift in Sources */ = {isa = PBXBuildFile; fileRef = A32943452EE7C07A00C4C1BC /* MappingGeometryExtension.swift */; };
		A32943482EE7C0DD00C4C1BC /* OSWElementClass.swift in Sources */ = {isa = PBXBuildFile; fileRef = A32943472EE7C0D800C4C1BC /* OSWElementClass.swift */; };
		A329434C2EE7CFE800C4C1BC /* OSWField.swift in Sources */ = {isa = PBXBuildFile; fileRef = A329434B2EE7CFE600C4C1BC /* OSWField.swift */; };
		A32943502EE80EC400C4C1BC /* OSMRelation.swift in Sources */ = {isa = PBXBuildFile; fileRef = A329434F2EE80EC200C4C1BC /* OSMRelation.swift */; };
		A32943532EE814A700C4C1BC /* OSWElement.swift in Sources */ = {isa = PBXBuildFile; fileRef = A32943522EE814A700C4C1BC /* OSWElement.swift */; };
		A32943552EE8186E00C4C1BC /* OSWPoint.swift in Sources */ = {isa = PBXBuildFile; fileRef = A32943542EE8186C00C4C1BC /* OSWPoint.swift */; };
		A32943572EE81BF700C4C1BC /* OSWLineString.swift in Sources */ = {isa = PBXBuildFile; fileRef = A32943562EE81BF700C4C1BC /* OSWLineString.swift */; };
		A32943592EE8204400C4C1BC /* OSWPolygon.swift in Sources */ = {isa = PBXBuildFile; fileRef = A32943582EE8204400C4C1BC /* OSWPolygon.swift */; };
		A32D66532F7C3F2F00DC4173 /* OSWMultiPolygon.swift in Sources */ = {isa = PBXBuildFile; fileRef = A32D66522F7C3F2F00DC4173 /* OSWMultiPolygon.swift */; };
		A33EB5AB2F76080E008ABFB7 /* APIEndpoint.swift in Sources */ = {isa = PBXBuildFile; fileRef = A33EB5AA2F76080B008ABFB7 /* APIEndpoint.swift */; };
		A3420F1C2E8D82E700CD617E /* APIEnvironment.swift in Sources */ = {isa = PBXBuildFile; fileRef = A3420F1B2E8D82E400CD617E /* APIEnvironment.swift */; };
		A3471BA02DAF7ABF00FEB845 /* bisenetv2.mlpackage in Sources */ = {isa = PBXBuildFile; fileRef = A3471B9F2DAF7ABF00FEB845 /* bisenetv2.mlpackage */; };
		A355471E2EC1A47400F43AFD /* SharedAppData.swift in Sources */ = {isa = PBXBuildFile; fileRef = A355471D2EC1A47200F43AFD /* SharedAppData.swift */; };
		A35547C82EC1B0DB00F43AFD /* CurrentMappedFeaturesData.swift in Sources */ = {isa = PBXBuildFile; fileRef = A35547C72EC1B0D900F43AFD /* CurrentMappedFeaturesData.swift */; };
		A35547CC2EC3018E00F43AFD /* AnnotationView.swift in Sources */ = {isa = PBXBuildFile; fileRef = A35547CB2EC3018C00F43AFD /* AnnotationView.swift */; };
		A35A8BCF2E5D0CD100CC8AA7 /* WorkspaceSelectionView.swift in Sources */ = {isa = PBXBuildFile; fileRef = A35A8BCE2E5D0CCD00CC8AA7 /* WorkspaceSelectionView.swift */; };
		A35A8BD12E5D0D1200CC8AA7 /* WorkspaceService.swift in Sources */ = {isa = PBXBuildFile; fileRef = A35A8BD02E5D0D0D00CC8AA7 /* WorkspaceService.swift */; };
		A35E05162EDEA050003C26CF /* APIChangesetUploadController.swift in Sources */ = {isa = PBXBuildFile; fileRef = A35E05152EDEA04B003C26CF /* APIChangesetUploadController.swift */; };
		A35E051A2EDFB017003C26CF /* OSMPayload.swift in Sources */ = {isa = PBXBuildFile; fileRef = A35E05192EDFB015003C26CF /* OSMPayload.swift */; };
		A35E051C2EDFB094003C26CF /* OSMNode.swift in Sources */ = {isa = PBXBuildFile; fileRef = A35E051B2EDFB093003C26CF /* OSMNode.swift */; };
		A35E051E2EDFB09A003C26CF /* OSMWay.swift in Sources */ = {isa = PBXBuildFile; fileRef = A35E051D2EDFB099003C26CF /* OSMWay.swift */; };
		A36C6E022E134CE600A86004 /* bisenetv2_35_640_640.mlpackage in Sources */ = {isa = PBXBuildFile; fileRef = A36C6E012E134CE600A86004 /* bisenetv2_35_640_640.mlpackage */; };
		A374B4AC2F8EF654003E030D /* CurrentMappingData.swift in Sources */ = {isa = PBXBuildFile; fileRef = A374B4AB2F8EF654003E030D /* CurrentMappingData.swift */; };
		A374FAB72EE0173600055268 /* OSMChangesetUploadResponseElement.swift in Sources */ = {isa = PBXBuildFile; fileRef = A374FAB62EE0173200055268 /* OSMChangesetUploadResponseElement.swift */; };
		A37E3E3C2EED60F300B07B77 /* PngEncoder.mm in Sources */ = {isa = PBXBuildFile; fileRef = A37E3E3B2EED60F300B07B77 /* PngEncoder.mm */; };
		A37E3E3D2EED60F300B07B77 /* lodepng.cpp in Sources */ = {isa = PBXBuildFile; fileRef = A37E3E392EED60F300B07B77 /* lodepng.cpp */; };
		A37E3E952EFB66EB00B07B77 /* CameraIntrinsicsCoder.swift in Sources */ = {isa = PBXBuildFile; fileRef = A37E3E942EFB66E600B07B77 /* CameraIntrinsicsCoder.swift */; };
		A37E3E9B2EFB8F7500B07B77 /* HeadingCoder.swift in Sources */ = {isa = PBXBuildFile; fileRef = A37E3E9A2EFB8F7200B07B77 /* HeadingCoder.swift */; };
		A37E3E9E2EFBAA8700B07B77 /* AccessibilityFeatureSnapshot.swift in Sources */ = {isa = PBXBuildFile; fileRef = A37E3E9D2EFBAA7D00B07B77 /* AccessibilityFeatureSnapshot.swift */; };
		A37E3EA02EFBAADD00B07B77 /* AccessibilityFeatureClassSnapshot.swift in Sources */ = {isa = PBXBuildFile; fileRef = A37E3E9F2EFBAADC00B07B77 /* AccessibilityFeatureClassSnapshot.swift */; };
		A37E720E2ED5783600CFE4EF /* SharedAppContext.swift in Sources */ = {isa = PBXBuildFile; fileRef = A37E720D2ED5783300CFE4EF /* SharedAppContext.swift */; };
		A38338C22EDA9E6F00F1A402 /* AnnotationFeatureDetailView.swift in Sources */ = {isa = PBXBuildFile; fileRef = A38338C12EDA9E6500F1A402 /* AnnotationFeatureDetailView.swift */; };
		A39C9F3B2DD9B03300455E45 /* OSMElement.swift in Sources */ = {isa = PBXBuildFile; fileRef = A39C9F3A2DD9B03000455E45 /* OSMElement.swift */; };
		A39C9F3D2DD9BE2800455E45 /* APIConstants.swift in Sources */ = {isa = PBXBuildFile; fileRef = A39C9F3C2DD9BE2600455E45 /* APIConstants.swift */; };
		A3A739452DD4BA3F0073C7D2 /* CustomXMLParser.swift in Sources */ = {isa = PBXBuildFile; fileRef = A3A739442DD4BA3B0073C7D2 /* CustomXMLParser.swift */; };
		A3B61FC52F76480B0052AE2C /* EnvironmentService.swift in Sources */ = {isa = PBXBuildFile; fileRef = A3B61FC42F7647FC0052AE2C /* EnvironmentService.swift */; };
		A3B61FCB2F79036A0052AE2C /* OSMMapDataResponse.swift in Sources */ = {isa = PBXBuildFile; fileRef = A3B61FCA2F7903660052AE2C /* OSMMapDataResponse.swift */; };
		A3BCBC502EFBB92900D15E15 /* AccessibilityFeatureEncoder.swift in Sources */ = {isa = PBXBuildFile; fileRef = A3BCBC4F2EFBB92500D15E15 /* AccessibilityFeatureEncoder.swift */; };
		A3C22FD82CF2F0C300533BF7 /* DequeModule in Frameworks */ = {isa = PBXBuildFile; productRef = A3C22FD72CF2F0C300533BF7 /* DequeModule */; };
		A3D78D742E65108E003BFE78 /* WorkspaceViewModel.swift in Sources */ = {isa = PBXBuildFile; fileRef = A3D78D732E65108A003BFE78 /* WorkspaceViewModel.swift */; };
		A3D78D762E654F18003BFE78 /* ProfileView.swift in Sources */ = {isa = PBXBuildFile; fileRef = A3D78D752E654F14003BFE78 /* ProfileView.swift */; };
		A3E162782F3AFC66002D4D08 /* MeshCoder.swift in Sources */ = {isa = PBXBuildFile; fileRef = A3E162772F3AFC63002D4D08 /* MeshCoder.swift */; };
		A3E6D2332F464A2D00DAF88E /* PngDecoder.mm in Sources */ = {isa = PBXBuildFile; fileRef = A3E6D2322F464A2700DAF88E /* PngDecoder.mm */; };
		A3EE6E432F57A98A00F515E6 /* DatasetDecoder.swift in Sources */ = {isa = PBXBuildFile; fileRef = A3EE6E422F57A98A00F515E6 /* DatasetDecoder.swift */; };
		A3EE6E462F57FE6400F515E6 /* AppMode.swift in Sources */ = {isa = PBXBuildFile; fileRef = A3EE6E452F57FE6200F515E6 /* AppMode.swift */; };
		A3EE6E482F580D0D00F515E6 /* TestListView.swift in Sources */ = {isa = PBXBuildFile; fileRef = A3EE6E472F580D0A00F515E6 /* TestListView.swift */; };
		A3EE6E4A2F580D6200F515E6 /* TestCameraView.swift in Sources */ = {isa = PBXBuildFile; fileRef = A3EE6E492F580D6000F515E6 /* TestCameraView.swift */; };
		A3EE6E4C2F580E2B00F515E6 /* DatasetLister.swift in Sources */ = {isa = PBXBuildFile; fileRef = A3EE6E4B2F580E2800F515E6 /* DatasetLister.swift */; };
		A3EE6E4E2F5A258B00F515E6 /* TestCameraManager.swift in Sources */ = {isa = PBXBuildFile; fileRef = A3EE6E4D2F5A258700F515E6 /* TestCameraManager.swift */; };
		A3EE6E502F5A3EF100F515E6 /* TestCameraViewController.swift in Sources */ = {isa = PBXBuildFile; fileRef = A3EE6E4F2F5A3EF100F515E6 /* TestCameraViewController.swift */; };
		A3EE6E522F5F9F1600F515E6 /* APITransmissionHelpers.swift in Sources */ = {isa = PBXBuildFile; fileRef = A3EE6E512F5F9F1100F515E6 /* APITransmissionHelpers.swift */; };
		A3F27DB42D34E07C0071D6F3 /* DepthAnythingV2SmallF16.mlpackage in Sources */ = {isa = PBXBuildFile; fileRef = A3F27DB22D34E07C0071D6F3 /* DepthAnythingV2SmallF16.mlpackage */; };
		A3F38C4C2D38A2C700900547 /* DepthModel.swift in Sources */ = {isa = PBXBuildFile; fileRef = A3F38C4B2D38A2C500900547 /* DepthModel.swift */; };
		A3FCC2FB2DA4E1880037AB43 /* OrderedCollections in Frameworks */ = {isa = PBXBuildFile; productRef = A3FCC2FA2DA4E1880037AB43 /* OrderedCollections */; };
		A3FE16612E18BA5900DAE5BE /* RGBCoder.swift in Sources */ = {isa = PBXBuildFile; fileRef = A3FE16602E18BA5600DAE5BE /* RGBCoder.swift */; };
		A3FE16632E18BAEB00DAE5BE /* ConfidenceEncoder.swift in Sources */ = {isa = PBXBuildFile; fileRef = A3FE16622E18BAE900DAE5BE /* ConfidenceEncoder.swift */; };
		A3FE16652E18C54000DAE5BE /* CameraTransformCoder.swift in Sources */ = {isa = PBXBuildFile; fileRef = A3FE16642E18C53D00DAE5BE /* CameraTransformCoder.swift */; };
		A3FE16672E18C81800DAE5BE /* LocationCoder.swift in Sources */ = {isa = PBXBuildFile; fileRef = A3FE16662E18C81500DAE5BE /* LocationCoder.swift */; };
		A3FE166C2E1C29CB00DAE5BE /* OtherDetailsCoder.swift in Sources */ = {isa = PBXBuildFile; fileRef = A3FE166B2E1C29C800DAE5BE /* OtherDetailsCoder.swift */; };
		A3FE166E2E1C2AF200DAE5BE /* SegmentationEncoder.swift in Sources */ = {isa = PBXBuildFile; fileRef = A3FE166D2E1C2AEF00DAE5BE /* SegmentationEncoder.swift */; };
		A3FFAA7A2DE01A0F002B99BD /* ARCameraView.swift in Sources */ = {isa = PBXBuildFile; fileRef = A3FFAA792DE01A0F002B99BD /* ARCameraView.swift */; };
		A3FFAA832DE5253E002B99BD /* bisenetv2_53_640_640.mlpackage in Sources */ = {isa = PBXBuildFile; fileRef = A3FFAA822DE5253E002B99BD /* bisenetv2_53_640_640.mlpackage */; };
		CA924A932CEB9AB000FCA928 /* ChangesetService.swift in Sources */ = {isa = PBXBuildFile; fileRef = CA924A922CEB9AB000FCA928 /* ChangesetService.swift */; };
		CAA947762CDE6FBD000C6918 /* LoginView.swift in Sources */ = {isa = PBXBuildFile; fileRef = CAA947752CDE6FBB000C6918 /* LoginView.swift */; };
		CAA947792CDE700A000C6918 /* AuthService.swift in Sources */ = {isa = PBXBuildFile; fileRef = CAA947782CDE7007000C6918 /* AuthService.swift */; };
		CAA9477B2CDE70D9000C6918 /* KeychainService.swift in Sources */ = {isa = PBXBuildFile; fileRef = CAA9477A2CDE70D5000C6918 /* KeychainService.swift */; };
		CAF812BC2CF78F8100D44B84 /* NetworkError.swift in Sources */ = {isa = PBXBuildFile; fileRef = CAF812BB2CF78F7C00D44B84 /* NetworkError.swift */; };
		CAF812C42CFA108100D44B84 /* UserStateViewModel.swift in Sources */ = {isa = PBXBuildFile; fileRef = CAF812C22CFA108100D44B84 /* UserStateViewModel.swift */; };
		DA6332E72BAE3998009C80F9 /* espnetv2_pascal_256.mlmodel in Resources */ = {isa = PBXBuildFile; fileRef = 3222F94B2B62FF2E0019A079 /* espnetv2_pascal_256.mlmodel */; };
		DAA7F8B52CA38C11003666D8 /* SharedAppConstants.swift in Sources */ = {isa = PBXBuildFile; fileRef = DAA7F8B42CA38C11003666D8 /* SharedAppConstants.swift */; };
/* End PBXBuildFile section */

/* Begin PBXContainerItemProxy section */
		3222F9272B622E0A0019A079 /* PBXContainerItemProxy */ = {
			isa = PBXContainerItemProxy;
			containerPortal = 3222F90E2B622DFD0019A079 /* Project object */;
			proxyType = 1;
			remoteGlobalIDString = 3222F9152B622DFD0019A079;
			remoteInfo = IOSAccessAssessment;
		};
		3222F9312B622E0A0019A079 /* PBXContainerItemProxy */ = {
			isa = PBXContainerItemProxy;
			containerPortal = 3222F90E2B622DFD0019A079 /* Project object */;
			proxyType = 1;
			remoteGlobalIDString = 3222F9152B622DFD0019A079;
			remoteInfo = IOSAccessAssessment;
		};
		A312FD872FA3391C0044808E /* PBXContainerItemProxy */ = {
			isa = PBXContainerItemProxy;
			containerPortal = 3222F90E2B622DFD0019A079 /* Project object */;
			proxyType = 1;
			remoteGlobalIDString = A312FD7A2FA3391B0044808E;
			remoteInfo = PointNMapShared;
		};
		A312FD892FA3391C0044808E /* PBXContainerItemProxy */ = {
			isa = PBXContainerItemProxy;
			containerPortal = 3222F90E2B622DFD0019A079 /* Project object */;
			proxyType = 1;
			remoteGlobalIDString = 3222F9152B622DFD0019A079;
			remoteInfo = IOSAccessAssessment;
		};
		A312FD8E2FA3391C0044808E /* PBXContainerItemProxy */ = {
			isa = PBXContainerItemProxy;
			containerPortal = 3222F90E2B622DFD0019A079 /* Project object */;
			proxyType = 1;
			remoteGlobalIDString = A312FD7A2FA3391B0044808E;
			remoteInfo = PointNMapShared;
		};
		A312FE132FA3EBE80044808E /* PBXContainerItemProxy */ = {
			isa = PBXContainerItemProxy;
			containerPortal = 3222F90E2B622DFD0019A079 /* Project object */;
			proxyType = 1;
			remoteGlobalIDString = A312FE0C2FA3EBE80044808E;
			remoteInfo = PointNMapShaderTypes;
		};
		A312FE1D2FA3EC5C0044808E /* PBXContainerItemProxy */ = {
			isa = PBXContainerItemProxy;
			containerPortal = 3222F90E2B622DFD0019A079 /* Project object */;
			proxyType = 1;
			remoteGlobalIDString = A312FE0C2FA3EBE80044808E;
			remoteInfo = PointNMapShaderTypes;
		};
/* End PBXContainerItemProxy section */

/* Begin PBXCopyFilesBuildPhase section */
		A30646282D60486900B97D1B /* Embed Frameworks */ = {
			isa = PBXCopyFilesBuildPhase;
			buildActionMask = 2147483647;
			dstPath = "";
			dstSubfolderSpec = 10;
			files = (
				A312FE162FA3EBE80044808E /* PointNMapShaderTypes.framework in Embed Frameworks */,
				A312FD912FA3391C0044808E /* PointNMapShared.framework in Embed Frameworks */,
			);
			name = "Embed Frameworks";
			runOnlyForDeploymentPostprocessing = 0;
		};
/* End PBXCopyFilesBuildPhase section */

/* Begin PBXFileReference section */
		3222F9162B622DFD0019A079 /* IOSAccessAssessment.app */ = {isa = PBXFileReference; explicitFileType = wrapper.application; includeInIndex = 0; path = IOSAccessAssessment.app; sourceTree = BUILT_PRODUCTS_DIR; };
		3222F9192B622DFD0019A079 /* IOSAccessAssessmentApp.swift */ = {isa = PBXFileReference; lastKnownFileType = sourcecode.swift; path = IOSAccessAssessmentApp.swift; sourceTree = "<group>"; };
		3222F91D2B622E090019A079 /* Assets.xcassets */ = {isa = PBXFileReference; lastKnownFileType = folder.assetcatalog; path = Assets.xcassets; sourceTree = "<group>"; };
		3222F9202B622E090019A079 /* Preview Assets.xcassets */ = {isa = PBXFileReference; lastKnownFileType = folder.assetcatalog; path = "Preview Assets.xcassets"; sourceTree = "<group>"; };
		3222F9262B622E0A0019A079 /* IOSAccessAssessmentTests.xctest */ = {isa = PBXFileReference; explicitFileType = wrapper.cfbundle; includeInIndex = 0; path = IOSAccessAssessmentTests.xctest; sourceTree = BUILT_PRODUCTS_DIR; };
		3222F92A2B622E0A0019A079 /* IOSAccessAssessmentTests.swift */ = {isa = PBXFileReference; lastKnownFileType = sourcecode.swift; path = IOSAccessAssessmentTests.swift; sourceTree = "<group>"; };
		3222F9302B622E0A0019A079 /* IOSAccessAssessmentUITests.xctest */ = {isa = PBXFileReference; explicitFileType = wrapper.cfbundle; includeInIndex = 0; path = IOSAccessAssessmentUITests.xctest; sourceTree = BUILT_PRODUCTS_DIR; };
		3222F9342B622E0A0019A079 /* IOSAccessAssessmentUITests.swift */ = {isa = PBXFileReference; lastKnownFileType = sourcecode.swift; path = IOSAccessAssessmentUITests.swift; sourceTree = "<group>"; };
		3222F9362B622E0A0019A079 /* IOSAccessAssessmentUITestsLaunchTests.swift */ = {isa = PBXFileReference; lastKnownFileType = sourcecode.swift; path = IOSAccessAssessmentUITestsLaunchTests.swift; sourceTree = "<group>"; };
		3222F94B2B62FF2E0019A079 /* espnetv2_pascal_256.mlmodel */ = {isa = PBXFileReference; lastKnownFileType = file.mlmodel; path = espnetv2_pascal_256.mlmodel; sourceTree = "<group>"; };
		55659C0F2BB7863F0094DF01 /* SetupView.swift */ = {isa = PBXFileReference; lastKnownFileType = sourcecode.swift; path = SetupView.swift; sourceTree = "<group>"; };
		A305B05B2E18882500ECCF9B /* DatasetEncoder.swift */ = {isa = PBXFileReference; lastKnownFileType = sourcecode.swift; path = DatasetEncoder.swift; sourceTree = "<group>"; };
		A305B06B2E18A85D00ECCF9B /* DepthCoder.swift */ = {isa = PBXFileReference; lastKnownFileType = sourcecode.swift; path = DepthCoder.swift; sourceTree = "<group>"; };
		A30646292D614D9400B97D1B /* ImageSaver.swift */ = {isa = PBXFileReference; lastKnownFileType = sourcecode.swift; path = ImageSaver.swift; sourceTree = "<group>"; };
		A30801562EC09BB700B1BA3A /* VOCClassConfig.swift */ = {isa = PBXFileReference; lastKnownFileType = sourcecode.swift; path = VOCClassConfig.swift; sourceTree = "<group>"; };
		A30801572EC09BB700B1BA3A /* CityscapesClassConfig.swift */ = {isa = PBXFileReference; lastKnownFileType = sourcecode.swift; path = CityscapesClassConfig.swift; sourceTree = "<group>"; };
		A30801582EC09BB700B1BA3A /* CityscapesSubsetClassConfig.swift */ = {isa = PBXFileReference; lastKnownFileType = sourcecode.swift; path = CityscapesSubsetClassConfig.swift; sourceTree = "<group>"; };
		A30801592EC09BB700B1BA3A /* CocoCustom53ClassConfig.swift */ = {isa = PBXFileReference; lastKnownFileType = sourcecode.swift; path = CocoCustom53ClassConfig.swift; sourceTree = "<group>"; };
		A308015A2EC09BB700B1BA3A /* CocoCustom35ClassConfig.swift */ = {isa = PBXFileReference; lastKnownFileType = sourcecode.swift; path = CocoCustom35ClassConfig.swift; sourceTree = "<group>"; };
		A308016B2EC15CBA00B1BA3A /* AccessibilityFeatureAttributeExtension.swift */ = {isa = PBXFileReference; lastKnownFileType = sourcecode.swift; path = AccessibilityFeatureAttributeExtension.swift; sourceTree = "<group>"; };
		A312FD7B2FA3391B0044808E /* PointNMapShared.framework */ = {isa = PBXFileReference; explicitFileType = wrapper.framework; includeInIndex = 0; path = PointNMapShared.framework; sourceTree = BUILT_PRODUCTS_DIR; };
		A312FD852FA3391C0044808E /* PointNMapSharedTests.xctest */ = {isa = PBXFileReference; explicitFileType = wrapper.cfbundle; includeInIndex = 0; path = PointNMapSharedTests.xctest; sourceTree = BUILT_PRODUCTS_DIR; };
		A312FE0D2FA3EBE80044808E /* PointNMapShaderTypes.framework */ = {isa = PBXFileReference; explicitFileType = wrapper.framework; includeInIndex = 0; path = PointNMapShaderTypes.framework; sourceTree = BUILT_PRODUCTS_DIR; };
		A312FF222FA4304D0044808E /* AccessibilityFeatureKindExtension.swift */ = {isa = PBXFileReference; lastKnownFileType = sourcecode.swift; path = AccessibilityFeatureKindExtension.swift; sourceTree = "<group>"; };
		A312FF2A2FA436C60044808E /* IsExistingExtension.swift */ = {isa = PBXFileReference; lastKnownFileType = sourcecode.swift; path = IsExistingExtension.swift; sourceTree = "<group>"; };
		A322B8082FA5287300F4D488 /* MappedAccessibilityFeature.swift */ = {isa = PBXFileReference; lastKnownFileType = sourcecode.swift; path = MappedAccessibilityFeature.swift; sourceTree = "<group>"; };
		A322B9032FA53B6800F4D488 /* MappedEditableAccessibilityFeature.swift */ = {isa = PBXFileReference; lastKnownFileType = sourcecode.swift; path = MappedEditableAccessibilityFeature.swift; sourceTree = "<group>"; };
		A329433B2EE7BEDD00C4C1BC /* OSWPolicy.swift */ = {isa = PBXFileReference; lastKnownFileType = sourcecode.swift; path = OSWPolicy.swift; sourceTree = "<group>"; };
		A32943452EE7C07A00C4C1BC /* MappingGeometryExtension.swift */ = {isa = PBXFileReference; lastKnownFileType = sourcecode.swift; path = MappingGeometryExtension.swift; sourceTree = "<group>"; };
		A32943472EE7C0D800C4C1BC /* OSWElementClass.swift */ = {isa = PBXFileReference; lastKnownFileType = sourcecode.swift; path = OSWElementClass.swift; sourceTree = "<group>"; };
		A329434B2EE7CFE600C4C1BC /* OSWField.swift */ = {isa = PBXFileReference; lastKnownFileType = sourcecode.swift; path = OSWField.swift; sourceTree = "<group>"; };
		A329434F2EE80EC200C4C1BC /* OSMRelation.swift */ = {isa = PBXFileReference; lastKnownFileType = sourcecode.swift; path = OSMRelation.swift; sourceTree = "<group>"; };
		A32943522EE814A700C4C1BC /* OSWElement.swift */ = {isa = PBXFileReference; lastKnownFileType = sourcecode.swift; path = OSWElement.swift; sourceTree = "<group>"; };
		A32943542EE8186C00C4C1BC /* OSWPoint.swift */ = {isa = PBXFileReference; lastKnownFileType = sourcecode.swift; path = OSWPoint.swift; sourceTree = "<group>"; };
		A32943562EE81BF700C4C1BC /* OSWLineString.swift */ = {isa = PBXFileReference; lastKnownFileType = sourcecode.swift; path = OSWLineString.swift; sourceTree = "<group>"; };
		A32943582EE8204400C4C1BC /* OSWPolygon.swift */ = {isa = PBXFileReference; lastKnownFileType = sourcecode.swift; path = OSWPolygon.swift; sourceTree = "<group>"; };
		A32D66522F7C3F2F00DC4173 /* OSWMultiPolygon.swift */ = {isa = PBXFileReference; lastKnownFileType = sourcecode.swift; path = OSWMultiPolygon.swift; sourceTree = "<group>"; };
		A33EB5AA2F76080B008ABFB7 /* APIEndpoint.swift */ = {isa = PBXFileReference; lastKnownFileType = sourcecode.swift; path = APIEndpoint.swift; sourceTree = "<group>"; };
		A3420F1B2E8D82E400CD617E /* APIEnvironment.swift */ = {isa = PBXFileReference; lastKnownFileType = sourcecode.swift; path = APIEnvironment.swift; sourceTree = "<group>"; };
		A3471B9F2DAF7ABF00FEB845 /* bisenetv2.mlpackage */ = {isa = PBXFileReference; lastKnownFileType = folder.mlpackage; path = bisenetv2.mlpackage; sourceTree = "<group>"; };
		A355471D2EC1A47200F43AFD /* SharedAppData.swift */ = {isa = PBXFileReference; lastKnownFileType = sourcecode.swift; path = SharedAppData.swift; sourceTree = "<group>"; };
		A35547C72EC1B0D900F43AFD /* CurrentMappedFeaturesData.swift */ = {isa = PBXFileReference; lastKnownFileType = sourcecode.swift; path = CurrentMappedFeaturesData.swift; sourceTree = "<group>"; };
		A35547CB2EC3018C00F43AFD /* AnnotationView.swift */ = {isa = PBXFileReference; lastKnownFileType = sourcecode.swift; path = AnnotationView.swift; sourceTree = "<group>"; };
		A35A8BCE2E5D0CCD00CC8AA7 /* WorkspaceSelectionView.swift */ = {isa = PBXFileReference; lastKnownFileType = sourcecode.swift; path = WorkspaceSelectionView.swift; sourceTree = "<group>"; };
		A35A8BD02E5D0D0D00CC8AA7 /* WorkspaceService.swift */ = {isa = PBXFileReference; lastKnownFileType = sourcecode.swift; path = WorkspaceService.swift; sourceTree = "<group>"; };
		A35E05152EDEA04B003C26CF /* APIChangesetUploadController.swift */ = {isa = PBXFileReference; lastKnownFileType = sourcecode.swift; path = APIChangesetUploadController.swift; sourceTree = "<group>"; };
		A35E05192EDFB015003C26CF /* OSMPayload.swift */ = {isa = PBXFileReference; lastKnownFileType = sourcecode.swift; path = OSMPayload.swift; sourceTree = "<group>"; };
		A35E051B2EDFB093003C26CF /* OSMNode.swift */ = {isa = PBXFileReference; lastKnownFileType = sourcecode.swift; path = OSMNode.swift; sourceTree = "<group>"; };
		A35E051D2EDFB099003C26CF /* OSMWay.swift */ = {isa = PBXFileReference; lastKnownFileType = sourcecode.swift; path = OSMWay.swift; sourceTree = "<group>"; };
		A36C6E012E134CE600A86004 /* bisenetv2_35_640_640.mlpackage */ = {isa = PBXFileReference; lastKnownFileType = folder.mlpackage; path = bisenetv2_35_640_640.mlpackage; sourceTree = "<group>"; };
		A374B4AB2F8EF654003E030D /* CurrentMappingData.swift */ = {isa = PBXFileReference; lastKnownFileType = sourcecode.swift; path = CurrentMappingData.swift; sourceTree = "<group>"; };
		A374FAB62EE0173200055268 /* OSMChangesetUploadResponseElement.swift */ = {isa = PBXFileReference; lastKnownFileType = sourcecode.swift; path = OSMChangesetUploadResponseElement.swift; sourceTree = "<group>"; };
		A37E3E382EED60F300B07B77 /* lodepng.h */ = {isa = PBXFileReference; lastKnownFileType = sourcecode.c.h; path = lodepng.h; sourceTree = "<group>"; };
		A37E3E392EED60F300B07B77 /* lodepng.cpp */ = {isa = PBXFileReference; lastKnownFileType = sourcecode.cpp.cpp; path = lodepng.cpp; sourceTree = "<group>"; };
		A37E3E3A2EED60F300B07B77 /* PngEncoder.h */ = {isa = PBXFileReference; lastKnownFileType = sourcecode.c.h; path = PngEncoder.h; sourceTree = "<group>"; };
		A37E3E3B2EED60F300B07B77 /* PngEncoder.mm */ = {isa = PBXFileReference; lastKnownFileType = sourcecode.cpp.objcpp; path = PngEncoder.mm; sourceTree = "<group>"; };
		A37E3E942EFB66E600B07B77 /* CameraIntrinsicsCoder.swift */ = {isa = PBXFileReference; lastKnownFileType = sourcecode.swift; path = CameraIntrinsicsCoder.swift; sourceTree = "<group>"; };
		A37E3E9A2EFB8F7200B07B77 /* HeadingCoder.swift */ = {isa = PBXFileReference; lastKnownFileType = sourcecode.swift; path = HeadingCoder.swift; sourceTree = "<group>"; };
		A37E3E9D2EFBAA7D00B07B77 /* AccessibilityFeatureSnapshot.swift */ = {isa = PBXFileReference; lastKnownFileType = sourcecode.swift; path = AccessibilityFeatureSnapshot.swift; sourceTree = "<group>"; };
		A37E3E9F2EFBAADC00B07B77 /* AccessibilityFeatureClassSnapshot.swift */ = {isa = PBXFileReference; lastKnownFileType = sourcecode.swift; path = AccessibilityFeatureClassSnapshot.swift; sourceTree = "<group>"; };
		A37E720D2ED5783300CFE4EF /* SharedAppContext.swift */ = {isa = PBXFileReference; lastKnownFileType = sourcecode.swift; path = SharedAppContext.swift; sourceTree = "<group>"; };
		A38338C12EDA9E6500F1A402 /* AnnotationFeatureDetailView.swift */ = {isa = PBXFileReference; lastKnownFileType = sourcecode.swift; path = AnnotationFeatureDetailView.swift; sourceTree = "<group>"; };
		A39C9F3A2DD9B03000455E45 /* OSMElement.swift */ = {isa = PBXFileReference; lastKnownFileType = sourcecode.swift; path = OSMElement.swift; sourceTree = "<group>"; };
		A39C9F3C2DD9BE2600455E45 /* APIConstants.swift */ = {isa = PBXFileReference; lastKnownFileType = sourcecode.swift; path = APIConstants.swift; sourceTree = "<group>"; };
		A3A739442DD4BA3B0073C7D2 /* CustomXMLParser.swift */ = {isa = PBXFileReference; lastKnownFileType = sourcecode.swift; path = CustomXMLParser.swift; sourceTree = "<group>"; };
		A3B61FC42F7647FC0052AE2C /* EnvironmentService.swift */ = {isa = PBXFileReference; lastKnownFileType = sourcecode.swift; path = EnvironmentService.swift; sourceTree = "<group>"; };
		A3B61FCA2F7903660052AE2C /* OSMMapDataResponse.swift */ = {isa = PBXFileReference; lastKnownFileType = sourcecode.swift; path = OSMMapDataResponse.swift; sourceTree = "<group>"; };
		A3BCBC4F2EFBB92500D15E15 /* AccessibilityFeatureEncoder.swift */ = {isa = PBXFileReference; lastKnownFileType = sourcecode.swift; path = AccessibilityFeatureEncoder.swift; sourceTree = "<group>"; };
		A3D78D732E65108A003BFE78 /* WorkspaceViewModel.swift */ = {isa = PBXFileReference; lastKnownFileType = sourcecode.swift; path = WorkspaceViewModel.swift; sourceTree = "<group>"; };
		A3D78D752E654F14003BFE78 /* ProfileView.swift */ = {isa = PBXFileReference; lastKnownFileType = sourcecode.swift; path = ProfileView.swift; sourceTree = "<group>"; };
		A3DA4DB42EBAE101005BB812 /* IOSAccessAssessment-Bridging-Header.h */ = {isa = PBXFileReference; lastKnownFileType = sourcecode.c.h; path = "IOSAccessAssessment-Bridging-Header.h"; sourceTree = "<group>"; };
		A3E162772F3AFC63002D4D08 /* MeshCoder.swift */ = {isa = PBXFileReference; lastKnownFileType = sourcecode.swift; path = MeshCoder.swift; sourceTree = "<group>"; };
		A3E6D2312F4649AD00DAF88E /* PngDecoder.h */ = {isa = PBXFileReference; lastKnownFileType = sourcecode.c.h; path = PngDecoder.h; sourceTree = "<group>"; };
		A3E6D2322F464A2700DAF88E /* PngDecoder.mm */ = {isa = PBXFileReference; lastKnownFileType = sourcecode.cpp.objcpp; path = PngDecoder.mm; sourceTree = "<group>"; };
		A3EE6E422F57A98A00F515E6 /* DatasetDecoder.swift */ = {isa = PBXFileReference; lastKnownFileType = sourcecode.swift; path = DatasetDecoder.swift; sourceTree = "<group>"; };
		A3EE6E452F57FE6200F515E6 /* AppMode.swift */ = {isa = PBXFileReference; lastKnownFileType = sourcecode.swift; path = AppMode.swift; sourceTree = "<group>"; };
		A3EE6E472F580D0A00F515E6 /* TestListView.swift */ = {isa = PBXFileReference; lastKnownFileType = sourcecode.swift; path = TestListView.swift; sourceTree = "<group>"; };
		A3EE6E492F580D6000F515E6 /* TestCameraView.swift */ = {isa = PBXFileReference; lastKnownFileType = sourcecode.swift; path = TestCameraView.swift; sourceTree = "<group>"; };
		A3EE6E4B2F580E2800F515E6 /* DatasetLister.swift */ = {isa = PBXFileReference; lastKnownFileType = sourcecode.swift; path = DatasetLister.swift; sourceTree = "<group>"; };
		A3EE6E4D2F5A258700F515E6 /* TestCameraManager.swift */ = {isa = PBXFileReference; lastKnownFileType = sourcecode.swift; path = TestCameraManager.swift; sourceTree = "<group>"; };
		A3EE6E4F2F5A3EF100F515E6 /* TestCameraViewController.swift */ = {isa = PBXFileReference; lastKnownFileType = sourcecode.swift; path = TestCameraViewController.swift; sourceTree = "<group>"; };
		A3EE6E512F5F9F1100F515E6 /* APITransmissionHelpers.swift */ = {isa = PBXFileReference; lastKnownFileType = sourcecode.swift; path = APITransmissionHelpers.swift; sourceTree = "<group>"; };
		A3F27DB22D34E07C0071D6F3 /* DepthAnythingV2SmallF16.mlpackage */ = {isa = PBXFileReference; lastKnownFileType = folder.mlpackage; path = DepthAnythingV2SmallF16.mlpackage; sourceTree = "<group>"; };
		A3F38C4B2D38A2C500900547 /* DepthModel.swift */ = {isa = PBXFileReference; lastKnownFileType = sourcecode.swift; path = DepthModel.swift; sourceTree = "<group>"; };
		A3FE16602E18BA5600DAE5BE /* RGBCoder.swift */ = {isa = PBXFileReference; lastKnownFileType = sourcecode.swift; path = RGBCoder.swift; sourceTree = "<group>"; };
		A3FE16622E18BAE900DAE5BE /* ConfidenceEncoder.swift */ = {isa = PBXFileReference; lastKnownFileType = sourcecode.swift; path = ConfidenceEncoder.swift; sourceTree = "<group>"; };
		A3FE16642E18C53D00DAE5BE /* CameraTransformCoder.swift */ = {isa = PBXFileReference; lastKnownFileType = sourcecode.swift; path = CameraTransformCoder.swift; sourceTree = "<group>"; };
		A3FE16662E18C81500DAE5BE /* LocationCoder.swift */ = {isa = PBXFileReference; lastKnownFileType = sourcecode.swift; path = LocationCoder.swift; sourceTree = "<group>"; };
		A3FE166A2E18DD2A00DAE5BE /* Info.plist */ = {isa = PBXFileReference; lastKnownFileType = text.plist; path = Info.plist; sourceTree = "<group>"; };
		A3FE166B2E1C29C800DAE5BE /* OtherDetailsCoder.swift */ = {isa = PBXFileReference; lastKnownFileType = sourcecode.swift; path = OtherDetailsCoder.swift; sourceTree = "<group>"; };
		A3FE166D2E1C2AEF00DAE5BE /* SegmentationEncoder.swift */ = {isa = PBXFileReference; lastKnownFileType = sourcecode.swift; path = SegmentationEncoder.swift; sourceTree = "<group>"; };
		A3FFAA792DE01A0F002B99BD /* ARCameraView.swift */ = {isa = PBXFileReference; lastKnownFileType = sourcecode.swift; path = ARCameraView.swift; sourceTree = "<group>"; };
		A3FFAA822DE5253E002B99BD /* bisenetv2_53_640_640.mlpackage */ = {isa = PBXFileReference; lastKnownFileType = folder.mlpackage; path = bisenetv2_53_640_640.mlpackage; sourceTree = "<group>"; };
		CA924A922CEB9AB000FCA928 /* ChangesetService.swift */ = {isa = PBXFileReference; lastKnownFileType = sourcecode.swift; path = ChangesetService.swift; sourceTree = "<group>"; };
		CAA947752CDE6FBB000C6918 /* LoginView.swift */ = {isa = PBXFileReference; lastKnownFileType = sourcecode.swift; path = LoginView.swift; sourceTree = "<group>"; };
		CAA947782CDE7007000C6918 /* AuthService.swift */ = {isa = PBXFileReference; lastKnownFileType = sourcecode.swift; path = AuthService.swift; sourceTree = "<group>"; };
		CAA9477A2CDE70D5000C6918 /* KeychainService.swift */ = {isa = PBXFileReference; lastKnownFileType = sourcecode.swift; path = KeychainService.swift; sourceTree = "<group>"; };
		CAF812BB2CF78F7C00D44B84 /* NetworkError.swift */ = {isa = PBXFileReference; lastKnownFileType = sourcecode.swift; path = NetworkError.swift; sourceTree = "<group>"; };
		CAF812C22CFA108100D44B84 /* UserStateViewModel.swift */ = {isa = PBXFileReference; lastKnownFileType = sourcecode.swift; path = UserStateViewModel.swift; sourceTree = "<group>"; };
		DAA7F8B42CA38C11003666D8 /* SharedAppConstants.swift */ = {isa = PBXFileReference; lastKnownFileType = sourcecode.swift; path = SharedAppConstants.swift; sourceTree = "<group>"; };
/* End PBXFileReference section */

/* Begin PBXFileSystemSynchronizedBuildFileExceptionSet section */
		A312FDE12FA3DF580044808E /* PBXFileSystemSynchronizedBuildFileExceptionSet */ = {
			isa = PBXFileSystemSynchronizedBuildFileExceptionSet;
			platformFiltersByRelativePath = {
				PointNMapShared.h = (
					ios,
				);
			};
			publicHeaders = (
				PointNMapShared.h,
			);
			target = A312FD7A2FA3391B0044808E /* PointNMapShared */;
		};
		A312FE172FA3EBE80044808E /* PBXFileSystemSynchronizedBuildFileExceptionSet */ = {
			isa = PBXFileSystemSynchronizedBuildFileExceptionSet;
			publicHeaders = (
				PointNMapShaderTypes.h,
				ShaderTypes.h,
			);
			target = A312FE0C2FA3EBE80044808E /* PointNMapShaderTypes */;
		};
/* End PBXFileSystemSynchronizedBuildFileExceptionSet section */

/* Begin PBXFileSystemSynchronizedRootGroup section */
		A312FD7C2FA3391B0044808E /* PointNMapShared */ = {isa = PBXFileSystemSynchronizedRootGroup; exceptions = (A312FDE12FA3DF580044808E /* PBXFileSystemSynchronizedBuildFileExceptionSet */, ); explicitFileTypes = {}; explicitFolders = (); path = PointNMapShared; sourceTree = "<group>"; };
		A312FD8B2FA3391C0044808E /* PointNMapSharedTests */ = {isa = PBXFileSystemSynchronizedRootGroup; explicitFileTypes = {}; explicitFolders = (); path = PointNMapSharedTests; sourceTree = "<group>"; };
		A312FE0E2FA3EBE80044808E /* PointNMapShaderTypes */ = {isa = PBXFileSystemSynchronizedRootGroup; exceptions = (A312FE172FA3EBE80044808E /* PBXFileSystemSynchronizedBuildFileExceptionSet */, ); explicitFileTypes = {}; explicitFolders = (); path = PointNMapShaderTypes; sourceTree = "<group>"; };
/* End PBXFileSystemSynchronizedRootGroup section */

/* Begin PBXFrameworksBuildPhase section */
		3222F9132B622DFD0019A079 /* Frameworks */ = {
			isa = PBXFrameworksBuildPhase;
			buildActionMask = 2147483647;
			files = (
				A312FE152FA3EBE80044808E /* PointNMapShaderTypes.framework in Frameworks */,
				A3C22FD82CF2F0C300533BF7 /* DequeModule in Frameworks */,
				A3FCC2FB2DA4E1880037AB43 /* OrderedCollections in Frameworks */,
				A312FD902FA3391C0044808E /* PointNMapShared.framework in Frameworks */,
			);
			runOnlyForDeploymentPostprocessing = 0;
		};
		3222F9232B622E0A0019A079 /* Frameworks */ = {
			isa = PBXFrameworksBuildPhase;
			buildActionMask = 2147483647;
			files = (
			);
			runOnlyForDeploymentPostprocessing = 0;
		};
		3222F92D2B622E0A0019A079 /* Frameworks */ = {
			isa = PBXFrameworksBuildPhase;
			buildActionMask = 2147483647;
			files = (
			);
			runOnlyForDeploymentPostprocessing = 0;
		};
		A312FD782FA3391B0044808E /* Frameworks */ = {
			isa = PBXFrameworksBuildPhase;
			buildActionMask = 2147483647;
			files = (
				A312FE202FA3EC710044808E /* PointNMapShaderTypes.framework in Frameworks */,
				A31DB99E2FA54BEB00DDA385 /* DequeModule in Frameworks */,
			);
			runOnlyForDeploymentPostprocessing = 0;
		};
		A312FD822FA3391C0044808E /* Frameworks */ = {
			isa = PBXFrameworksBuildPhase;
			buildActionMask = 2147483647;
			files = (
				A312FD862FA3391C0044808E /* PointNMapShared.framework in Frameworks */,
			);
			runOnlyForDeploymentPostprocessing = 0;
		};
		A312FE0A2FA3EBE80044808E /* Frameworks */ = {
			isa = PBXFrameworksBuildPhase;
			buildActionMask = 2147483647;
			files = (
			);
			runOnlyForDeploymentPostprocessing = 0;
		};
/* End PBXFrameworksBuildPhase section */

/* Begin PBXGroup section */
		3222F90D2B622DFD0019A079 = {
			isa = PBXGroup;
			children = (
				3222F9182B622DFD0019A079 /* IOSAccessAssessment */,
				3222F9292B622E0A0019A079 /* IOSAccessAssessmentTests */,
				3222F9332B622E0A0019A079 /* IOSAccessAssessmentUITests */,
				A312FD7C2FA3391B0044808E /* PointNMapShared */,
				A312FD8B2FA3391C0044808E /* PointNMapSharedTests */,
				A312FE0E2FA3EBE80044808E /* PointNMapShaderTypes */,
				A312FE1F2FA3EC710044808E /* Frameworks */,
				3222F9172B622DFD0019A079 /* Products */,
			);
			sourceTree = "<group>";
		};
		3222F9172B622DFD0019A079 /* Products */ = {
			isa = PBXGroup;
			children = (
				3222F9162B622DFD0019A079 /* IOSAccessAssessment.app */,
				3222F9262B622E0A0019A079 /* IOSAccessAssessmentTests.xctest */,
				3222F9302B622E0A0019A079 /* IOSAccessAssessmentUITests.xctest */,
				A312FD7B2FA3391B0044808E /* PointNMapShared.framework */,
				A312FD852FA3391C0044808E /* PointNMapSharedTests.xctest */,
				A312FE0D2FA3EBE80044808E /* PointNMapShaderTypes.framework */,
			);
			name = Products;
			sourceTree = "<group>";
		};
		3222F9182B622DFD0019A079 /* IOSAccessAssessment */ = {
			isa = PBXGroup;
			children = (
				A3FE166A2E18DD2A00DAE5BE /* Info.plist */,
				A39C9F392DD9B01200455E45 /* TDEI */,
				A30801512EC0984F00B1BA3A /* AccessibilityFeature */,
				A305B05A2E1887AE00ECCF9B /* LocalDataset */,
				A34B70CC2DDFE638007B191F /* ARCamera */,
				A33EB5AE2F761C83008ABFB7 /* ComputerVision */,
				55659C092BB785EA0094DF01 /* MachineLearning */,
				55659C0E2BB786240094DF01 /* View */,
				55659C0B2BB786050094DF01 /* Shared */,
				3222F91F2B622E090019A079 /* Preview Content */,
				3222F9192B622DFD0019A079 /* IOSAccessAssessmentApp.swift */,
				A3DA4DB42EBAE101005BB812 /* IOSAccessAssessment-Bridging-Header.h */,
				3222F91D2B622E090019A079 /* Assets.xcassets */,
			);
			path = IOSAccessAssessment;
			sourceTree = "<group>";
		};
		3222F91F2B622E090019A079 /* Preview Content */ = {
			isa = PBXGroup;
			children = (
				3222F9202B622E090019A079 /* Preview Assets.xcassets */,
			);
			path = "Preview Content";
			sourceTree = "<group>";
		};
		3222F9292B622E0A0019A079 /* IOSAccessAssessmentTests */ = {
			isa = PBXGroup;
			children = (
				3222F92A2B622E0A0019A079 /* IOSAccessAssessmentTests.swift */,
			);
			path = IOSAccessAssessmentTests;
			sourceTree = "<group>";
		};
		3222F9332B622E0A0019A079 /* IOSAccessAssessmentUITests */ = {
			isa = PBXGroup;
			children = (
				3222F9342B622E0A0019A079 /* IOSAccessAssessmentUITests.swift */,
				3222F9362B622E0A0019A079 /* IOSAccessAssessmentUITestsLaunchTests.swift */,
			);
			path = IOSAccessAssessmentUITests;
			sourceTree = "<group>";
		};
		55659C092BB785EA0094DF01 /* MachineLearning */ = {
			isa = PBXGroup;
			children = (
				A33EB5AD2F761BFC008ABFB7 /* ModelZoo */,
				A3F38C4A2D38A2BF00900547 /* DepthEstimation */,
			);
			path = MachineLearning;
			sourceTree = "<group>";
		};
		55659C0B2BB786050094DF01 /* Shared */ = {
			isa = PBXGroup;
			children = (
				A37E720A2ED571A800CFE4EF /* Definitions */,
				A34509DB2FA1A7A7003157B0 /* Utils */,
				A37E720D2ED5783300CFE4EF /* SharedAppContext.swift */,
				A355471D2EC1A47200F43AFD /* SharedAppData.swift */,
				DAA7F8B42CA38C11003666D8 /* SharedAppConstants.swift */,
			);
			path = Shared;
			sourceTree = "<group>";
		};
		55659C0E2BB786240094DF01 /* View */ = {
			isa = PBXGroup;
			children = (
				A35547CB2EC3018C00F43AFD /* AnnotationView.swift */,
				A3D78D752E654F14003BFE78 /* ProfileView.swift */,
				CAA947752CDE6FBB000C6918 /* LoginView.swift */,
				55659C0F2BB7863F0094DF01 /* SetupView.swift */,
				A3FFAA792DE01A0F002B99BD /* ARCameraView.swift */,
				A35A8BCE2E5D0CCD00CC8AA7 /* WorkspaceSelectionView.swift */,
				A38338C02EDA9E3200F1A402 /* SubView */,
				A3EE6E442F57FE4400F515E6 /* TestMode */,
				CAF812C32CFA108100D44B84 /* ViewModel */,
			);
			path = View;
			sourceTree = "<group>";
		};
		A305B05A2E1887AE00ECCF9B /* LocalDataset */ = {
			isa = PBXGroup;
			children = (
				A37E3E352EED60C100B07B77 /* CHelpers */,
				A37E3E982EFB8F4900B07B77 /* Location */,
				A37E3E962EFB8F1300B07B77 /* Image */,
				A3E162762F3AFC51002D4D08 /* Mesh */,
				A37E3E972EFB8F3800B07B77 /* ARCamera */,
				A37E3E992EFB8F5400B07B77 /* Others */,
				A37E3E9C2EFB8F8400B07B77 /* AccessibilityFeature */,
				A3EE6E4B2F580E2800F515E6 /* DatasetLister.swift */,
				A305B05B2E18882500ECCF9B /* DatasetEncoder.swift */,
				A3EE6E422F57A98A00F515E6 /* DatasetDecoder.swift */,
			);
			path = LocalDataset;
			sourceTree = "<group>";
		};
		A30801512EC0984F00B1BA3A /* AccessibilityFeature */ = {
			isa = PBXGroup;
			children = (
				A322B9012FA53B5D00F4D488 /* Definitions */,
				A312FF282FA4362C0044808E /* AttributeEstimation */,
				A38338C32EDAF25400F1A402 /* Attributes */,
				A30801662EC0AE6B00B1BA3A /* Components */,
				A30801552EC09BA200B1BA3A /* Config */,
			);
			path = AccessibilityFeature;
			sourceTree = "<group>";
		};
		A30801552EC09BA200B1BA3A /* Config */ = {
			isa = PBXGroup;
			children = (
				A312FF222FA4304D0044808E /* AccessibilityFeatureKindExtension.swift */,
				A329433D2EE7BF0200C4C1BC /* Others */,
			);
			path = Config;
			sourceTree = "<group>";
		};
		A30801662EC0AE6B00B1BA3A /* Components */ = {
			isa = PBXGroup;
			children = (
				A329433B2EE7BEDD00C4C1BC /* OSWPolicy.swift */,
			);
			path = Components;
			sourceTree = "<group>";
		};
		A312FE1F2FA3EC710044808E /* Frameworks */ = {
			isa = PBXGroup;
			children = (
			);
			name = Frameworks;
			sourceTree = "<group>";
		};
		A312FF282FA4362C0044808E /* AttributeEstimation */ = {
			isa = PBXGroup;
			children = (
				A312FF292FA436390044808E /* Extensions */,
			);
			path = AttributeEstimation;
			sourceTree = "<group>";
		};
		A312FF292FA436390044808E /* Extensions */ = {
			isa = PBXGroup;
			children = (
				A312FF2A2FA436C60044808E /* IsExistingExtension.swift */,
			);
			path = Extensions;
			sourceTree = "<group>";
		};
		A322B9012FA53B5D00F4D488 /* Definitions */ = {
			isa = PBXGroup;
			children = (
				A322B8082FA5287300F4D488 /* MappedAccessibilityFeature.swift */,
				A322B9032FA53B6800F4D488 /* MappedEditableAccessibilityFeature.swift */,
			);
			path = Definitions;
			sourceTree = "<group>";
		};
		A329433D2EE7BF0200C4C1BC /* Others */ = {
			isa = PBXGroup;
			children = (
				A30801562EC09BB700B1BA3A /* VOCClassConfig.swift */,
				A30801572EC09BB700B1BA3A /* CityscapesClassConfig.swift */,
				A30801582EC09BB700B1BA3A /* CityscapesSubsetClassConfig.swift */,
				A30801592EC09BB700B1BA3A /* CocoCustom53ClassConfig.swift */,
				A308015A2EC09BB700B1BA3A /* CocoCustom35ClassConfig.swift */,
			);
			path = Others;
			sourceTree = "<group>";
		};
		A33EB5AC2F761B5D008ABFB7 /* Definitions */ = {
			isa = PBXGroup;
			children = (
				CAF812BB2CF78F7C00D44B84 /* NetworkError.swift */,
			);
			path = Definitions;
			sourceTree = "<group>";
		};
		A33EB5AD2F761BFC008ABFB7 /* ModelZoo */ = {
			isa = PBXGroup;
			children = (
				A3A413A82ECF947C0039298C /* DepthEstimation */,
				A3A413A72ECF94690039298C /* SemanticSegmentation */,
			);
			path = ModelZoo;
			sourceTree = "<group>";
		};
		A33EB5AE2F761C83008ABFB7 /* ComputerVision */ = {
			isa = PBXGroup;
			children = (
				DAA7F8C62CA76514003666D8 /* Image */,
			);
			path = ComputerVision;
			sourceTree = "<group>";
		};
		A34509DB2FA1A7A7003157B0 /* Utils */ = {
			isa = PBXGroup;
			children = (
			);
			path = Utils;
			sourceTree = "<group>";
		};
		A34B70CC2DDFE638007B191F /* ARCamera */ = {
			isa = PBXGroup;
			children = (
				A3EE6E4D2F5A258700F515E6 /* TestCameraManager.swift */,
				A3EE6E4F2F5A3EF100F515E6 /* TestCameraViewController.swift */,
			);
			path = ARCamera;
			sourceTree = "<group>";
		};
		A35E05112EDE7435003C26CF /* Config */ = {
			isa = PBXGroup;
			children = (
				A39C9F3C2DD9BE2600455E45 /* APIConstants.swift */,
				A3420F1B2E8D82E400CD617E /* APIEnvironment.swift */,
				A33EB5AA2F76080B008ABFB7 /* APIEndpoint.swift */,
			);
			path = Config;
			sourceTree = "<group>";
		};
		A35E05122EDE7446003C26CF /* Services */ = {
			isa = PBXGroup;
			children = (
				CA924A922CEB9AB000FCA928 /* ChangesetService.swift */,
				A35A8BD02E5D0D0D00CC8AA7 /* WorkspaceService.swift */,
			);
			path = Services;
			sourceTree = "<group>";
		};
		A35E05142EDE7494003C26CF /* Transmission */ = {
			isa = PBXGroup;
			children = (
				A374B4AE2F8F2CD2003E030D /* Extensions */,
				A35E05152EDEA04B003C26CF /* APIChangesetUploadController.swift */,
				A3EE6E512F5F9F1100F515E6 /* APITransmissionHelpers.swift */,
			);
			path = Transmission;
			sourceTree = "<group>";
		};
		A35E051F2EDFB0AD003C26CF /* OSM */ = {
			isa = PBXGroup;
			children = (
				A32943452EE7C07A00C4C1BC /* MappingGeometryExtension.swift */,
				A39C9F3A2DD9B03000455E45 /* OSMElement.swift */,
				A35E05192EDFB015003C26CF /* OSMPayload.swift */,
				A35E051B2EDFB093003C26CF /* OSMNode.swift */,
				A35E051D2EDFB099003C26CF /* OSMWay.swift */,
				A329434F2EE80EC200C4C1BC /* OSMRelation.swift */,
				A374FAB62EE0173200055268 /* OSMChangesetUploadResponseElement.swift */,
				A3B61FCA2F7903660052AE2C /* OSMMapDataResponse.swift */,
			);
			path = OSM;
			sourceTree = "<group>";
		};
		A362AEC72DB59577002D7598 /* Helpers */ = {
			isa = PBXGroup;
			children = (
				A30646292D614D9400B97D1B /* ImageSaver.swift */,
			);
			path = Helpers;
			sourceTree = "<group>";
		};
		A374B4AE2F8F2CD2003E030D /* Extensions */ = {
			isa = PBXGroup;
			children = (
			);
			path = Extensions;
			sourceTree = "<group>";
		};
		A37E3E352EED60C100B07B77 /* CHelpers */ = {
			isa = PBXGroup;
			children = (
				A37E3E382EED60F300B07B77 /* lodepng.h */,
				A37E3E392EED60F300B07B77 /* lodepng.cpp */,
				A37E3E3A2EED60F300B07B77 /* PngEncoder.h */,
				A37E3E3B2EED60F300B07B77 /* PngEncoder.mm */,
				A3E6D2312F4649AD00DAF88E /* PngDecoder.h */,
				A3E6D2322F464A2700DAF88E /* PngDecoder.mm */,
			);
			path = CHelpers;
			sourceTree = "<group>";
		};
		A37E3E962EFB8F1300B07B77 /* Image */ = {
			isa = PBXGroup;
			children = (
				A3FE16622E18BAE900DAE5BE /* ConfidenceEncoder.swift */,
				A3FE16602E18BA5600DAE5BE /* RGBCoder.swift */,
				A3FE166D2E1C2AEF00DAE5BE /* SegmentationEncoder.swift */,
				A305B06B2E18A85D00ECCF9B /* DepthCoder.swift */,
			);
			path = Image;
			sourceTree = "<group>";
		};
		A37E3E972EFB8F3800B07B77 /* ARCamera */ = {
			isa = PBXGroup;
			children = (
				A3FE16642E18C53D00DAE5BE /* CameraTransformCoder.swift */,
				A37E3E942EFB66E600B07B77 /* CameraIntrinsicsCoder.swift */,
			);
			path = ARCamera;
			sourceTree = "<group>";
		};
		A37E3E982EFB8F4900B07B77 /* Location */ = {
			isa = PBXGroup;
			children = (
				A3FE16662E18C81500DAE5BE /* LocationCoder.swift */,
				A37E3E9A2EFB8F7200B07B77 /* HeadingCoder.swift */,
			);
			path = Location;
			sourceTree = "<group>";
		};
		A37E3E992EFB8F5400B07B77 /* Others */ = {
			isa = PBXGroup;
			children = (
				A3FE166B2E1C29C800DAE5BE /* OtherDetailsCoder.swift */,
			);
			path = Others;
			sourceTree = "<group>";
		};
		A37E3E9C2EFB8F8400B07B77 /* AccessibilityFeature */ = {
			isa = PBXGroup;
			children = (
				A37E3EA12EFBACF300B07B77 /* Components */,
				A3BCBC4F2EFBB92500D15E15 /* AccessibilityFeatureEncoder.swift */,
			);
			path = AccessibilityFeature;
			sourceTree = "<group>";
		};
		A37E3EA12EFBACF300B07B77 /* Components */ = {
			isa = PBXGroup;
			children = (
				A37E3E9D2EFBAA7D00B07B77 /* AccessibilityFeatureSnapshot.swift */,
				A37E3E9F2EFBAADC00B07B77 /* AccessibilityFeatureClassSnapshot.swift */,
			);
			path = Components;
			sourceTree = "<group>";
		};
		A37E720A2ED571A800CFE4EF /* Definitions */ = {
			isa = PBXGroup;
			children = (
				A3EE6E452F57FE6200F515E6 /* AppMode.swift */,
				A35547C72EC1B0D900F43AFD /* CurrentMappedFeaturesData.swift */,
				A374B4AB2F8EF654003E030D /* CurrentMappingData.swift */,
			);
			path = Definitions;
			sourceTree = "<group>";
		};
		A38338C02EDA9E3200F1A402 /* SubView */ = {
			isa = PBXGroup;
			children = (
				A38338C12EDA9E6500F1A402 /* AnnotationFeatureDetailView.swift */,
			);
			path = SubView;
			sourceTree = "<group>";
		};
		A38338C32EDAF25400F1A402 /* Attributes */ = {
			isa = PBXGroup;
			children = (
				A308016B2EC15CBA00B1BA3A /* AccessibilityFeatureAttributeExtension.swift */,
			);
			path = Attributes;
			sourceTree = "<group>";
		};
		A39C9F392DD9B01200455E45 /* TDEI */ = {
			isa = PBXGroup;
			children = (
				CAA947772CDE7001000C6918 /* Auth */,
				A33EB5AC2F761B5D008ABFB7 /* Definitions */,
				A3A739432DD4BA330073C7D2 /* Helpers */,
				A35E051F2EDFB0AD003C26CF /* OSM */,
				A3A45F0F2EE7BD9C0029F5AE /* OSW */,
				A35E05112EDE7435003C26CF /* Config */,
				A35E05122EDE7446003C26CF /* Services */,
				A35E05142EDE7494003C26CF /* Transmission */,
			);
			path = TDEI;
			sourceTree = "<group>";
		};
		A3A413A72ECF94690039298C /* SemanticSegmentation */ = {
			isa = PBXGroup;
			children = (
				A36C6E012E134CE600A86004 /* bisenetv2_35_640_640.mlpackage */,
				A3FFAA822DE5253E002B99BD /* bisenetv2_53_640_640.mlpackage */,
				A3471B9F2DAF7ABF00FEB845 /* bisenetv2.mlpackage */,
				3222F94B2B62FF2E0019A079 /* espnetv2_pascal_256.mlmodel */,
			);
			path = SemanticSegmentation;
			sourceTree = "<group>";
		};
		A3A413A82ECF947C0039298C /* DepthEstimation */ = {
			isa = PBXGroup;
			children = (
				A3F27DB22D34E07C0071D6F3 /* DepthAnythingV2SmallF16.mlpackage */,
			);
			path = DepthEstimation;
			sourceTree = "<group>";
		};
		A3A45F0F2EE7BD9C0029F5AE /* OSW */ = {
			isa = PBXGroup;
			children = (
				A329434B2EE7CFE600C4C1BC /* OSWField.swift */,
				A32943472EE7C0D800C4C1BC /* OSWElementClass.swift */,
				A32943522EE814A700C4C1BC /* OSWElement.swift */,
				A32943542EE8186C00C4C1BC /* OSWPoint.swift */,
				A32943562EE81BF700C4C1BC /* OSWLineString.swift */,
				A32943582EE8204400C4C1BC /* OSWPolygon.swift */,
				A32D66522F7C3F2F00DC4173 /* OSWMultiPolygon.swift */,
			);
			path = OSW;
			sourceTree = "<group>";
		};
		A3A739432DD4BA330073C7D2 /* Helpers */ = {
			isa = PBXGroup;
			children = (
				A3A739442DD4BA3B0073C7D2 /* CustomXMLParser.swift */,
			);
			path = Helpers;
			sourceTree = "<group>";
		};
		A3E162762F3AFC51002D4D08 /* Mesh */ = {
			isa = PBXGroup;
			children = (
				A3E162772F3AFC63002D4D08 /* MeshCoder.swift */,
			);
			path = Mesh;
			sourceTree = "<group>";
		};
		A3EE6E442F57FE4400F515E6 /* TestMode */ = {
			isa = PBXGroup;
			children = (
				A3EE6E472F580D0A00F515E6 /* TestListView.swift */,
				A3EE6E492F580D6000F515E6 /* TestCameraView.swift */,
			);
			path = TestMode;
			sourceTree = "<group>";
		};
		A3F38C4A2D38A2BF00900547 /* DepthEstimation */ = {
			isa = PBXGroup;
			children = (
				A3F38C4B2D38A2C500900547 /* DepthModel.swift */,
			);
			path = DepthEstimation;
			sourceTree = "<group>";
		};
		CAA947772CDE7001000C6918 /* Auth */ = {
			isa = PBXGroup;
			children = (
				A3B61FC42F7647FC0052AE2C /* EnvironmentService.swift */,
				CAA9477A2CDE70D5000C6918 /* KeychainService.swift */,
				CAA947782CDE7007000C6918 /* AuthService.swift */,
			);
			path = Auth;
			sourceTree = "<group>";
		};
		CAF812C32CFA108100D44B84 /* ViewModel */ = {
			isa = PBXGroup;
			children = (
				A3D78D732E65108A003BFE78 /* WorkspaceViewModel.swift */,
				CAF812C22CFA108100D44B84 /* UserStateViewModel.swift */,
			);
			path = ViewModel;
			sourceTree = "<group>";
		};
		DAA7F8C62CA76514003666D8 /* Image */ = {
			isa = PBXGroup;
			children = (
				A362AEC72DB59577002D7598 /* Helpers */,
			);
			path = Image;
			sourceTree = "<group>";
		};
/* End PBXGroup section */

/* Begin PBXHeadersBuildPhase section */
		A312FD762FA3391B0044808E /* Headers */ = {
			isa = PBXHeadersBuildPhase;
			buildActionMask = 2147483647;
			files = (
			);
			runOnlyForDeploymentPostprocessing = 0;
		};
		A312FE082FA3EBE80044808E /* Headers */ = {
			isa = PBXHeadersBuildPhase;
			buildActionMask = 2147483647;
			files = (
			);
			runOnlyForDeploymentPostprocessing = 0;
		};
/* End PBXHeadersBuildPhase section */

/* Begin PBXNativeTarget section */
		3222F9152B622DFD0019A079 /* IOSAccessAssessment */ = {
			isa = PBXNativeTarget;
			buildConfigurationList = 3222F93A2B622E0A0019A079 /* Build configuration list for PBXNativeTarget "IOSAccessAssessment" */;
			buildPhases = (
				3222F9122B622DFD0019A079 /* Sources */,
				3222F9132B622DFD0019A079 /* Frameworks */,
				3222F9142B622DFD0019A079 /* Resources */,
				A30646282D60486900B97D1B /* Embed Frameworks */,
			);
			buildRules = (
			);
			dependencies = (
				A312FD8F2FA3391C0044808E /* PBXTargetDependency */,
				A312FE142FA3EBE80044808E /* PBXTargetDependency */,
			);
			name = IOSAccessAssessment;
			productName = IOSAccessAssessment;
			productReference = 3222F9162B622DFD0019A079 /* IOSAccessAssessment.app */;
			productType = "com.apple.product-type.application";
		};
		3222F9252B622E0A0019A079 /* IOSAccessAssessmentTests */ = {
			isa = PBXNativeTarget;
			buildConfigurationList = 3222F93D2B622E0A0019A079 /* Build configuration list for PBXNativeTarget "IOSAccessAssessmentTests" */;
			buildPhases = (
				3222F9222B622E0A0019A079 /* Sources */,
				3222F9232B622E0A0019A079 /* Frameworks */,
				3222F9242B622E0A0019A079 /* Resources */,
			);
			buildRules = (
			);
			dependencies = (
				3222F9282B622E0A0019A079 /* PBXTargetDependency */,
			);
			name = IOSAccessAssessmentTests;
			productName = IOSAccessAssessmentTests;
			productReference = 3222F9262B622E0A0019A079 /* IOSAccessAssessmentTests.xctest */;
			productType = "com.apple.product-type.bundle.unit-test";
		};
		3222F92F2B622E0A0019A079 /* IOSAccessAssessmentUITests */ = {
			isa = PBXNativeTarget;
			buildConfigurationList = 3222F9402B622E0A0019A079 /* Build configuration list for PBXNativeTarget "IOSAccessAssessmentUITests" */;
			buildPhases = (
				3222F92C2B622E0A0019A079 /* Sources */,
				3222F92D2B622E0A0019A079 /* Frameworks */,
				3222F92E2B622E0A0019A079 /* Resources */,
			);
			buildRules = (
			);
			dependencies = (
				3222F9322B622E0A0019A079 /* PBXTargetDependency */,
			);
			name = IOSAccessAssessmentUITests;
			productName = IOSAccessAssessmentUITests;
			productReference = 3222F9302B622E0A0019A079 /* IOSAccessAssessmentUITests.xctest */;
			productType = "com.apple.product-type.bundle.ui-testing";
		};
		A312FD7A2FA3391B0044808E /* PointNMapShared */ = {
			isa = PBXNativeTarget;
			buildConfigurationList = A312FD922FA3391C0044808E /* Build configuration list for PBXNativeTarget "PointNMapShared" */;
			buildPhases = (
				A312FD762FA3391B0044808E /* Headers */,
				A312FD772FA3391B0044808E /* Sources */,
				A312FD782FA3391B0044808E /* Frameworks */,
				A312FD792FA3391B0044808E /* Resources */,
			);
			buildRules = (
			);
			dependencies = (
				A312FE1E2FA3EC5C0044808E /* PBXTargetDependency */,
			);
			fileSystemSynchronizedGroups = (
				A312FD7C2FA3391B0044808E /* PointNMapShared */,
			);
			name = PointNMapShared;
			packageProductDependencies = (
				A31DB99D2FA54BEB00DDA385 /* DequeModule */,
			);
			productName = PointNMapShared;
			productReference = A312FD7B2FA3391B0044808E /* PointNMapShared.framework */;
			productType = "com.apple.product-type.framework";
		};
		A312FD842FA3391C0044808E /* PointNMapSharedTests */ = {
			isa = PBXNativeTarget;
			buildConfigurationList = A312FD952FA3391C0044808E /* Build configuration list for PBXNativeTarget "PointNMapSharedTests" */;
			buildPhases = (
				A312FD812FA3391C0044808E /* Sources */,
				A312FD822FA3391C0044808E /* Frameworks */,
				A312FD832FA3391C0044808E /* Resources */,
			);
			buildRules = (
			);
			dependencies = (
				A312FD882FA3391C0044808E /* PBXTargetDependency */,
				A312FD8A2FA3391C0044808E /* PBXTargetDependency */,
			);
			fileSystemSynchronizedGroups = (
				A312FD8B2FA3391C0044808E /* PointNMapSharedTests */,
			);
			name = PointNMapSharedTests;
			packageProductDependencies = (
			);
			productName = PointNMapSharedTests;
			productReference = A312FD852FA3391C0044808E /* PointNMapSharedTests.xctest */;
			productType = "com.apple.product-type.bundle.unit-test";
		};
		A312FE0C2FA3EBE80044808E /* PointNMapShaderTypes */ = {
			isa = PBXNativeTarget;
			buildConfigurationList = A312FE182FA3EBE80044808E /* Build configuration list for PBXNativeTarget "PointNMapShaderTypes" */;
			buildPhases = (
				A312FE082FA3EBE80044808E /* Headers */,
				A312FE092FA3EBE80044808E /* Sources */,
				A312FE0A2FA3EBE80044808E /* Frameworks */,
				A312FE0B2FA3EBE80044808E /* Resources */,
			);
			buildRules = (
			);
			dependencies = (
			);
			fileSystemSynchronizedGroups = (
				A312FE0E2FA3EBE80044808E /* PointNMapShaderTypes */,
			);
			name = PointNMapShaderTypes;
			packageProductDependencies = (
			);
			productName = PointNMapShaderTypes;
			productReference = A312FE0D2FA3EBE80044808E /* PointNMapShaderTypes.framework */;
			productType = "com.apple.product-type.framework";
		};
/* End PBXNativeTarget section */

/* Begin PBXProject section */
		3222F90E2B622DFD0019A079 /* Project object */ = {
			isa = PBXProject;
			attributes = {
				BuildIndependentTargetsInParallel = 1;
				LastSwiftUpdateCheck = 2600;
				LastUpgradeCheck = 1520;
				TargetAttributes = {
					3222F9152B622DFD0019A079 = {
						CreatedOnToolsVersion = 15.2;
						LastSwiftMigration = 2600;
					};
					3222F9252B622E0A0019A079 = {
						CreatedOnToolsVersion = 15.2;
						TestTargetID = 3222F9152B622DFD0019A079;
					};
					3222F92F2B622E0A0019A079 = {
						CreatedOnToolsVersion = 15.2;
						TestTargetID = 3222F9152B622DFD0019A079;
					};
					A312FD7A2FA3391B0044808E = {
						CreatedOnToolsVersion = 26.0.1;
					};
					A312FD842FA3391C0044808E = {
						CreatedOnToolsVersion = 26.0.1;
						TestTargetID = 3222F9152B622DFD0019A079;
					};
					A312FE0C2FA3EBE80044808E = {
						CreatedOnToolsVersion = 26.0.1;
					};
				};
			};
			buildConfigurationList = 3222F9112B622DFD0019A079 /* Build configuration list for PBXProject "IOSAccessAssessment" */;
			compatibilityVersion = "Xcode 14.0";
			developmentRegion = en;
			hasScannedForEncodings = 0;
			knownRegions = (
				en,
				Base,
			);
			mainGroup = 3222F90D2B622DFD0019A079;
			packageReferences = (
				CAF812C12CFA0FD400D44B84 /* XCRemoteSwiftPackageReference "swift-collections" */,
			);
			productRefGroup = 3222F9172B622DFD0019A079 /* Products */;
			projectDirPath = "";
			projectRoot = "";
			targets = (
				3222F9152B622DFD0019A079 /* IOSAccessAssessment */,
				3222F9252B622E0A0019A079 /* IOSAccessAssessmentTests */,
				3222F92F2B622E0A0019A079 /* IOSAccessAssessmentUITests */,
				A312FD7A2FA3391B0044808E /* PointNMapShared */,
				A312FD842FA3391C0044808E /* PointNMapSharedTests */,
				A312FE0C2FA3EBE80044808E /* PointNMapShaderTypes */,
			);
		};
/* End PBXProject section */

/* Begin PBXResourcesBuildPhase section */
		3222F9142B622DFD0019A079 /* Resources */ = {
			isa = PBXResourcesBuildPhase;
			buildActionMask = 2147483647;
			files = (
				DA6332E72BAE3998009C80F9 /* espnetv2_pascal_256.mlmodel in Resources */,
				3222F9212B622E090019A079 /* Preview Assets.xcassets in Resources */,
				3222F91E2B622E090019A079 /* Assets.xcassets in Resources */,
			);
			runOnlyForDeploymentPostprocessing = 0;
		};
		3222F9242B622E0A0019A079 /* Resources */ = {
			isa = PBXResourcesBuildPhase;
			buildActionMask = 2147483647;
			files = (
			);
			runOnlyForDeploymentPostprocessing = 0;
		};
		3222F92E2B622E0A0019A079 /* Resources */ = {
			isa = PBXResourcesBuildPhase;
			buildActionMask = 2147483647;
			files = (
			);
			runOnlyForDeploymentPostprocessing = 0;
		};
		A312FD792FA3391B0044808E /* Resources */ = {
			isa = PBXResourcesBuildPhase;
			buildActionMask = 2147483647;
			files = (
			);
			runOnlyForDeploymentPostprocessing = 0;
		};
		A312FD832FA3391C0044808E /* Resources */ = {
			isa = PBXResourcesBuildPhase;
			buildActionMask = 2147483647;
			files = (
			);
			runOnlyForDeploymentPostprocessing = 0;
		};
		A312FE0B2FA3EBE80044808E /* Resources */ = {
			isa = PBXResourcesBuildPhase;
			buildActionMask = 2147483647;
			files = (
			);
			runOnlyForDeploymentPostprocessing = 0;
		};
/* End PBXResourcesBuildPhase section */

/* Begin PBXSourcesBuildPhase section */
		3222F9122B622DFD0019A079 /* Sources */ = {
			isa = PBXSourcesBuildPhase;
			buildActionMask = 2147483647;
			files = (
				A3FE16632E18BAEB00DAE5BE /* ConfidenceEncoder.swift in Sources */,
				A355471E2EC1A47400F43AFD /* SharedAppData.swift in Sources */,
				CAF812C42CFA108100D44B84 /* UserStateViewModel.swift in Sources */,
				A37E3E3C2EED60F300B07B77 /* PngEncoder.mm in Sources */,
				A322B9052FA53B9B00F4D488 /* MappedAccessibilityFeature.swift in Sources */,
				A37E3E3D2EED60F300B07B77 /* lodepng.cpp in Sources */,
				A3FE166C2E1C29CB00DAE5BE /* OtherDetailsCoder.swift in Sources */,
				A306462A2D614D9600B97D1B /* ImageSaver.swift in Sources */,
				A33EB5AB2F76080E008ABFB7 /* APIEndpoint.swift in Sources */,
				A32943502EE80EC400C4C1BC /* OSMRelation.swift in Sources */,
				A308015C2EC09BB700B1BA3A /* CityscapesClassConfig.swift in Sources */,
				A308015D2EC09BB700B1BA3A /* CityscapesSubsetClassConfig.swift in Sources */,
				A35547C82EC1B0DB00F43AFD /* CurrentMappedFeaturesData.swift in Sources */,
				A37E3EA02EFBAADD00B07B77 /* AccessibilityFeatureClassSnapshot.swift in Sources */,
				A322B9042FA53B6F00F4D488 /* MappedEditableAccessibilityFeature.swift in Sources */,
				A3EE6E462F57FE6400F515E6 /* AppMode.swift in Sources */,
				A308015E2EC09BB700B1BA3A /* CocoCustom35ClassConfig.swift in Sources */,
				A3E162782F3AFC66002D4D08 /* MeshCoder.swift in Sources */,
				A3E6D2332F464A2D00DAF88E /* PngDecoder.mm in Sources */,
				A30801602EC09BB700B1BA3A /* VOCClassConfig.swift in Sources */,
				A35E051A2EDFB017003C26CF /* OSMPayload.swift in Sources */,
				A30801612EC09BB700B1BA3A /* CocoCustom53ClassConfig.swift in Sources */,
				A374FAB72EE0173600055268 /* OSMChangesetUploadResponseElement.swift in Sources */,
				A3EE6E4A2F580D6200F515E6 /* TestCameraView.swift in Sources */,
				A329433C2EE7BEE100C4C1BC /* OSWPolicy.swift in Sources */,
				A32943592EE8204400C4C1BC /* OSWPolygon.swift in Sources */,
				A3B61FCB2F79036A0052AE2C /* OSMMapDataResponse.swift in Sources */,
				CAF812BC2CF78F8100D44B84 /* NetworkError.swift in Sources */,
				A305B06C2E18A85F00ECCF9B /* DepthCoder.swift in Sources */,
				A312FF2B2FA436CB0044808E /* IsExistingExtension.swift in Sources */,
				A308016C2EC15CC400B1BA3A /* AccessibilityFeatureAttributeExtension.swift in Sources */,
				A35E05162EDEA050003C26CF /* APIChangesetUploadController.swift in Sources */,
				A36C6E022E134CE600A86004 /* bisenetv2_35_640_640.mlpackage in Sources */,
				A35547CC2EC3018E00F43AFD /* AnnotationView.swift in Sources */,
				A3FE16612E18BA5900DAE5BE /* RGBCoder.swift in Sources */,
				CA924A932CEB9AB000FCA928 /* ChangesetService.swift in Sources */,
				A3A739452DD4BA3F0073C7D2 /* CustomXMLParser.swift in Sources */,
				A35E051C2EDFB094003C26CF /* OSMNode.swift in Sources */,
				A32D66532F7C3F2F00DC4173 /* OSWMultiPolygon.swift in Sources */,
				A35A8BD12E5D0D1200CC8AA7 /* WorkspaceService.swift in Sources */,
				CAA947792CDE700A000C6918 /* AuthService.swift in Sources */,
				A37E720E2ED5783600CFE4EF /* SharedAppContext.swift in Sources */,
				A3F38C4C2D38A2C700900547 /* DepthModel.swift in Sources */,
				55659C102BB7863F0094DF01 /* SetupView.swift in Sources */,
				A3F27DB42D34E07C0071D6F3 /* DepthAnythingV2SmallF16.mlpackage in Sources */,
				A3EE6E482F580D0D00F515E6 /* TestListView.swift in Sources */,
				A312FF232FA430510044808E /* AccessibilityFeatureKindExtension.swift in Sources */,
				A3EE6E4C2F580E2B00F515E6 /* DatasetLister.swift in Sources */,
				A3FE16652E18C54000DAE5BE /* CameraTransformCoder.swift in Sources */,
				A3D78D762E654F18003BFE78 /* ProfileView.swift in Sources */,
				CAA9477B2CDE70D9000C6918 /* KeychainService.swift in Sources */,
				A32943552EE8186E00C4C1BC /* OSWPoint.swift in Sources */,
				CAA947762CDE6FBD000C6918 /* LoginView.swift in Sources */,
				3222F91A2B622DFD0019A079 /* IOSAccessAssessmentApp.swift in Sources */,
				A32943572EE81BF700C4C1BC /* OSWLineString.swift in Sources */,
				A35A8BCF2E5D0CD100CC8AA7 /* WorkspaceSelectionView.swift in Sources */,
				A32943532EE814A700C4C1BC /* OSWElement.swift in Sources */,
				A32943482EE7C0DD00C4C1BC /* OSWElementClass.swift in Sources */,
				A3EE6E432F57A98A00F515E6 /* DatasetDecoder.swift in Sources */,
				A3EE6E4E2F5A258B00F515E6 /* TestCameraManager.swift in Sources */,
				A329434C2EE7CFE800C4C1BC /* OSWField.swift in Sources */,
				A39C9F3B2DD9B03300455E45 /* OSMElement.swift in Sources */,
				A39C9F3D2DD9BE2800455E45 /* APIConstants.swift in Sources */,
				A38338C22EDA9E6F00F1A402 /* AnnotationFeatureDetailView.swift in Sources */,
				A3D78D742E65108E003BFE78 /* WorkspaceViewModel.swift in Sources */,
				A3471BA02DAF7ABF00FEB845 /* bisenetv2.mlpackage in Sources */,
				A35E051E2EDFB09A003C26CF /* OSMWay.swift in Sources */,
				A37E3E9B2EFB8F7500B07B77 /* HeadingCoder.swift in Sources */,
				A305B05C2E18882800ECCF9B /* DatasetEncoder.swift in Sources */,
				A37E3E952EFB66EB00B07B77 /* CameraIntrinsicsCoder.swift in Sources */,
				A3BCBC502EFBB92900D15E15 /* AccessibilityFeatureEncoder.swift in Sources */,
				A3EE6E522F5F9F1600F515E6 /* APITransmissionHelpers.swift in Sources */,
				A3EE6E502F5A3EF100F515E6 /* TestCameraViewController.swift in Sources */,
				A3420F1C2E8D82E700CD617E /* APIEnvironment.swift in Sources */,
				A374B4AC2F8EF654003E030D /* CurrentMappingData.swift in Sources */,
				A3B61FC52F76480B0052AE2C /* EnvironmentService.swift in Sources */,
				A3FE16672E18C81800DAE5BE /* LocationCoder.swift in Sources */,
				A3FFAA832DE5253E002B99BD /* bisenetv2_53_640_640.mlpackage in Sources */,
				A3FFAA7A2DE01A0F002B99BD /* ARCameraView.swift in Sources */,
				A37E3E9E2EFBAA8700B07B77 /* AccessibilityFeatureSnapshot.swift in Sources */,
				A3FE166E2E1C2AF200DAE5BE /* SegmentationEncoder.swift in Sources */,
				A32943462EE7C07E00C4C1BC /* MappingGeometryExtension.swift in Sources */,
				DAA7F8B52CA38C11003666D8 /* SharedAppConstants.swift in Sources */,
			);
			runOnlyForDeploymentPostprocessing = 0;
		};
		3222F9222B622E0A0019A079 /* Sources */ = {
			isa = PBXSourcesBuildPhase;
			buildActionMask = 2147483647;
			files = (
				3222F92B2B622E0A0019A079 /* IOSAccessAssessmentTests.swift in Sources */,
			);
			runOnlyForDeploymentPostprocessing = 0;
		};
		3222F92C2B622E0A0019A079 /* Sources */ = {
			isa = PBXSourcesBuildPhase;
			buildActionMask = 2147483647;
			files = (
				3222F9372B622E0A0019A079 /* IOSAccessAssessmentUITestsLaunchTests.swift in Sources */,
				3222F9352B622E0A0019A079 /* IOSAccessAssessmentUITests.swift in Sources */,
			);
			runOnlyForDeploymentPostprocessing = 0;
		};
		A312FD772FA3391B0044808E /* Sources */ = {
			isa = PBXSourcesBuildPhase;
			buildActionMask = 2147483647;
			files = (
			);
			runOnlyForDeploymentPostprocessing = 0;
		};
		A312FD812FA3391C0044808E /* Sources */ = {
			isa = PBXSourcesBuildPhase;
			buildActionMask = 2147483647;
			files = (
			);
			runOnlyForDeploymentPostprocessing = 0;
		};
		A312FE092FA3EBE80044808E /* Sources */ = {
			isa = PBXSourcesBuildPhase;
			buildActionMask = 2147483647;
			files = (
			);
			runOnlyForDeploymentPostprocessing = 0;
		};
/* End PBXSourcesBuildPhase section */

/* Begin PBXTargetDependency section */
		3222F9282B622E0A0019A079 /* PBXTargetDependency */ = {
			isa = PBXTargetDependency;
			target = 3222F9152B622DFD0019A079 /* IOSAccessAssessment */;
			targetProxy = 3222F9272B622E0A0019A079 /* PBXContainerItemProxy */;
		};
		3222F9322B622E0A0019A079 /* PBXTargetDependency */ = {
			isa = PBXTargetDependency;
			target = 3222F9152B622DFD0019A079 /* IOSAccessAssessment */;
			targetProxy = 3222F9312B622E0A0019A079 /* PBXContainerItemProxy */;
		};
		A312FD882FA3391C0044808E /* PBXTargetDependency */ = {
			isa = PBXTargetDependency;
			target = A312FD7A2FA3391B0044808E /* PointNMapShared */;
			targetProxy = A312FD872FA3391C0044808E /* PBXContainerItemProxy */;
		};
		A312FD8A2FA3391C0044808E /* PBXTargetDependency */ = {
			isa = PBXTargetDependency;
			target = 3222F9152B622DFD0019A079 /* IOSAccessAssessment */;
			targetProxy = A312FD892FA3391C0044808E /* PBXContainerItemProxy */;
		};
		A312FD8F2FA3391C0044808E /* PBXTargetDependency */ = {
			isa = PBXTargetDependency;
			target = A312FD7A2FA3391B0044808E /* PointNMapShared */;
			targetProxy = A312FD8E2FA3391C0044808E /* PBXContainerItemProxy */;
		};
		A312FE142FA3EBE80044808E /* PBXTargetDependency */ = {
			isa = PBXTargetDependency;
			target = A312FE0C2FA3EBE80044808E /* PointNMapShaderTypes */;
			targetProxy = A312FE132FA3EBE80044808E /* PBXContainerItemProxy */;
		};
		A312FE1E2FA3EC5C0044808E /* PBXTargetDependency */ = {
			isa = PBXTargetDependency;
			target = A312FE0C2FA3EBE80044808E /* PointNMapShaderTypes */;
			targetProxy = A312FE1D2FA3EC5C0044808E /* PBXContainerItemProxy */;
		};
/* End PBXTargetDependency section */

/* Begin XCBuildConfiguration section */
		3222F9382B622E0A0019A079 /* Debug */ = {
			isa = XCBuildConfiguration;
			buildSettings = {
				ALWAYS_SEARCH_USER_PATHS = NO;
				ASSETCATALOG_COMPILER_GENERATE_SWIFT_ASSET_SYMBOL_EXTENSIONS = YES;
				CLANG_ANALYZER_NONNULL = YES;
				CLANG_ANALYZER_NUMBER_OBJECT_CONVERSION = YES_AGGRESSIVE;
				CLANG_CXX_LANGUAGE_STANDARD = "gnu++20";
				CLANG_ENABLE_MODULES = YES;
				CLANG_ENABLE_OBJC_ARC = YES;
				CLANG_ENABLE_OBJC_WEAK = YES;
				CLANG_WARN_BLOCK_CAPTURE_AUTORELEASING = YES;
				CLANG_WARN_BOOL_CONVERSION = YES;
				CLANG_WARN_COMMA = YES;
				CLANG_WARN_CONSTANT_CONVERSION = YES;
				CLANG_WARN_DEPRECATED_OBJC_IMPLEMENTATIONS = YES;
				CLANG_WARN_DIRECT_OBJC_ISA_USAGE = YES_ERROR;
				CLANG_WARN_DOCUMENTATION_COMMENTS = YES;
				CLANG_WARN_EMPTY_BODY = YES;
				CLANG_WARN_ENUM_CONVERSION = YES;
				CLANG_WARN_INFINITE_RECURSION = YES;
				CLANG_WARN_INT_CONVERSION = YES;
				CLANG_WARN_NON_LITERAL_NULL_CONVERSION = YES;
				CLANG_WARN_OBJC_IMPLICIT_RETAIN_SELF = YES;
				CLANG_WARN_OBJC_LITERAL_CONVERSION = YES;
				CLANG_WARN_OBJC_ROOT_CLASS = YES_ERROR;
				CLANG_WARN_QUOTED_INCLUDE_IN_FRAMEWORK_HEADER = YES;
				CLANG_WARN_RANGE_LOOP_ANALYSIS = YES;
				CLANG_WARN_STRICT_PROTOTYPES = YES;
				CLANG_WARN_SUSPICIOUS_MOVE = YES;
				CLANG_WARN_UNGUARDED_AVAILABILITY = YES_AGGRESSIVE;
				CLANG_WARN_UNREACHABLE_CODE = YES;
				CLANG_WARN__DUPLICATE_METHOD_MATCH = YES;
				COPY_PHASE_STRIP = NO;
				DEBUG_INFORMATION_FORMAT = dwarf;
				ENABLE_STRICT_OBJC_MSGSEND = YES;
				ENABLE_TESTABILITY = YES;
				ENABLE_USER_SCRIPT_SANDBOXING = YES;
				GCC_C_LANGUAGE_STANDARD = gnu17;
				GCC_DYNAMIC_NO_PIC = NO;
				GCC_NO_COMMON_BLOCKS = YES;
				GCC_OPTIMIZATION_LEVEL = 0;
				GCC_PREPROCESSOR_DEFINITIONS = (
					"DEBUG=1",
					"$(inherited)",
				);
				GCC_WARN_64_TO_32_BIT_CONVERSION = YES;
				GCC_WARN_ABOUT_RETURN_TYPE = YES_ERROR;
				GCC_WARN_UNDECLARED_SELECTOR = YES;
				GCC_WARN_UNINITIALIZED_AUTOS = YES_AGGRESSIVE;
				GCC_WARN_UNUSED_FUNCTION = YES;
				GCC_WARN_UNUSED_VARIABLE = YES;
				IPHONEOS_DEPLOYMENT_TARGET = 18.6;
				LOCALIZATION_PREFERS_STRING_CATALOGS = YES;
				MTL_ENABLE_DEBUG_INFO = INCLUDE_SOURCE;
				MTL_FAST_MATH = YES;
				MTL_HEADER_SEARCH_PATHS = "";
				ONLY_ACTIVE_ARCH = YES;
				SDKROOT = iphoneos;
				SWIFT_ACTIVE_COMPILATION_CONDITIONS = "DEBUG $(inherited)";
				SWIFT_OPTIMIZATION_LEVEL = "-Onone";
			};
			name = Debug;
		};
		3222F9392B622E0A0019A079 /* Release */ = {
			isa = XCBuildConfiguration;
			buildSettings = {
				ALWAYS_SEARCH_USER_PATHS = NO;
				ASSETCATALOG_COMPILER_GENERATE_SWIFT_ASSET_SYMBOL_EXTENSIONS = YES;
				CLANG_ANALYZER_NONNULL = YES;
				CLANG_ANALYZER_NUMBER_OBJECT_CONVERSION = YES_AGGRESSIVE;
				CLANG_CXX_LANGUAGE_STANDARD = "gnu++20";
				CLANG_ENABLE_MODULES = YES;
				CLANG_ENABLE_OBJC_ARC = YES;
				CLANG_ENABLE_OBJC_WEAK = YES;
				CLANG_WARN_BLOCK_CAPTURE_AUTORELEASING = YES;
				CLANG_WARN_BOOL_CONVERSION = YES;
				CLANG_WARN_COMMA = YES;
				CLANG_WARN_CONSTANT_CONVERSION = YES;
				CLANG_WARN_DEPRECATED_OBJC_IMPLEMENTATIONS = YES;
				CLANG_WARN_DIRECT_OBJC_ISA_USAGE = YES_ERROR;
				CLANG_WARN_DOCUMENTATION_COMMENTS = YES;
				CLANG_WARN_EMPTY_BODY = YES;
				CLANG_WARN_ENUM_CONVERSION = YES;
				CLANG_WARN_INFINITE_RECURSION = YES;
				CLANG_WARN_INT_CONVERSION = YES;
				CLANG_WARN_NON_LITERAL_NULL_CONVERSION = YES;
				CLANG_WARN_OBJC_IMPLICIT_RETAIN_SELF = YES;
				CLANG_WARN_OBJC_LITERAL_CONVERSION = YES;
				CLANG_WARN_OBJC_ROOT_CLASS = YES_ERROR;
				CLANG_WARN_QUOTED_INCLUDE_IN_FRAMEWORK_HEADER = YES;
				CLANG_WARN_RANGE_LOOP_ANALYSIS = YES;
				CLANG_WARN_STRICT_PROTOTYPES = YES;
				CLANG_WARN_SUSPICIOUS_MOVE = YES;
				CLANG_WARN_UNGUARDED_AVAILABILITY = YES_AGGRESSIVE;
				CLANG_WARN_UNREACHABLE_CODE = YES;
				CLANG_WARN__DUPLICATE_METHOD_MATCH = YES;
				COPY_PHASE_STRIP = NO;
				DEBUG_INFORMATION_FORMAT = "dwarf-with-dsym";
				ENABLE_NS_ASSERTIONS = NO;
				ENABLE_STRICT_OBJC_MSGSEND = YES;
				ENABLE_USER_SCRIPT_SANDBOXING = YES;
				GCC_C_LANGUAGE_STANDARD = gnu17;
				GCC_NO_COMMON_BLOCKS = YES;
				GCC_WARN_64_TO_32_BIT_CONVERSION = YES;
				GCC_WARN_ABOUT_RETURN_TYPE = YES_ERROR;
				GCC_WARN_UNDECLARED_SELECTOR = YES;
				GCC_WARN_UNINITIALIZED_AUTOS = YES_AGGRESSIVE;
				GCC_WARN_UNUSED_FUNCTION = YES;
				GCC_WARN_UNUSED_VARIABLE = YES;
				IPHONEOS_DEPLOYMENT_TARGET = 18.6;
				LOCALIZATION_PREFERS_STRING_CATALOGS = YES;
				MTL_ENABLE_DEBUG_INFO = NO;
				MTL_FAST_MATH = YES;
				MTL_HEADER_SEARCH_PATHS = "";
				SDKROOT = iphoneos;
				SWIFT_COMPILATION_MODE = wholemodule;
				VALIDATE_PRODUCT = YES;
			};
			name = Release;
		};
		3222F93B2B622E0A0019A079 /* Debug */ = {
			isa = XCBuildConfiguration;
			buildSettings = {
				ASSETCATALOG_COMPILER_APPICON_NAME = AppIcon;
				ASSETCATALOG_COMPILER_GLOBAL_ACCENT_COLOR_NAME = AccentColor;
				CLANG_ENABLE_MODULES = YES;
				CODE_SIGN_STYLE = Automatic;
				CURRENT_PROJECT_VERSION = 0;
				DEBUG_INFORMATION_FORMAT = dwarf;
				DEVELOPMENT_ASSET_PATHS = "\"IOSAccessAssessment/Preview Content\"";
				DEVELOPMENT_TEAM = G8MQVE5WWW;
				ENABLE_PREVIEWS = YES;
				FRAMEWORK_SEARCH_PATHS = "$(inherited)";
				GENERATE_INFOPLIST_FILE = YES;
				HEADER_SEARCH_PATHS = (
					"$(SRCROOT)/IOSAccessAssessment",
					"$(SRCROOT)/PointNMapShaderTypes",
				);
				INFOPLIST_FILE = IOSAccessAssessment/Info.plist;
				INFOPLIST_KEY_CFBundleDisplayName = iOSPointMapper;
				INFOPLIST_KEY_LSSupportsOpeningDocumentsInPlace = YES;
				INFOPLIST_KEY_NSCameraUsageDescription = "Used to segment surroundings";
				INFOPLIST_KEY_NSLocationAlwaysAndWhenInUseUsageDescription = "Used to localize the segmented features";
				INFOPLIST_KEY_NSLocationWhenInUseUsageDescription = "Used to localize the segmented features";
				INFOPLIST_KEY_NSPhotoLibraryAddUsageDescription = "We want to save the filtered photo.";
				INFOPLIST_KEY_UIApplicationSceneManifest_Generation = YES;
				INFOPLIST_KEY_UIApplicationSupportsIndirectInputEvents = YES;
				INFOPLIST_KEY_UILaunchScreen_Generation = YES;
				INFOPLIST_KEY_UIRequiredDeviceCapabilities = arkit;
				INFOPLIST_KEY_UISupportedInterfaceOrientations = "UIInterfaceOrientationLandscapeLeft UIInterfaceOrientationLandscapeRight UIInterfaceOrientationPortrait UIInterfaceOrientationPortraitUpsideDown";
				IPHONEOS_DEPLOYMENT_TARGET = 18.6;
				LD_RUNPATH_SEARCH_PATHS = (
					"$(inherited)",
					"@executable_path/Frameworks",
				);
				MARKETING_VERSION = 0.3;
				MTL_HEADER_SEARCH_PATHS = "$(SRCROOT)/IOSAccessAssessment $(SRCROOT)/PointNMapShaderTypes";
				OTHER_CFLAGS = "-DACCELERATE_NEW_LAPACK";
				PRODUCT_BUNDLE_IDENTIFIER = edu.uw.pointmapper;
				PRODUCT_NAME = "$(TARGET_NAME)";
				SUPPORTED_PLATFORMS = "iphoneos iphonesimulator";
				SUPPORTS_MACCATALYST = NO;
				SUPPORTS_MAC_DESIGNED_FOR_IPHONE_IPAD = NO;
				SUPPORTS_XR_DESIGNED_FOR_IPHONE_IPAD = NO;
				SWIFT_EMIT_LOC_STRINGS = YES;
				SWIFT_OBJC_BRIDGING_HEADER = "IOSAccessAssessment/IOSAccessAssessment-Bridging-Header.h";
				SWIFT_OPTIMIZATION_LEVEL = "-Onone";
				SWIFT_VERSION = 5.0;
				TARGETED_DEVICE_FAMILY = "1,2";
			};
			name = Debug;
		};
		3222F93C2B622E0A0019A079 /* Release */ = {
			isa = XCBuildConfiguration;
			buildSettings = {
				ASSETCATALOG_COMPILER_APPICON_NAME = AppIcon;
				ASSETCATALOG_COMPILER_GLOBAL_ACCENT_COLOR_NAME = AccentColor;
				CLANG_ENABLE_MODULES = YES;
				CODE_SIGN_STYLE = Automatic;
				CURRENT_PROJECT_VERSION = 0;
				DEVELOPMENT_ASSET_PATHS = "\"IOSAccessAssessment/Preview Content\"";
				DEVELOPMENT_TEAM = G8MQVE5WWW;
				ENABLE_PREVIEWS = YES;
				FRAMEWORK_SEARCH_PATHS = "$(inherited)";
				GENERATE_INFOPLIST_FILE = YES;
				HEADER_SEARCH_PATHS = (
					"$(SRCROOT)/IOSAccessAssessment",
					"$(SRCROOT)/PointNMapShaderTypes",
				);
				INFOPLIST_FILE = IOSAccessAssessment/Info.plist;
				INFOPLIST_KEY_CFBundleDisplayName = iOSPointMapper;
				INFOPLIST_KEY_LSSupportsOpeningDocumentsInPlace = YES;
				INFOPLIST_KEY_NSCameraUsageDescription = "Used to segment surroundings";
				INFOPLIST_KEY_NSLocationAlwaysAndWhenInUseUsageDescription = "Used to localize the segmented features";
				INFOPLIST_KEY_NSLocationWhenInUseUsageDescription = "Used to localize the segmented features";
				INFOPLIST_KEY_NSPhotoLibraryAddUsageDescription = "We want to save the filtered photo.";
				INFOPLIST_KEY_UIApplicationSceneManifest_Generation = YES;
				INFOPLIST_KEY_UIApplicationSupportsIndirectInputEvents = YES;
				INFOPLIST_KEY_UILaunchScreen_Generation = YES;
				INFOPLIST_KEY_UIRequiredDeviceCapabilities = arkit;
				INFOPLIST_KEY_UISupportedInterfaceOrientations = "UIInterfaceOrientationLandscapeLeft UIInterfaceOrientationLandscapeRight UIInterfaceOrientationPortrait UIInterfaceOrientationPortraitUpsideDown";
				IPHONEOS_DEPLOYMENT_TARGET = 18.6;
				LD_RUNPATH_SEARCH_PATHS = (
					"$(inherited)",
					"@executable_path/Frameworks",
				);
				MARKETING_VERSION = 0.3;
				MTL_HEADER_SEARCH_PATHS = "$(SRCROOT)/IOSAccessAssessment $(SRCROOT)/PointNMapShaderTypes";
				OTHER_CFLAGS = "-DACCELERATE_NEW_LAPACK";
				PRODUCT_BUNDLE_IDENTIFIER = edu.uw.pointmapper;
				PRODUCT_NAME = "$(TARGET_NAME)";
				SUPPORTED_PLATFORMS = "iphoneos iphonesimulator";
				SUPPORTS_MACCATALYST = NO;
				SUPPORTS_MAC_DESIGNED_FOR_IPHONE_IPAD = NO;
				SUPPORTS_XR_DESIGNED_FOR_IPHONE_IPAD = NO;
				SWIFT_EMIT_LOC_STRINGS = YES;
				SWIFT_OBJC_BRIDGING_HEADER = "IOSAccessAssessment/IOSAccessAssessment-Bridging-Header.h";
				SWIFT_VERSION = 5.0;
				TARGETED_DEVICE_FAMILY = "1,2";
			};
			name = Release;
		};
		3222F93E2B622E0A0019A079 /* Debug */ = {
			isa = XCBuildConfiguration;
			buildSettings = {
				ALWAYS_EMBED_SWIFT_STANDARD_LIBRARIES = YES;
				BUNDLE_LOADER = "$(TEST_HOST)";
				CODE_SIGN_STYLE = Automatic;
				CURRENT_PROJECT_VERSION = 1;
				DEVELOPMENT_TEAM = Q8PMZJLMHG;
				GENERATE_INFOPLIST_FILE = YES;
				IPHONEOS_DEPLOYMENT_TARGET = 17.2;
				MARKETING_VERSION = 1.0;
				PRODUCT_BUNDLE_IDENTIFIER = TASKAR.IOSAccessAssessmentTests;
				PRODUCT_NAME = "$(TARGET_NAME)";
				SWIFT_EMIT_LOC_STRINGS = NO;
				SWIFT_VERSION = 5.0;
				TARGETED_DEVICE_FAMILY = "1,2";
				TEST_HOST = "$(BUILT_PRODUCTS_DIR)/IOSAccessAssessment.app/$(BUNDLE_EXECUTABLE_FOLDER_PATH)/IOSAccessAssessment";
			};
			name = Debug;
		};
		3222F93F2B622E0A0019A079 /* Release */ = {
			isa = XCBuildConfiguration;
			buildSettings = {
				ALWAYS_EMBED_SWIFT_STANDARD_LIBRARIES = YES;
				BUNDLE_LOADER = "$(TEST_HOST)";
				CODE_SIGN_STYLE = Automatic;
				CURRENT_PROJECT_VERSION = 1;
				DEVELOPMENT_TEAM = Q8PMZJLMHG;
				GENERATE_INFOPLIST_FILE = YES;
				IPHONEOS_DEPLOYMENT_TARGET = 17.2;
				MARKETING_VERSION = 1.0;
				PRODUCT_BUNDLE_IDENTIFIER = TASKAR.IOSAccessAssessmentTests;
				PRODUCT_NAME = "$(TARGET_NAME)";
				SWIFT_EMIT_LOC_STRINGS = NO;
				SWIFT_VERSION = 5.0;
				TARGETED_DEVICE_FAMILY = "1,2";
				TEST_HOST = "$(BUILT_PRODUCTS_DIR)/IOSAccessAssessment.app/$(BUNDLE_EXECUTABLE_FOLDER_PATH)/IOSAccessAssessment";
			};
			name = Release;
		};
		3222F9412B622E0A0019A079 /* Debug */ = {
			isa = XCBuildConfiguration;
			buildSettings = {
				ALWAYS_EMBED_SWIFT_STANDARD_LIBRARIES = YES;
				CODE_SIGN_STYLE = Automatic;
				CURRENT_PROJECT_VERSION = 1;
				DEVELOPMENT_TEAM = Q8PMZJLMHG;
				GENERATE_INFOPLIST_FILE = YES;
				MARKETING_VERSION = 1.0;
				PRODUCT_BUNDLE_IDENTIFIER = TASKAR.IOSAccessAssessmentUITests;
				PRODUCT_NAME = "$(TARGET_NAME)";
				SWIFT_EMIT_LOC_STRINGS = NO;
				SWIFT_VERSION = 5.0;
				TARGETED_DEVICE_FAMILY = "1,2";
				TEST_TARGET_NAME = IOSAccessAssessment;
			};
			name = Debug;
		};
		3222F9422B622E0A0019A079 /* Release */ = {
			isa = XCBuildConfiguration;
			buildSettings = {
				ALWAYS_EMBED_SWIFT_STANDARD_LIBRARIES = YES;
				CODE_SIGN_STYLE = Automatic;
				CURRENT_PROJECT_VERSION = 1;
				DEVELOPMENT_TEAM = Q8PMZJLMHG;
				GENERATE_INFOPLIST_FILE = YES;
				MARKETING_VERSION = 1.0;
				PRODUCT_BUNDLE_IDENTIFIER = TASKAR.IOSAccessAssessmentUITests;
				PRODUCT_NAME = "$(TARGET_NAME)";
				SWIFT_EMIT_LOC_STRINGS = NO;
				SWIFT_VERSION = 5.0;
				TARGETED_DEVICE_FAMILY = "1,2";
				TEST_TARGET_NAME = IOSAccessAssessment;
			};
			name = Release;
		};
		A312FD932FA3391C0044808E /* Debug */ = {
			isa = XCBuildConfiguration;
			buildSettings = {
				BUILD_LIBRARY_FOR_DISTRIBUTION = YES;
				CODE_SIGN_STYLE = Automatic;
				CURRENT_PROJECT_VERSION = 1;
				DEVELOPMENT_TEAM = G8MQVE5WWW;
				DYLIB_COMPATIBILITY_VERSION = 1;
				DYLIB_CURRENT_VERSION = 1;
				DYLIB_INSTALL_NAME_BASE = "@rpath";
				ENABLE_MODULE_VERIFIER = YES;
				GENERATE_INFOPLIST_FILE = YES;
				HEADER_SEARCH_PATHS = (
					"$(SRCROOT)/PointNMapShared",
					"$(SRCROOT)/PointNMapShaderTypes",
				);
				INFOPLIST_KEY_NSHumanReadableCopyright = "";
				INSTALL_PATH = "$(LOCAL_LIBRARY_DIR)/Frameworks";
				IPHONEOS_DEPLOYMENT_TARGET = 18.6;
				LD_RUNPATH_SEARCH_PATHS = (
					"$(inherited)",
					"@executable_path/Frameworks",
					"@loader_path/Frameworks",
				);
				MARKETING_VERSION = 1.0;
				MODULEMAP_FILE = "";
				MODULE_VERIFIER_SUPPORTED_LANGUAGES = "objective-c objective-c++";
				MODULE_VERIFIER_SUPPORTED_LANGUAGE_STANDARDS = "gnu17 gnu++20";
				MTL_HEADER_SEARCH_PATHS = "$(SRCROOT)/PointNMapShared $(SRCROOT)/PointNMapShaderTypes";
				PRODUCT_BUNDLE_IDENTIFIER = himanshunaidu.PointNMapShared;
				PRODUCT_NAME = "$(TARGET_NAME:c99extidentifier)";
				SKIP_INSTALL = YES;
				STRING_CATALOG_GENERATE_SYMBOLS = YES;
				SWIFT_APPROACHABLE_CONCURRENCY = YES;
				SWIFT_EMIT_LOC_STRINGS = YES;
				SWIFT_INSTALL_MODULE = YES;
				SWIFT_INSTALL_OBJC_HEADER = NO;
				SWIFT_OBJC_BRIDGING_HEADER = "";
				SWIFT_UPCOMING_FEATURE_MEMBER_IMPORT_VISIBILITY = YES;
				SWIFT_VERSION = 5.0;
				TARGETED_DEVICE_FAMILY = "1,2";
				VERSIONING_SYSTEM = "apple-generic";
				VERSION_INFO_PREFIX = "";
			};
			name = Debug;
		};
		A312FD942FA3391C0044808E /* Release */ = {
			isa = XCBuildConfiguration;
			buildSettings = {
				BUILD_LIBRARY_FOR_DISTRIBUTION = YES;
				CODE_SIGN_STYLE = Automatic;
				CURRENT_PROJECT_VERSION = 1;
				DEVELOPMENT_TEAM = G8MQVE5WWW;
				DYLIB_COMPATIBILITY_VERSION = 1;
				DYLIB_CURRENT_VERSION = 1;
				DYLIB_INSTALL_NAME_BASE = "@rpath";
				ENABLE_MODULE_VERIFIER = YES;
				GENERATE_INFOPLIST_FILE = YES;
				HEADER_SEARCH_PATHS = (
					"$(SRCROOT)/PointNMapShared",
					"$(SRCROOT)/PointNMapShaderTypes",
				);
				INFOPLIST_KEY_NSHumanReadableCopyright = "";
				INSTALL_PATH = "$(LOCAL_LIBRARY_DIR)/Frameworks";
				IPHONEOS_DEPLOYMENT_TARGET = 18.6;
				LD_RUNPATH_SEARCH_PATHS = (
					"$(inherited)",
					"@executable_path/Frameworks",
					"@loader_path/Frameworks",
				);
				MARKETING_VERSION = 1.0;
				MODULEMAP_FILE = "";
				MODULE_VERIFIER_SUPPORTED_LANGUAGES = "objective-c objective-c++";
				MODULE_VERIFIER_SUPPORTED_LANGUAGE_STANDARDS = "gnu17 gnu++20";
				MTL_HEADER_SEARCH_PATHS = "$(SRCROOT)/PointNMapShared $(SRCROOT)/PointNMapShaderTypes";
				PRODUCT_BUNDLE_IDENTIFIER = himanshunaidu.PointNMapShared;
				PRODUCT_NAME = "$(TARGET_NAME:c99extidentifier)";
				SKIP_INSTALL = YES;
				STRING_CATALOG_GENERATE_SYMBOLS = YES;
				SWIFT_APPROACHABLE_CONCURRENCY = YES;
				SWIFT_EMIT_LOC_STRINGS = YES;
				SWIFT_INSTALL_MODULE = YES;
				SWIFT_INSTALL_OBJC_HEADER = NO;
				SWIFT_OBJC_BRIDGING_HEADER = "";
				SWIFT_UPCOMING_FEATURE_MEMBER_IMPORT_VISIBILITY = YES;
				SWIFT_VERSION = 5.0;
				TARGETED_DEVICE_FAMILY = "1,2";
				VERSIONING_SYSTEM = "apple-generic";
				VERSION_INFO_PREFIX = "";
			};
			name = Release;
		};
		A312FD962FA3391C0044808E /* Debug */ = {
			isa = XCBuildConfiguration;
			buildSettings = {
				CODE_SIGN_STYLE = Automatic;
				CURRENT_PROJECT_VERSION = 1;
				DEVELOPMENT_TEAM = UB6LB27Z2X;
				GENERATE_INFOPLIST_FILE = YES;
				IPHONEOS_DEPLOYMENT_TARGET = 26.0;
				MARKETING_VERSION = 1.0;
				PRODUCT_BUNDLE_IDENTIFIER = himanshunaidu.PointNMapSharedTests;
				PRODUCT_NAME = "$(TARGET_NAME)";
				STRING_CATALOG_GENERATE_SYMBOLS = NO;
				SWIFT_APPROACHABLE_CONCURRENCY = YES;
				SWIFT_EMIT_LOC_STRINGS = NO;
				SWIFT_UPCOMING_FEATURE_MEMBER_IMPORT_VISIBILITY = YES;
				SWIFT_VERSION = 5.0;
				TARGETED_DEVICE_FAMILY = "1,2";
				TEST_HOST = "$(BUILT_PRODUCTS_DIR)/IOSAccessAssessment.app/$(BUNDLE_EXECUTABLE_FOLDER_PATH)/IOSAccessAssessment";
			};
			name = Debug;
		};
		A312FD972FA3391C0044808E /* Release */ = {
			isa = XCBuildConfiguration;
			buildSettings = {
				CODE_SIGN_STYLE = Automatic;
				CURRENT_PROJECT_VERSION = 1;
				DEVELOPMENT_TEAM = UB6LB27Z2X;
				GENERATE_INFOPLIST_FILE = YES;
				IPHONEOS_DEPLOYMENT_TARGET = 26.0;
				MARKETING_VERSION = 1.0;
				PRODUCT_BUNDLE_IDENTIFIER = himanshunaidu.PointNMapSharedTests;
				PRODUCT_NAME = "$(TARGET_NAME)";
				STRING_CATALOG_GENERATE_SYMBOLS = NO;
				SWIFT_APPROACHABLE_CONCURRENCY = YES;
				SWIFT_EMIT_LOC_STRINGS = NO;
				SWIFT_UPCOMING_FEATURE_MEMBER_IMPORT_VISIBILITY = YES;
				SWIFT_VERSION = 5.0;
				TARGETED_DEVICE_FAMILY = "1,2";
				TEST_HOST = "$(BUILT_PRODUCTS_DIR)/IOSAccessAssessment.app/$(BUNDLE_EXECUTABLE_FOLDER_PATH)/IOSAccessAssessment";
			};
			name = Release;
		};
		A312FE192FA3EBE80044808E /* Debug */ = {
			isa = XCBuildConfiguration;
			buildSettings = {
				CODE_SIGN_STYLE = Automatic;
				CURRENT_PROJECT_VERSION = 1;
				DEFINES_MODULE = YES;
				DEVELOPMENT_TEAM = G8MQVE5WWW;
				DYLIB_COMPATIBILITY_VERSION = 1;
				DYLIB_CURRENT_VERSION = 1;
				DYLIB_INSTALL_NAME_BASE = "@rpath";
				ENABLE_MODULE_VERIFIER = YES;
				GENERATE_INFOPLIST_FILE = YES;
				INFOPLIST_KEY_NSHumanReadableCopyright = "";
				INSTALL_PATH = "$(LOCAL_LIBRARY_DIR)/Frameworks";
				IPHONEOS_DEPLOYMENT_TARGET = 26.0;
				LD_RUNPATH_SEARCH_PATHS = (
					"$(inherited)",
					"@executable_path/Frameworks",
					"@loader_path/Frameworks",
				);
				MARKETING_VERSION = 1.0;
				MODULE_VERIFIER_SUPPORTED_LANGUAGES = "objective-c objective-c++";
				MODULE_VERIFIER_SUPPORTED_LANGUAGE_STANDARDS = "gnu17 gnu++20";
				PRODUCT_BUNDLE_IDENTIFIER = himanshunaidu.PointNMapShaderTypes;
				PRODUCT_NAME = "$(TARGET_NAME:c99extidentifier)";
				SKIP_INSTALL = YES;
				STRING_CATALOG_GENERATE_SYMBOLS = YES;
				SWIFT_EMIT_LOC_STRINGS = YES;
				TARGETED_DEVICE_FAMILY = "1,2";
				VERSIONING_SYSTEM = "apple-generic";
				VERSION_INFO_PREFIX = "";
			};
			name = Debug;
		};
		A312FE1A2FA3EBE80044808E /* Release */ = {
			isa = XCBuildConfiguration;
			buildSettings = {
				CODE_SIGN_STYLE = Automatic;
				CURRENT_PROJECT_VERSION = 1;
				DEFINES_MODULE = YES;
				DEVELOPMENT_TEAM = G8MQVE5WWW;
				DYLIB_COMPATIBILITY_VERSION = 1;
				DYLIB_CURRENT_VERSION = 1;
				DYLIB_INSTALL_NAME_BASE = "@rpath";
				ENABLE_MODULE_VERIFIER = YES;
				GENERATE_INFOPLIST_FILE = YES;
				INFOPLIST_KEY_NSHumanReadableCopyright = "";
				INSTALL_PATH = "$(LOCAL_LIBRARY_DIR)/Frameworks";
				IPHONEOS_DEPLOYMENT_TARGET = 26.0;
				LD_RUNPATH_SEARCH_PATHS = (
					"$(inherited)",
					"@executable_path/Frameworks",
					"@loader_path/Frameworks",
				);
				MARKETING_VERSION = 1.0;
				MODULE_VERIFIER_SUPPORTED_LANGUAGES = "objective-c objective-c++";
				MODULE_VERIFIER_SUPPORTED_LANGUAGE_STANDARDS = "gnu17 gnu++20";
				PRODUCT_BUNDLE_IDENTIFIER = himanshunaidu.PointNMapShaderTypes;
				PRODUCT_NAME = "$(TARGET_NAME:c99extidentifier)";
				SKIP_INSTALL = YES;
				STRING_CATALOG_GENERATE_SYMBOLS = YES;
				SWIFT_EMIT_LOC_STRINGS = YES;
				TARGETED_DEVICE_FAMILY = "1,2";
				VERSIONING_SYSTEM = "apple-generic";
				VERSION_INFO_PREFIX = "";
			};
			name = Release;
		};
/* End XCBuildConfiguration section */

/* Begin XCConfigurationList section */
		3222F9112B622DFD0019A079 /* Build configuration list for PBXProject "IOSAccessAssessment" */ = {
			isa = XCConfigurationList;
			buildConfigurations = (
				3222F9382B622E0A0019A079 /* Debug */,
				3222F9392B622E0A0019A079 /* Release */,
			);
			defaultConfigurationIsVisible = 0;
			defaultConfigurationName = Release;
		};
		3222F93A2B622E0A0019A079 /* Build configuration list for PBXNativeTarget "IOSAccessAssessment" */ = {
			isa = XCConfigurationList;
			buildConfigurations = (
				3222F93B2B622E0A0019A079 /* Debug */,
				3222F93C2B622E0A0019A079 /* Release */,
			);
			defaultConfigurationIsVisible = 0;
			defaultConfigurationName = Release;
		};
		3222F93D2B622E0A0019A079 /* Build configuration list for PBXNativeTarget "IOSAccessAssessmentTests" */ = {
			isa = XCConfigurationList;
			buildConfigurations = (
				3222F93E2B622E0A0019A079 /* Debug */,
				3222F93F2B622E0A0019A079 /* Release */,
			);
			defaultConfigurationIsVisible = 0;
			defaultConfigurationName = Release;
		};
		3222F9402B622E0A0019A079 /* Build configuration list for PBXNativeTarget "IOSAccessAssessmentUITests" */ = {
			isa = XCConfigurationList;
			buildConfigurations = (
				3222F9412B622E0A0019A079 /* Debug */,
				3222F9422B622E0A0019A079 /* Release */,
			);
			defaultConfigurationIsVisible = 0;
			defaultConfigurationName = Release;
		};
		A312FD922FA3391C0044808E /* Build configuration list for PBXNativeTarget "PointNMapShared" */ = {
			isa = XCConfigurationList;
			buildConfigurations = (
				A312FD932FA3391C0044808E /* Debug */,
				A312FD942FA3391C0044808E /* Release */,
			);
			defaultConfigurationIsVisible = 0;
			defaultConfigurationName = Release;
		};
		A312FD952FA3391C0044808E /* Build configuration list for PBXNativeTarget "PointNMapSharedTests" */ = {
			isa = XCConfigurationList;
			buildConfigurations = (
				A312FD962FA3391C0044808E /* Debug */,
				A312FD972FA3391C0044808E /* Release */,
			);
			defaultConfigurationIsVisible = 0;
			defaultConfigurationName = Release;
		};
		A312FE182FA3EBE80044808E /* Build configuration list for PBXNativeTarget "PointNMapShaderTypes" */ = {
			isa = XCConfigurationList;
			buildConfigurations = (
				A312FE192FA3EBE80044808E /* Debug */,
				A312FE1A2FA3EBE80044808E /* Release */,
			);
			defaultConfigurationIsVisible = 0;
			defaultConfigurationName = Release;
		};
/* End XCConfigurationList section */

/* Begin XCRemoteSwiftPackageReference section */
		A3C22FD62CF2F0C300533BF7 /* XCRemoteSwiftPackageReference "swift-collections" */ = {
			isa = XCRemoteSwiftPackageReference;
			repositoryURL = "https://github.com/apple/swift-collections.git";
			requirement = {
				kind = upToNextMajorVersion;
				minimumVersion = 1.1.4;
			};
		};
		CAF812C12CFA0FD400D44B84 /* XCRemoteSwiftPackageReference "swift-collections" */ = {
			isa = XCRemoteSwiftPackageReference;
			repositoryURL = "https://github.com/apple/swift-collections.git";
			requirement = {
				kind = upToNextMajorVersion;
				minimumVersion = 1.1.4;
			};
		};
/* End XCRemoteSwiftPackageReference section */

/* Begin XCSwiftPackageProductDependency section */
		A31DB99D2FA54BEB00DDA385 /* DequeModule */ = {
			isa = XCSwiftPackageProductDependency;
			package = CAF812C12CFA0FD400D44B84 /* XCRemoteSwiftPackageReference "swift-collections" */;
			productName = DequeModule;
		};
		A3C22FD72CF2F0C300533BF7 /* DequeModule */ = {
			isa = XCSwiftPackageProductDependency;
			package = A3C22FD62CF2F0C300533BF7 /* XCRemoteSwiftPackageReference "swift-collections" */;
			productName = DequeModule;
		};
		A3FCC2FA2DA4E1880037AB43 /* OrderedCollections */ = {
			isa = XCSwiftPackageProductDependency;
			package = CAF812C12CFA0FD400D44B84 /* XCRemoteSwiftPackageReference "swift-collections" */;
			productName = OrderedCollections;
		};
/* End XCSwiftPackageProductDependency section */
	};
	rootObject = 3222F90E2B622DFD0019A079 /* Project object */;
}
