// !$*UTF8*$!
{
	archiveVersion = 1;
	classes = {
	};
	objectVersion = 56;
	objects = {

/* Begin PBXBuildFile section */
		3222F91A2B622DFD0019A079 /* IOSAccessAssessmentApp.swift in Sources */ = {isa = PBXBuildFile; fileRef = 3222F9192B622DFD0019A079 /* IOSAccessAssessmentApp.swift */; };
		3222F91E2B622E090019A079 /* Assets.xcassets in Resources */ = {isa = PBXBuildFile; fileRef = 3222F91D2B622E090019A079 /* Assets.xcassets */; };
		3222F9212B622E090019A079 /* Preview Assets.xcassets in Resources */ = {isa = PBXBuildFile; fileRef = 3222F9202B622E090019A079 /* Preview Assets.xcassets */; };
		3222F92B2B622E0A0019A079 /* IOSAccessAssessmentTests.swift in Sources */ = {isa = PBXBuildFile; fileRef = 3222F92A2B622E0A0019A079 /* IOSAccessAssessmentTests.swift */; };
		3222F9352B622E0A0019A079 /* IOSAccessAssessmentUITests.swift in Sources */ = {isa = PBXBuildFile; fileRef = 3222F9342B622E0A0019A079 /* IOSAccessAssessmentUITests.swift */; };
		3222F9372B622E0A0019A079 /* IOSAccessAssessmentUITestsLaunchTests.swift in Sources */ = {isa = PBXBuildFile; fileRef = 3222F9362B622E0A0019A079 /* IOSAccessAssessmentUITestsLaunchTests.swift */; };
		55659C102BB7863F0094DF01 /* SetupView.swift in Sources */ = {isa = PBXBuildFile; fileRef = 55659C0F2BB7863F0094DF01 /* SetupView.swift */; };
		55659C142BB786700094DF01 /* AnnotationView.swift in Sources */ = {isa = PBXBuildFile; fileRef = 55659C132BB786700094DF01 /* AnnotationView.swift */; };
		55C2F2842C00078D00B633D7 /* ObjectLocation.swift in Sources */ = {isa = PBXBuildFile; fileRef = 55C2F2832C00078D00B633D7 /* ObjectLocation.swift */; };
		A305B05C2E18882800ECCF9B /* DatasetEncoder.swift in Sources */ = {isa = PBXBuildFile; fileRef = A305B05B2E18882500ECCF9B /* DatasetEncoder.swift */; };
		A305B05F2E18978C00ECCF9B /* SegmentationConfig.swift in Sources */ = {isa = PBXBuildFile; fileRef = A305B05E2E18978B00ECCF9B /* SegmentationConfig.swift */; };
		A305B0622E18993000ECCF9B /* VOCClassConfig.swift in Sources */ = {isa = PBXBuildFile; fileRef = A305B0612E18992300ECCF9B /* VOCClassConfig.swift */; };
		A305B0642E189C5500ECCF9B /* CityscapesClassConfig.swift in Sources */ = {isa = PBXBuildFile; fileRef = A305B0632E189C4F00ECCF9B /* CityscapesClassConfig.swift */; };
		A305B0662E189C9A00ECCF9B /* CityscapesSubsetClassConfig.swift in Sources */ = {isa = PBXBuildFile; fileRef = A305B0652E189C9400ECCF9B /* CityscapesSubsetClassConfig.swift */; };
		A305B0682E189CD600ECCF9B /* CocoCustom53ClassConfig.swift in Sources */ = {isa = PBXBuildFile; fileRef = A305B0672E189CD000ECCF9B /* CocoCustom53ClassConfig.swift */; };
		A305B06A2E189D8500ECCF9B /* CocoCustom35ClassConfig.swift in Sources */ = {isa = PBXBuildFile; fileRef = A305B0692E189D8500ECCF9B /* CocoCustom35ClassConfig.swift */; };
		A305B06C2E18A85F00ECCF9B /* DepthEncoder.swift in Sources */ = {isa = PBXBuildFile; fileRef = A305B06B2E18A85D00ECCF9B /* DepthEncoder.swift */; };
		A306462A2D614D9600B97D1B /* ImageSaver.swift in Sources */ = {isa = PBXBuildFile; fileRef = A30646292D614D9400B97D1B /* ImageSaver.swift */; };
		A30D057E2E2B106200316FB5 /* MapillaryCustom11ClassConfig.swift in Sources */ = {isa = PBXBuildFile; fileRef = A30D057D2E2B106200316FB5 /* MapillaryCustom11ClassConfig.swift */; };
		A30D05842E2B1DB400316FB5 /* bisenetv2_11_640_640.mlpackage in Sources */ = {isa = PBXBuildFile; fileRef = A30D05832E2B1DB400316FB5 /* bisenetv2_11_640_640.mlpackage */; };
		A30D05862E2E19E400316FB5 /* AnnotationCameraViewController.swift in Sources */ = {isa = PBXBuildFile; fileRef = A30D05852E2E19E400316FB5 /* AnnotationCameraViewController.swift */; };
		A31A1E722EAC41F4008B30B7 /* ARLegacyContentView.swift in Sources */ = {isa = PBXBuildFile; fileRef = A31A1E712EAC41F4008B30B7 /* ARLegacyContentView.swift */; };
		A31A1E742EAC426C008B30B7 /* ARCameraViewController.swift in Sources */ = {isa = PBXBuildFile; fileRef = A31A1E732EAC4265008B30B7 /* ARCameraViewController.swift */; };
		A31A1E762EAC448D008B30B7 /* ARLegacyCameraManager.swift in Sources */ = {isa = PBXBuildFile; fileRef = A31A1E752EAC448D008B30B7 /* ARLegacyCameraManager.swift */; };
		A31A1E792EAC6B25008B30B7 /* SegmentationARLegacyPipeline.swift in Sources */ = {isa = PBXBuildFile; fileRef = A31A1E782EAC6B25008B30B7 /* SegmentationARLegacyPipeline.swift */; };
		A329A1842EB1548B00D86FC3 /* SegmentationMeshPipeline.swift in Sources */ = {isa = PBXBuildFile; fileRef = A329A1832EB1548700D86FC3 /* SegmentationMeshPipeline.swift */; };
		A3420F1C2E8D82E700CD617E /* APIEnvironment.swift in Sources */ = {isa = PBXBuildFile; fileRef = A3420F1B2E8D82E400CD617E /* APIEnvironment.swift */; };
		A3471BA02DAF7ABF00FEB845 /* bisenetv2.mlpackage in Sources */ = {isa = PBXBuildFile; fileRef = A3471B9F2DAF7ABF00FEB845 /* bisenetv2.mlpackage */; };
		A35A8BCF2E5D0CD100CC8AA7 /* WorkspaceSelectionView.swift in Sources */ = {isa = PBXBuildFile; fileRef = A35A8BCE2E5D0CCD00CC8AA7 /* WorkspaceSelectionView.swift */; };
		A35A8BD12E5D0D1200CC8AA7 /* WorkspaceService.swift in Sources */ = {isa = PBXBuildFile; fileRef = A35A8BD02E5D0D0D00CC8AA7 /* WorkspaceService.swift */; };
		A35BB2862DC30386009A3FE0 /* CameraOrientation.swift in Sources */ = {isa = PBXBuildFile; fileRef = A35BB2852DC30383009A3FE0 /* CameraOrientation.swift */; };
		A362AECB2DB7056D002D7598 /* DepthMapProcessor.swift in Sources */ = {isa = PBXBuildFile; fileRef = A362AECA2DB7056B002D7598 /* DepthMapProcessor.swift */; };
		A36C6E002E1338FE00A86004 /* AnnotationInstanceDetailView.swift in Sources */ = {isa = PBXBuildFile; fileRef = A36C6DFF2E1338F900A86004 /* AnnotationInstanceDetailView.swift */; };
		A36C6E022E134CE600A86004 /* bisenetv2_35_640_640.mlpackage in Sources */ = {isa = PBXBuildFile; fileRef = A36C6E012E134CE600A86004 /* bisenetv2_35_640_640.mlpackage */; };
		A39C9F3B2DD9B03300455E45 /* OSMElement.swift in Sources */ = {isa = PBXBuildFile; fileRef = A39C9F3A2DD9B03000455E45 /* OSMElement.swift */; };
		A39C9F3D2DD9BE2800455E45 /* APIConstants.swift in Sources */ = {isa = PBXBuildFile; fileRef = A39C9F3C2DD9BE2600455E45 /* APIConstants.swift */; };
		A3A739452DD4BA3F0073C7D2 /* CustomXMLParser.swift in Sources */ = {isa = PBXBuildFile; fileRef = A3A739442DD4BA3B0073C7D2 /* CustomXMLParser.swift */; };
		A3B2DDBD2DC99256003416FB /* ContourRequestProcessor.swift in Sources */ = {isa = PBXBuildFile; fileRef = A3B2DDBC2DC99253003416FB /* ContourRequestProcessor.swift */; };
		A3B2DDBF2DC99DEF003416FB /* HomographyRequestProcessor.swift in Sources */ = {isa = PBXBuildFile; fileRef = A3B2DDBE2DC99DE9003416FB /* HomographyRequestProcessor.swift */; };
		A3B2DDC12DC99F44003416FB /* SegmentationModelRequestProcessor.swift in Sources */ = {isa = PBXBuildFile; fileRef = A3B2DDC02DC99F3D003416FB /* SegmentationModelRequestProcessor.swift */; };
		A3BB5AFB2DB210AE008673ED /* BinaryMaskFilter.swift in Sources */ = {isa = PBXBuildFile; fileRef = A3BB5AFA2DB210A8008673ED /* BinaryMaskFilter.swift */; };
		A3BB5AFE2DB2EE7E008673ED /* ContourObjectRasterizer.swift in Sources */ = {isa = PBXBuildFile; fileRef = A3BB5AFD2DB2EE74008673ED /* ContourObjectRasterizer.swift */; };
		A3C22FD12CF1644400533BF7 /* SharedImageData.swift in Sources */ = {isa = PBXBuildFile; fileRef = A3C22FD02CF1643E00533BF7 /* SharedImageData.swift */; };
		A3C22FD32CF194A600533BF7 /* CGImageUtils.swift in Sources */ = {isa = PBXBuildFile; fileRef = A3C22FD22CF194A200533BF7 /* CGImageUtils.swift */; };
		A3C22FD82CF2F0C300533BF7 /* DequeModule in Frameworks */ = {isa = PBXBuildFile; productRef = A3C22FD72CF2F0C300533BF7 /* DequeModule */; };
		A3C55A472EAF513B00F6CFDC /* FrameRasterizer.swift in Sources */ = {isa = PBXBuildFile; fileRef = A3C55A462EAF513800F6CFDC /* FrameRasterizer.swift */; };
		A3C55A492EAFFABF00F6CFDC /* CenterCropTransformUtils.swift in Sources */ = {isa = PBXBuildFile; fileRef = A3C55A482EAFFAB600F6CFDC /* CenterCropTransformUtils.swift */; };
		A3D0283B2E02101F00EB7CB9 /* ClassSelectionView.swift in Sources */ = {isa = PBXBuildFile; fileRef = A3D0283A2E02101C00EB7CB9 /* ClassSelectionView.swift */; };
		A3D78D742E65108E003BFE78 /* WorkspaceListViewModel.swift in Sources */ = {isa = PBXBuildFile; fileRef = A3D78D732E65108A003BFE78 /* WorkspaceListViewModel.swift */; };
		A3D78D762E654F18003BFE78 /* ProfileView.swift in Sources */ = {isa = PBXBuildFile; fileRef = A3D78D752E654F14003BFE78 /* ProfileView.swift */; };
		A3DC22E92DCF0F9A0020CE84 /* ImageProcessing.metal in Sources */ = {isa = PBXBuildFile; fileRef = A3DC22E82DCF0F9A0020CE84 /* ImageProcessing.metal */; };
		A3DC22ED2DCF10050020CE84 /* Homography.metal in Sources */ = {isa = PBXBuildFile; fileRef = A3DC22EC2DCF10050020CE84 /* Homography.metal */; };
		A3DC22EF2DCF119A0020CE84 /* HomographyTransformFilter.swift in Sources */ = {isa = PBXBuildFile; fileRef = A3DC22EE2DCF11970020CE84 /* HomographyTransformFilter.swift */; };
		A3DC22F12DCFF03A0020CE84 /* AnnotationSegmentationPipeline.swift in Sources */ = {isa = PBXBuildFile; fileRef = A3DC22F02DCFF0340020CE84 /* AnnotationSegmentationPipeline.swift */; };
		A3DC22F32DD002020020CE84 /* CGImage+CVPixelBuffer.swift in Sources */ = {isa = PBXBuildFile; fileRef = A3DC22F22DD002010020CE84 /* CGImage+CVPixelBuffer.swift */; };
		A3DC22F72DD032960020CE84 /* UnionOfMasks.metal in Sources */ = {isa = PBXBuildFile; fileRef = A3DC22F62DD032960020CE84 /* UnionOfMasks.metal */; };
		A3DC22F92DD036AF0020CE84 /* UnionOfMasksProcessor.swift in Sources */ = {isa = PBXBuildFile; fileRef = A3DC22F82DD0369E0020CE84 /* UnionOfMasksProcessor.swift */; };
		A3DC22FB2DD16CB00020CE84 /* DimensionBasedMaskFilter.swift in Sources */ = {isa = PBXBuildFile; fileRef = A3DC22FA2DD16CB00020CE84 /* DimensionBasedMaskFilter.swift */; };
		A3E84ECC2DDAA82F0096A645 /* OrientationObserver.swift in Sources */ = {isa = PBXBuildFile; fileRef = A3E84ECB2DDAA82B0096A645 /* OrientationObserver.swift */; };
		A3E84ED02DDAC7A50096A645 /* AnnotationImageManager.swift in Sources */ = {isa = PBXBuildFile; fileRef = A3E84ECF2DDAC7A10096A645 /* AnnotationImageManager.swift */; };
		A3E84ED22DDAD41E0096A645 /* AnnotationAPITransmissionController.swift in Sources */ = {isa = PBXBuildFile; fileRef = A3E84ED12DDAD4130096A645 /* AnnotationAPITransmissionController.swift */; };
		A3F27DB42D34E07C0071D6F3 /* DepthAnythingV2SmallF16.mlpackage in Sources */ = {isa = PBXBuildFile; fileRef = A3F27DB22D34E07C0071D6F3 /* DepthAnythingV2SmallF16.mlpackage */; };
		A3F38C4C2D38A2C700900547 /* DepthModel.swift in Sources */ = {isa = PBXBuildFile; fileRef = A3F38C4B2D38A2C500900547 /* DepthModel.swift */; };
		A3FCC2F92DA4E0800037AB43 /* CentroidTracker.swift in Sources */ = {isa = PBXBuildFile; fileRef = A3FCC2F82DA4E07A0037AB43 /* CentroidTracker.swift */; };
		A3FCC2FB2DA4E1880037AB43 /* OrderedCollections in Frameworks */ = {isa = PBXBuildFile; productRef = A3FCC2FA2DA4E1880037AB43 /* OrderedCollections */; };
		A3FE16612E18BA5900DAE5BE /* RGBEncoder.swift in Sources */ = {isa = PBXBuildFile; fileRef = A3FE16602E18BA5600DAE5BE /* RGBEncoder.swift */; };
		A3FE16632E18BAEB00DAE5BE /* ConfidenceEncoder.swift in Sources */ = {isa = PBXBuildFile; fileRef = A3FE16622E18BAE900DAE5BE /* ConfidenceEncoder.swift */; };
		A3FE16652E18C54000DAE5BE /* CameraTransformEncoder.swift in Sources */ = {isa = PBXBuildFile; fileRef = A3FE16642E18C53D00DAE5BE /* CameraTransformEncoder.swift */; };
		A3FE16672E18C81800DAE5BE /* LocationEncoder.swift in Sources */ = {isa = PBXBuildFile; fileRef = A3FE16662E18C81500DAE5BE /* LocationEncoder.swift */; };
		A3FE166C2E1C29CB00DAE5BE /* OtherDetailsEncoder.swift in Sources */ = {isa = PBXBuildFile; fileRef = A3FE166B2E1C29C800DAE5BE /* OtherDetailsEncoder.swift */; };
		A3FE166E2E1C2AF200DAE5BE /* SegmentationEncoder.swift in Sources */ = {isa = PBXBuildFile; fileRef = A3FE166D2E1C2AEF00DAE5BE /* SegmentationEncoder.swift */; };
		A3FFAA752DE00F3B002B99BD /* ARCameraManager.swift in Sources */ = {isa = PBXBuildFile; fileRef = A3FFAA742DE00F2C002B99BD /* ARCameraManager.swift */; };
		A3FFAA782DE01637002B99BD /* ARCameraUtils.swift in Sources */ = {isa = PBXBuildFile; fileRef = A3FFAA772DE01634002B99BD /* ARCameraUtils.swift */; };
		A3FFAA7A2DE01A0F002B99BD /* ARContentView.swift in Sources */ = {isa = PBXBuildFile; fileRef = A3FFAA792DE01A0F002B99BD /* ARContentView.swift */; };
		A3FFAA7E2DE3E41D002B99BD /* SegmentationARPipeline.swift in Sources */ = {isa = PBXBuildFile; fileRef = A3FFAA7D2DE3E41D002B99BD /* SegmentationARPipeline.swift */; };
		A3FFAA802DE444C6002B99BD /* AnnotationOption.swift in Sources */ = {isa = PBXBuildFile; fileRef = A3FFAA7F2DE444C3002B99BD /* AnnotationOption.swift */; };
		A3FFAA832DE5253E002B99BD /* bisenetv2_53_640_640.mlpackage in Sources */ = {isa = PBXBuildFile; fileRef = A3FFAA822DE5253E002B99BD /* bisenetv2_53_640_640.mlpackage */; };
		CA924A932CEB9AB000FCA928 /* ChangesetService.swift in Sources */ = {isa = PBXBuildFile; fileRef = CA924A922CEB9AB000FCA928 /* ChangesetService.swift */; };
		CAA947762CDE6FBD000C6918 /* LoginView.swift in Sources */ = {isa = PBXBuildFile; fileRef = CAA947752CDE6FBB000C6918 /* LoginView.swift */; };
		CAA947792CDE700A000C6918 /* AuthService.swift in Sources */ = {isa = PBXBuildFile; fileRef = CAA947782CDE7007000C6918 /* AuthService.swift */; };
		CAA9477B2CDE70D9000C6918 /* KeychainService.swift in Sources */ = {isa = PBXBuildFile; fileRef = CAA9477A2CDE70D5000C6918 /* KeychainService.swift */; };
		CAF812BC2CF78F8100D44B84 /* NetworkError.swift in Sources */ = {isa = PBXBuildFile; fileRef = CAF812BB2CF78F7C00D44B84 /* NetworkError.swift */; };
		CAF812C42CFA108100D44B84 /* UserStateViewModel.swift in Sources */ = {isa = PBXBuildFile; fileRef = CAF812C22CFA108100D44B84 /* UserStateViewModel.swift */; };
		DA6332E72BAE3998009C80F9 /* espnetv2_pascal_256.mlmodel in Resources */ = {isa = PBXBuildFile; fileRef = 3222F94B2B62FF2E0019A079 /* espnetv2_pascal_256.mlmodel */; };
		DAA7F8B52CA38C11003666D8 /* Constants.swift in Sources */ = {isa = PBXBuildFile; fileRef = DAA7F8B42CA38C11003666D8 /* Constants.swift */; };
		DAA7F8B72CA3E4E7003666D8 /* SpinnerView.swift in Sources */ = {isa = PBXBuildFile; fileRef = DAA7F8B62CA3E4E7003666D8 /* SpinnerView.swift */; };
		DAA7F8C02CA68400003666D8 /* SegmentationViewController.swift in Sources */ = {isa = PBXBuildFile; fileRef = DAA7F8BF2CA68400003666D8 /* SegmentationViewController.swift */; };
		DAA7F8C22CA684AF003666D8 /* ProgressBar.swift in Sources */ = {isa = PBXBuildFile; fileRef = DAA7F8C12CA684AF003666D8 /* ProgressBar.swift */; };
		DAA7F8C82CA76527003666D8 /* CIImageUtils.swift in Sources */ = {isa = PBXBuildFile; fileRef = DAA7F8C72CA76527003666D8 /* CIImageUtils.swift */; };
		DAA7F8CA2CA76550003666D8 /* CVPixelBufferUtils.swift in Sources */ = {isa = PBXBuildFile; fileRef = DAA7F8C92CA76550003666D8 /* CVPixelBufferUtils.swift */; };
		DAA7F8CC2CA77FA5003666D8 /* GrayscaleToColorFilter.swift in Sources */ = {isa = PBXBuildFile; fileRef = DAA7F8CB2CA77FA5003666D8 /* GrayscaleToColorFilter.swift */; };
/* End PBXBuildFile section */

/* Begin PBXContainerItemProxy section */
		3222F9272B622E0A0019A079 /* PBXContainerItemProxy */ = {
			isa = PBXContainerItemProxy;
			containerPortal = 3222F90E2B622DFD0019A079 /* Project object */;
			proxyType = 1;
			remoteGlobalIDString = 3222F9152B622DFD0019A079;
			remoteInfo = IOSAccessAssessment;
		};
		3222F9312B622E0A0019A079 /* PBXContainerItemProxy */ = {
			isa = PBXContainerItemProxy;
			containerPortal = 3222F90E2B622DFD0019A079 /* Project object */;
			proxyType = 1;
			remoteGlobalIDString = 3222F9152B622DFD0019A079;
			remoteInfo = IOSAccessAssessment;
		};
/* End PBXContainerItemProxy section */

/* Begin PBXCopyFilesBuildPhase section */
		A30646282D60486900B97D1B /* Embed Frameworks */ = {
			isa = PBXCopyFilesBuildPhase;
			buildActionMask = 2147483647;
			dstPath = "";
			dstSubfolderSpec = 10;
			files = (
			);
			name = "Embed Frameworks";
			runOnlyForDeploymentPostprocessing = 0;
		};
/* End PBXCopyFilesBuildPhase section */

/* Begin PBXFileReference section */
		3222F9162B622DFD0019A079 /* IOSAccessAssessment.app */ = {isa = PBXFileReference; explicitFileType = wrapper.application; includeInIndex = 0; path = IOSAccessAssessment.app; sourceTree = BUILT_PRODUCTS_DIR; };
		3222F9192B622DFD0019A079 /* IOSAccessAssessmentApp.swift */ = {isa = PBXFileReference; lastKnownFileType = sourcecode.swift; path = IOSAccessAssessmentApp.swift; sourceTree = "<group>"; };
		3222F91D2B622E090019A079 /* Assets.xcassets */ = {isa = PBXFileReference; lastKnownFileType = folder.assetcatalog; path = Assets.xcassets; sourceTree = "<group>"; };
		3222F9202B622E090019A079 /* Preview Assets.xcassets */ = {isa = PBXFileReference; lastKnownFileType = folder.assetcatalog; path = "Preview Assets.xcassets"; sourceTree = "<group>"; };
		3222F9262B622E0A0019A079 /* IOSAccessAssessmentTests.xctest */ = {isa = PBXFileReference; explicitFileType = wrapper.cfbundle; includeInIndex = 0; path = IOSAccessAssessmentTests.xctest; sourceTree = BUILT_PRODUCTS_DIR; };
		3222F92A2B622E0A0019A079 /* IOSAccessAssessmentTests.swift */ = {isa = PBXFileReference; lastKnownFileType = sourcecode.swift; path = IOSAccessAssessmentTests.swift; sourceTree = "<group>"; };
		3222F9302B622E0A0019A079 /* IOSAccessAssessmentUITests.xctest */ = {isa = PBXFileReference; explicitFileType = wrapper.cfbundle; includeInIndex = 0; path = IOSAccessAssessmentUITests.xctest; sourceTree = BUILT_PRODUCTS_DIR; };
		3222F9342B622E0A0019A079 /* IOSAccessAssessmentUITests.swift */ = {isa = PBXFileReference; lastKnownFileType = sourcecode.swift; path = IOSAccessAssessmentUITests.swift; sourceTree = "<group>"; };
		3222F9362B622E0A0019A079 /* IOSAccessAssessmentUITestsLaunchTests.swift */ = {isa = PBXFileReference; lastKnownFileType = sourcecode.swift; path = IOSAccessAssessmentUITestsLaunchTests.swift; sourceTree = "<group>"; };
		3222F94B2B62FF2E0019A079 /* espnetv2_pascal_256.mlmodel */ = {isa = PBXFileReference; lastKnownFileType = file.mlmodel; path = espnetv2_pascal_256.mlmodel; sourceTree = "<group>"; };
		55659C0F2BB7863F0094DF01 /* SetupView.swift */ = {isa = PBXFileReference; lastKnownFileType = sourcecode.swift; path = SetupView.swift; sourceTree = "<group>"; };
		55659C132BB786700094DF01 /* AnnotationView.swift */ = {isa = PBXFileReference; lastKnownFileType = sourcecode.swift; path = AnnotationView.swift; sourceTree = "<group>"; };
		55C2F2832C00078D00B633D7 /* ObjectLocation.swift */ = {isa = PBXFileReference; lastKnownFileType = sourcecode.swift; path = ObjectLocation.swift; sourceTree = "<group>"; };
		A305B05B2E18882500ECCF9B /* DatasetEncoder.swift */ = {isa = PBXFileReference; lastKnownFileType = sourcecode.swift; path = DatasetEncoder.swift; sourceTree = "<group>"; };
		A305B05E2E18978B00ECCF9B /* SegmentationConfig.swift */ = {isa = PBXFileReference; lastKnownFileType = sourcecode.swift; path = SegmentationConfig.swift; sourceTree = "<group>"; };
		A305B0612E18992300ECCF9B /* VOCClassConfig.swift */ = {isa = PBXFileReference; lastKnownFileType = sourcecode.swift; path = VOCClassConfig.swift; sourceTree = "<group>"; };
		A305B0632E189C4F00ECCF9B /* CityscapesClassConfig.swift */ = {isa = PBXFileReference; lastKnownFileType = sourcecode.swift; path = CityscapesClassConfig.swift; sourceTree = "<group>"; };
		A305B0652E189C9400ECCF9B /* CityscapesSubsetClassConfig.swift */ = {isa = PBXFileReference; lastKnownFileType = sourcecode.swift; path = CityscapesSubsetClassConfig.swift; sourceTree = "<group>"; };
		A305B0672E189CD000ECCF9B /* CocoCustom53ClassConfig.swift */ = {isa = PBXFileReference; lastKnownFileType = sourcecode.swift; path = CocoCustom53ClassConfig.swift; sourceTree = "<group>"; };
		A305B0692E189D8500ECCF9B /* CocoCustom35ClassConfig.swift */ = {isa = PBXFileReference; lastKnownFileType = sourcecode.swift; path = CocoCustom35ClassConfig.swift; sourceTree = "<group>"; };
		A305B06B2E18A85D00ECCF9B /* DepthEncoder.swift */ = {isa = PBXFileReference; lastKnownFileType = sourcecode.swift; path = DepthEncoder.swift; sourceTree = "<group>"; };
		A30646292D614D9400B97D1B /* ImageSaver.swift */ = {isa = PBXFileReference; lastKnownFileType = sourcecode.swift; path = ImageSaver.swift; sourceTree = "<group>"; };
		A30D057D2E2B106200316FB5 /* MapillaryCustom11ClassConfig.swift */ = {isa = PBXFileReference; lastKnownFileType = sourcecode.swift; path = MapillaryCustom11ClassConfig.swift; sourceTree = "<group>"; };
		A30D05832E2B1DB400316FB5 /* bisenetv2_11_640_640.mlpackage */ = {isa = PBXFileReference; lastKnownFileType = folder.mlpackage; path = bisenetv2_11_640_640.mlpackage; sourceTree = "<group>"; };
		A30D05852E2E19E400316FB5 /* AnnotationCameraViewController.swift */ = {isa = PBXFileReference; lastKnownFileType = sourcecode.swift; path = AnnotationCameraViewController.swift; sourceTree = "<group>"; };
		A31A1E712EAC41F4008B30B7 /* ARLegacyContentView.swift */ = {isa = PBXFileReference; lastKnownFileType = sourcecode.swift; path = ARLegacyContentView.swift; sourceTree = "<group>"; };
		A31A1E732EAC4265008B30B7 /* ARCameraViewController.swift */ = {isa = PBXFileReference; lastKnownFileType = sourcecode.swift; path = ARCameraViewController.swift; sourceTree = "<group>"; };
		A31A1E752EAC448D008B30B7 /* ARLegacyCameraManager.swift */ = {isa = PBXFileReference; lastKnownFileType = sourcecode.swift; path = ARLegacyCameraManager.swift; sourceTree = "<group>"; };
		A31A1E782EAC6B25008B30B7 /* SegmentationARLegacyPipeline.swift */ = {isa = PBXFileReference; lastKnownFileType = sourcecode.swift; path = SegmentationARLegacyPipeline.swift; sourceTree = "<group>"; };
		A329A1832EB1548700D86FC3 /* SegmentationMeshPipeline.swift */ = {isa = PBXFileReference; lastKnownFileType = sourcecode.swift; path = SegmentationMeshPipeline.swift; sourceTree = "<group>"; };
		A3420F1B2E8D82E400CD617E /* APIEnvironment.swift */ = {isa = PBXFileReference; lastKnownFileType = sourcecode.swift; path = APIEnvironment.swift; sourceTree = "<group>"; };
		A3471B9F2DAF7ABF00FEB845 /* bisenetv2.mlpackage */ = {isa = PBXFileReference; lastKnownFileType = folder.mlpackage; path = bisenetv2.mlpackage; sourceTree = "<group>"; };
		A35A8BCE2E5D0CCD00CC8AA7 /* WorkspaceSelectionView.swift */ = {isa = PBXFileReference; lastKnownFileType = sourcecode.swift; path = WorkspaceSelectionView.swift; sourceTree = "<group>"; };
		A35A8BD02E5D0D0D00CC8AA7 /* WorkspaceService.swift */ = {isa = PBXFileReference; lastKnownFileType = sourcecode.swift; path = WorkspaceService.swift; sourceTree = "<group>"; };
		A35BB2852DC30383009A3FE0 /* CameraOrientation.swift */ = {isa = PBXFileReference; lastKnownFileType = sourcecode.swift; path = CameraOrientation.swift; sourceTree = "<group>"; };
		A362AECA2DB7056B002D7598 /* DepthMapProcessor.swift */ = {isa = PBXFileReference; lastKnownFileType = sourcecode.swift; path = DepthMapProcessor.swift; sourceTree = "<group>"; };
		A36C6DFF2E1338F900A86004 /* AnnotationInstanceDetailView.swift */ = {isa = PBXFileReference; lastKnownFileType = sourcecode.swift; path = AnnotationInstanceDetailView.swift; sourceTree = "<group>"; };
		A36C6E012E134CE600A86004 /* bisenetv2_35_640_640.mlpackage */ = {isa = PBXFileReference; lastKnownFileType = folder.mlpackage; path = bisenetv2_35_640_640.mlpackage; sourceTree = "<group>"; };
		A39C9F3A2DD9B03000455E45 /* OSMElement.swift */ = {isa = PBXFileReference; lastKnownFileType = sourcecode.swift; path = OSMElement.swift; sourceTree = "<group>"; };
		A39C9F3C2DD9BE2600455E45 /* APIConstants.swift */ = {isa = PBXFileReference; lastKnownFileType = sourcecode.swift; path = APIConstants.swift; sourceTree = "<group>"; };
		A3A739442DD4BA3B0073C7D2 /* CustomXMLParser.swift */ = {isa = PBXFileReference; lastKnownFileType = sourcecode.swift; path = CustomXMLParser.swift; sourceTree = "<group>"; };
		A3B2DDBC2DC99253003416FB /* ContourRequestProcessor.swift */ = {isa = PBXFileReference; lastKnownFileType = sourcecode.swift; path = ContourRequestProcessor.swift; sourceTree = "<group>"; };
		A3B2DDBE2DC99DE9003416FB /* HomographyRequestProcessor.swift */ = {isa = PBXFileReference; lastKnownFileType = sourcecode.swift; path = HomographyRequestProcessor.swift; sourceTree = "<group>"; };
		A3B2DDC02DC99F3D003416FB /* SegmentationModelRequestProcessor.swift */ = {isa = PBXFileReference; lastKnownFileType = sourcecode.swift; path = SegmentationModelRequestProcessor.swift; sourceTree = "<group>"; };
		A3BB5AFA2DB210A8008673ED /* BinaryMaskFilter.swift */ = {isa = PBXFileReference; lastKnownFileType = sourcecode.swift; path = BinaryMaskFilter.swift; sourceTree = "<group>"; };
		A3BB5AFD2DB2EE74008673ED /* ContourObjectRasterizer.swift */ = {isa = PBXFileReference; lastKnownFileType = sourcecode.swift; path = ContourObjectRasterizer.swift; sourceTree = "<group>"; };
		A3C22FD02CF1643E00533BF7 /* SharedImageData.swift */ = {isa = PBXFileReference; lastKnownFileType = sourcecode.swift; path = SharedImageData.swift; sourceTree = "<group>"; };
		A3C22FD22CF194A200533BF7 /* CGImageUtils.swift */ = {isa = PBXFileReference; lastKnownFileType = sourcecode.swift; path = CGImageUtils.swift; sourceTree = "<group>"; };
		A3C55A462EAF513800F6CFDC /* FrameRasterizer.swift */ = {isa = PBXFileReference; lastKnownFileType = sourcecode.swift; path = FrameRasterizer.swift; sourceTree = "<group>"; };
		A3C55A482EAFFAB600F6CFDC /* CenterCropTransformUtils.swift */ = {isa = PBXFileReference; lastKnownFileType = sourcecode.swift; path = CenterCropTransformUtils.swift; sourceTree = "<group>"; };
		A3D0283A2E02101C00EB7CB9 /* ClassSelectionView.swift */ = {isa = PBXFileReference; lastKnownFileType = sourcecode.swift; path = ClassSelectionView.swift; sourceTree = "<group>"; };
		A3D78D732E65108A003BFE78 /* WorkspaceListViewModel.swift */ = {isa = PBXFileReference; lastKnownFileType = sourcecode.swift; path = WorkspaceListViewModel.swift; sourceTree = "<group>"; };
		A3D78D752E654F14003BFE78 /* ProfileView.swift */ = {isa = PBXFileReference; lastKnownFileType = sourcecode.swift; path = ProfileView.swift; sourceTree = "<group>"; };
		A3DC22E82DCF0F9A0020CE84 /* ImageProcessing.metal */ = {isa = PBXFileReference; lastKnownFileType = sourcecode.metal; path = ImageProcessing.metal; sourceTree = "<group>"; };
		A3DC22EC2DCF10050020CE84 /* Homography.metal */ = {isa = PBXFileReference; lastKnownFileType = sourcecode.metal; path = Homography.metal; sourceTree = "<group>"; };
		A3DC22EE2DCF11970020CE84 /* HomographyTransformFilter.swift */ = {isa = PBXFileReference; lastKnownFileType = sourcecode.swift; path = HomographyTransformFilter.swift; sourceTree = "<group>"; };
		A3DC22F02DCFF0340020CE84 /* AnnotationSegmentationPipeline.swift */ = {isa = PBXFileReference; lastKnownFileType = sourcecode.swift; path = AnnotationSegmentationPipeline.swift; sourceTree = "<group>"; };
		A3DC22F22DD002010020CE84 /* CGImage+CVPixelBuffer.swift */ = {isa = PBXFileReference; lastKnownFileType = sourcecode.swift; path = "CGImage+CVPixelBuffer.swift"; sourceTree = "<group>"; };
		A3DC22F62DD032960020CE84 /* UnionOfMasks.metal */ = {isa = PBXFileReference; lastKnownFileType = sourcecode.metal; path = UnionOfMasks.metal; sourceTree = "<group>"; };
		A3DC22F82DD0369E0020CE84 /* UnionOfMasksProcessor.swift */ = {isa = PBXFileReference; lastKnownFileType = sourcecode.swift; path = UnionOfMasksProcessor.swift; sourceTree = "<group>"; };
		A3DC22FA2DD16CB00020CE84 /* DimensionBasedMaskFilter.swift */ = {isa = PBXFileReference; lastKnownFileType = sourcecode.swift; path = DimensionBasedMaskFilter.swift; sourceTree = "<group>"; };
		A3E84ECB2DDAA82B0096A645 /* OrientationObserver.swift */ = {isa = PBXFileReference; lastKnownFileType = sourcecode.swift; path = OrientationObserver.swift; sourceTree = "<group>"; };
		A3E84ECF2DDAC7A10096A645 /* AnnotationImageManager.swift */ = {isa = PBXFileReference; lastKnownFileType = sourcecode.swift; path = AnnotationImageManager.swift; sourceTree = "<group>"; };
		A3E84ED12DDAD4130096A645 /* AnnotationAPITransmissionController.swift */ = {isa = PBXFileReference; lastKnownFileType = sourcecode.swift; path = AnnotationAPITransmissionController.swift; sourceTree = "<group>"; };
		A3F27DB22D34E07C0071D6F3 /* DepthAnythingV2SmallF16.mlpackage */ = {isa = PBXFileReference; lastKnownFileType = folder.mlpackage; path = DepthAnythingV2SmallF16.mlpackage; sourceTree = "<group>"; };
		A3F38C4B2D38A2C500900547 /* DepthModel.swift */ = {isa = PBXFileReference; lastKnownFileType = sourcecode.swift; path = DepthModel.swift; sourceTree = "<group>"; };
		A3FCC2F82DA4E07A0037AB43 /* CentroidTracker.swift */ = {isa = PBXFileReference; lastKnownFileType = sourcecode.swift; path = CentroidTracker.swift; sourceTree = "<group>"; };
		A3FE16602E18BA5600DAE5BE /* RGBEncoder.swift */ = {isa = PBXFileReference; lastKnownFileType = sourcecode.swift; path = RGBEncoder.swift; sourceTree = "<group>"; };
		A3FE16622E18BAE900DAE5BE /* ConfidenceEncoder.swift */ = {isa = PBXFileReference; lastKnownFileType = sourcecode.swift; path = ConfidenceEncoder.swift; sourceTree = "<group>"; };
		A3FE16642E18C53D00DAE5BE /* CameraTransformEncoder.swift */ = {isa = PBXFileReference; lastKnownFileType = sourcecode.swift; path = CameraTransformEncoder.swift; sourceTree = "<group>"; };
		A3FE16662E18C81500DAE5BE /* LocationEncoder.swift */ = {isa = PBXFileReference; lastKnownFileType = sourcecode.swift; path = LocationEncoder.swift; sourceTree = "<group>"; };
		A3FE166A2E18DD2A00DAE5BE /* Info.plist */ = {isa = PBXFileReference; lastKnownFileType = text.plist; path = Info.plist; sourceTree = "<group>"; };
		A3FE166B2E1C29C800DAE5BE /* OtherDetailsEncoder.swift */ = {isa = PBXFileReference; lastKnownFileType = sourcecode.swift; path = OtherDetailsEncoder.swift; sourceTree = "<group>"; };
		A3FE166D2E1C2AEF00DAE5BE /* SegmentationEncoder.swift */ = {isa = PBXFileReference; lastKnownFileType = sourcecode.swift; path = SegmentationEncoder.swift; sourceTree = "<group>"; };
		A3FFAA742DE00F2C002B99BD /* ARCameraManager.swift */ = {isa = PBXFileReference; lastKnownFileType = sourcecode.swift; path = ARCameraManager.swift; sourceTree = "<group>"; };
		A3FFAA772DE01634002B99BD /* ARCameraUtils.swift */ = {isa = PBXFileReference; lastKnownFileType = sourcecode.swift; path = ARCameraUtils.swift; sourceTree = "<group>"; };
		A3FFAA792DE01A0F002B99BD /* ARContentView.swift */ = {isa = PBXFileReference; lastKnownFileType = sourcecode.swift; path = ARContentView.swift; sourceTree = "<group>"; };
		A3FFAA7D2DE3E41D002B99BD /* SegmentationARPipeline.swift */ = {isa = PBXFileReference; lastKnownFileType = sourcecode.swift; path = SegmentationARPipeline.swift; sourceTree = "<group>"; };
		A3FFAA7F2DE444C3002B99BD /* AnnotationOption.swift */ = {isa = PBXFileReference; lastKnownFileType = sourcecode.swift; path = AnnotationOption.swift; sourceTree = "<group>"; };
		A3FFAA822DE5253E002B99BD /* bisenetv2_53_640_640.mlpackage */ = {isa = PBXFileReference; lastKnownFileType = folder.mlpackage; path = bisenetv2_53_640_640.mlpackage; sourceTree = "<group>"; };
		CA924A922CEB9AB000FCA928 /* ChangesetService.swift */ = {isa = PBXFileReference; lastKnownFileType = sourcecode.swift; path = ChangesetService.swift; sourceTree = "<group>"; };
		CAA947752CDE6FBB000C6918 /* LoginView.swift */ = {isa = PBXFileReference; lastKnownFileType = sourcecode.swift; path = LoginView.swift; sourceTree = "<group>"; };
		CAA947782CDE7007000C6918 /* AuthService.swift */ = {isa = PBXFileReference; lastKnownFileType = sourcecode.swift; path = AuthService.swift; sourceTree = "<group>"; };
		CAA9477A2CDE70D5000C6918 /* KeychainService.swift */ = {isa = PBXFileReference; lastKnownFileType = sourcecode.swift; path = KeychainService.swift; sourceTree = "<group>"; };
		CAF812BB2CF78F7C00D44B84 /* NetworkError.swift */ = {isa = PBXFileReference; lastKnownFileType = sourcecode.swift; path = NetworkError.swift; sourceTree = "<group>"; };
		CAF812C22CFA108100D44B84 /* UserStateViewModel.swift */ = {isa = PBXFileReference; lastKnownFileType = sourcecode.swift; path = UserStateViewModel.swift; sourceTree = "<group>"; };
		DAA7F8B42CA38C11003666D8 /* Constants.swift */ = {isa = PBXFileReference; lastKnownFileType = sourcecode.swift; path = Constants.swift; sourceTree = "<group>"; };
		DAA7F8B62CA3E4E7003666D8 /* SpinnerView.swift */ = {isa = PBXFileReference; lastKnownFileType = sourcecode.swift; path = SpinnerView.swift; sourceTree = "<group>"; };
		DAA7F8BF2CA68400003666D8 /* SegmentationViewController.swift */ = {isa = PBXFileReference; lastKnownFileType = sourcecode.swift; path = SegmentationViewController.swift; sourceTree = "<group>"; };
		DAA7F8C12CA684AF003666D8 /* ProgressBar.swift */ = {isa = PBXFileReference; lastKnownFileType = sourcecode.swift; path = ProgressBar.swift; sourceTree = "<group>"; };
		DAA7F8C72CA76527003666D8 /* CIImageUtils.swift */ = {isa = PBXFileReference; lastKnownFileType = sourcecode.swift; path = CIImageUtils.swift; sourceTree = "<group>"; };
		DAA7F8C92CA76550003666D8 /* CVPixelBufferUtils.swift */ = {isa = PBXFileReference; lastKnownFileType = sourcecode.swift; path = CVPixelBufferUtils.swift; sourceTree = "<group>"; };
		DAA7F8CB2CA77FA5003666D8 /* GrayscaleToColorFilter.swift */ = {isa = PBXFileReference; lastKnownFileType = sourcecode.swift; path = GrayscaleToColorFilter.swift; sourceTree = "<group>"; };
/* End PBXFileReference section */

/* Begin PBXFrameworksBuildPhase section */
		3222F9132B622DFD0019A079 /* Frameworks */ = {
			isa = PBXFrameworksBuildPhase;
			buildActionMask = 2147483647;
			files = (
				A3C22FD82CF2F0C300533BF7 /* DequeModule in Frameworks */,
				A3FCC2FB2DA4E1880037AB43 /* OrderedCollections in Frameworks */,
			);
			runOnlyForDeploymentPostprocessing = 0;
		};
		3222F9232B622E0A0019A079 /* Frameworks */ = {
			isa = PBXFrameworksBuildPhase;
			buildActionMask = 2147483647;
			files = (
			);
			runOnlyForDeploymentPostprocessing = 0;
		};
		3222F92D2B622E0A0019A079 /* Frameworks */ = {
			isa = PBXFrameworksBuildPhase;
			buildActionMask = 2147483647;
			files = (
			);
			runOnlyForDeploymentPostprocessing = 0;
		};
/* End PBXFrameworksBuildPhase section */

/* Begin PBXGroup section */
		3222F90D2B622DFD0019A079 = {
			isa = PBXGroup;
			children = (
				3222F9182B622DFD0019A079 /* IOSAccessAssessment */,
				3222F9292B622E0A0019A079 /* IOSAccessAssessmentTests */,
				3222F9332B622E0A0019A079 /* IOSAccessAssessmentUITests */,
				3222F9172B622DFD0019A079 /* Products */,
			);
			sourceTree = "<group>";
		};
		3222F9172B622DFD0019A079 /* Products */ = {
			isa = PBXGroup;
			children = (
				3222F9162B622DFD0019A079 /* IOSAccessAssessment.app */,
				3222F9262B622E0A0019A079 /* IOSAccessAssessmentTests.xctest */,
				3222F9302B622E0A0019A079 /* IOSAccessAssessmentUITests.xctest */,
			);
			name = Products;
			sourceTree = "<group>";
		};
		3222F9182B622DFD0019A079 /* IOSAccessAssessment */ = {
			isa = PBXGroup;
			children = (
				A3FE166A2E18DD2A00DAE5BE /* Info.plist */,
				A3E84ECE2DDAC7980096A645 /* Annotation */,
				A39C9F392DD9B01200455E45 /* API */,
				A305B05A2E1887AE00ECCF9B /* Dataset */,
				A3F38C4A2D38A2BF00900547 /* Depth */,
				CAA947772CDE7001000C6918 /* Auth */,
				DAA7F8C62CA76514003666D8 /* Image */,
				DAA7F8C52CA6858C003666D8 /* Location */,
				DAA7F8BE2CA683DC003666D8 /* Segmentation */,
				DAA7F8BB2CA67A3C003666D8 /* Camera */,
				A34B70CC2DDFE638007B191F /* ARCamera */,
				55659C092BB785EA0094DF01 /* VisionModel */,
				3222F91D2B622E090019A079 /* Assets.xcassets */,
				55659C0E2BB786240094DF01 /* View */,
				55659C0B2BB786050094DF01 /* Shared */,
				3222F91F2B622E090019A079 /* Preview Content */,
				3222F9192B622DFD0019A079 /* IOSAccessAssessmentApp.swift */,
			);
			path = IOSAccessAssessment;
			sourceTree = "<group>";
		};
		3222F91F2B622E090019A079 /* Preview Content */ = {
			isa = PBXGroup;
			children = (
				3222F9202B622E090019A079 /* Preview Assets.xcassets */,
			);
			path = "Preview Content";
			sourceTree = "<group>";
		};
		3222F9292B622E0A0019A079 /* IOSAccessAssessmentTests */ = {
			isa = PBXGroup;
			children = (
				3222F92A2B622E0A0019A079 /* IOSAccessAssessmentTests.swift */,
			);
			path = IOSAccessAssessmentTests;
			sourceTree = "<group>";
		};
		3222F9332B622E0A0019A079 /* IOSAccessAssessmentUITests */ = {
			isa = PBXGroup;
			children = (
				3222F9342B622E0A0019A079 /* IOSAccessAssessmentUITests.swift */,
				3222F9362B622E0A0019A079 /* IOSAccessAssessmentUITestsLaunchTests.swift */,
			);
			path = IOSAccessAssessmentUITests;
			sourceTree = "<group>";
		};
		55659C092BB785EA0094DF01 /* VisionModel */ = {
			isa = PBXGroup;
			children = (
				A30D05832E2B1DB400316FB5 /* bisenetv2_11_640_640.mlpackage */,
				A36C6E012E134CE600A86004 /* bisenetv2_35_640_640.mlpackage */,
				A3FFAA822DE5253E002B99BD /* bisenetv2_53_640_640.mlpackage */,
				A3471B9F2DAF7ABF00FEB845 /* bisenetv2.mlpackage */,
				A3F27DB22D34E07C0071D6F3 /* DepthAnythingV2SmallF16.mlpackage */,
				3222F94B2B62FF2E0019A079 /* espnetv2_pascal_256.mlmodel */,
			);
			path = VisionModel;
			sourceTree = "<group>";
		};
		55659C0B2BB786050094DF01 /* Shared */ = {
			isa = PBXGroup;
			children = (
				A3C22FD02CF1643E00533BF7 /* SharedImageData.swift */,
				DAA7F8B42CA38C11003666D8 /* Constants.swift */,
			);
			path = Shared;
			sourceTree = "<group>";
		};
		55659C0E2BB786240094DF01 /* View */ = {
			isa = PBXGroup;
			children = (
				A3D78D752E654F14003BFE78 /* ProfileView.swift */,
				A36C6DFF2E1338F900A86004 /* AnnotationInstanceDetailView.swift */,
				CAA947752CDE6FBB000C6918 /* LoginView.swift */,
				55659C0F2BB7863F0094DF01 /* SetupView.swift */,
				A3FFAA792DE01A0F002B99BD /* ARContentView.swift */,
				A31A1E712EAC41F4008B30B7 /* ARLegacyContentView.swift */,
				55659C132BB786700094DF01 /* AnnotationView.swift */,
				A35A8BCE2E5D0CCD00CC8AA7 /* WorkspaceSelectionView.swift */,
				A31A1E772EAC49E3008B30B7 /* UI */,
				CAF812C32CFA108100D44B84 /* ViewModel */,
			);
			path = View;
			sourceTree = "<group>";
		};
		A305B05A2E1887AE00ECCF9B /* Dataset */ = {
			isa = PBXGroup;
			children = (
				A3FE16662E18C81500DAE5BE /* LocationEncoder.swift */,
				A3FE16642E18C53D00DAE5BE /* CameraTransformEncoder.swift */,
				A3FE16622E18BAE900DAE5BE /* ConfidenceEncoder.swift */,
				A3FE16602E18BA5600DAE5BE /* RGBEncoder.swift */,
				A3FE166D2E1C2AEF00DAE5BE /* SegmentationEncoder.swift */,
				A305B06B2E18A85D00ECCF9B /* DepthEncoder.swift */,
				A305B05B2E18882500ECCF9B /* DatasetEncoder.swift */,
				A3FE166B2E1C29C800DAE5BE /* OtherDetailsEncoder.swift */,
			);
			path = Dataset;
			sourceTree = "<group>";
		};
		A305B0602E18988100ECCF9B /* Config */ = {
			isa = PBXGroup;
			children = (
				A305B05E2E18978B00ECCF9B /* SegmentationConfig.swift */,
				A305B0612E18992300ECCF9B /* VOCClassConfig.swift */,
				A305B0632E189C4F00ECCF9B /* CityscapesClassConfig.swift */,
				A305B0652E189C9400ECCF9B /* CityscapesSubsetClassConfig.swift */,
				A305B0672E189CD000ECCF9B /* CocoCustom53ClassConfig.swift */,
				A305B0692E189D8500ECCF9B /* CocoCustom35ClassConfig.swift */,
				A30D057D2E2B106200316FB5 /* MapillaryCustom11ClassConfig.swift */,
			);
			path = Config;
			sourceTree = "<group>";
		};
		A31A1E772EAC49E3008B30B7 /* UI */ = {
			isa = PBXGroup;
			children = (
				DAA7F8C12CA684AF003666D8 /* ProgressBar.swift */,
				DAA7F8B62CA3E4E7003666D8 /* SpinnerView.swift */,
				A3D0283A2E02101C00EB7CB9 /* ClassSelectionView.swift */,
			);
			path = UI;
			sourceTree = "<group>";
		};
		A34B70CC2DDFE638007B191F /* ARCamera */ = {
			isa = PBXGroup;
			children = (
				A3FFAA762DE01631002B99BD /* Helpers */,
				A3FFAA742DE00F2C002B99BD /* ARCameraManager.swift */,
				A31A1E752EAC448D008B30B7 /* ARLegacyCameraManager.swift */,
				A31A1E732EAC4265008B30B7 /* ARCameraViewController.swift */,
			);
			path = ARCamera;
			sourceTree = "<group>";
		};
		A362AEC72DB59577002D7598 /* Helpers */ = {
			isa = PBXGroup;
			children = (
				A3C55A482EAFFAB600F6CFDC /* CenterCropTransformUtils.swift */,
				A30646292D614D9400B97D1B /* ImageSaver.swift */,
			);
			path = Helpers;
			sourceTree = "<group>";
		};
		A39C9F392DD9B01200455E45 /* API */ = {
			isa = PBXGroup;
			children = (
				A3A739432DD4BA330073C7D2 /* Helpers */,
				A39C9F3C2DD9BE2600455E45 /* APIConstants.swift */,
				A3420F1B2E8D82E400CD617E /* APIEnvironment.swift */,
				A39C9F3A2DD9B03000455E45 /* OSMElement.swift */,
				CA924A922CEB9AB000FCA928 /* ChangesetService.swift */,
				A35A8BD02E5D0D0D00CC8AA7 /* WorkspaceService.swift */,
			);
			path = API;
			sourceTree = "<group>";
		};
		A3A739432DD4BA330073C7D2 /* Helpers */ = {
			isa = PBXGroup;
			children = (
				A3A739442DD4BA3B0073C7D2 /* CustomXMLParser.swift */,
			);
			path = Helpers;
			sourceTree = "<group>";
		};
		A3B2DDBB2DC99212003416FB /* Functions */ = {
			isa = PBXGroup;
			children = (
				A3B2DDC02DC99F3D003416FB /* SegmentationModelRequestProcessor.swift */,
				A3B2DDBE2DC99DE9003416FB /* HomographyRequestProcessor.swift */,
				A3B2DDBC2DC99253003416FB /* ContourRequestProcessor.swift */,
				A3DC22F62DD032960020CE84 /* UnionOfMasks.metal */,
				A3DC22F82DD0369E0020CE84 /* UnionOfMasksProcessor.swift */,
			);
			path = Functions;
			sourceTree = "<group>";
		};
		A3BB5AF92DB21080008673ED /* Filters */ = {
			isa = PBXGroup;
			children = (
				A3DC22E82DCF0F9A0020CE84 /* ImageProcessing.metal */,
				A3BB5AFA2DB210A8008673ED /* BinaryMaskFilter.swift */,
				A3DC22FA2DD16CB00020CE84 /* DimensionBasedMaskFilter.swift */,
				DAA7F8CB2CA77FA5003666D8 /* GrayscaleToColorFilter.swift */,
				A3DC22EC2DCF10050020CE84 /* Homography.metal */,
				A3DC22EE2DCF11970020CE84 /* HomographyTransformFilter.swift */,
			);
			path = Filters;
			sourceTree = "<group>";
		};
		A3BB5AFC2DB2EE1A008673ED /* Helpers */ = {
			isa = PBXGroup;
			children = (
				A3BB5AFD2DB2EE74008673ED /* ContourObjectRasterizer.swift */,
				A3FCC2F82DA4E07A0037AB43 /* CentroidTracker.swift */,
			);
			path = Helpers;
			sourceTree = "<group>";
		};
		A3E84ECD2DDAAECB0096A645 /* Helpers */ = {
			isa = PBXGroup;
			children = (
				A3E84ECB2DDAA82B0096A645 /* OrientationObserver.swift */,
				A35BB2852DC30383009A3FE0 /* CameraOrientation.swift */,
			);
			path = Helpers;
			sourceTree = "<group>";
		};
		A3E84ECE2DDAC7980096A645 /* Annotation */ = {
			isa = PBXGroup;
			children = (
				A3FFAA7F2DE444C3002B99BD /* AnnotationOption.swift */,
				A3E84ED12DDAD4130096A645 /* AnnotationAPITransmissionController.swift */,
				A3E84ECF2DDAC7A10096A645 /* AnnotationImageManager.swift */,
			);
			path = Annotation;
			sourceTree = "<group>";
		};
		A3F38C4A2D38A2BF00900547 /* Depth */ = {
			isa = PBXGroup;
			children = (
				A362AECA2DB7056B002D7598 /* DepthMapProcessor.swift */,
				A3F38C4B2D38A2C500900547 /* DepthModel.swift */,
			);
			path = Depth;
			sourceTree = "<group>";
		};
		A3FFAA762DE01631002B99BD /* Helpers */ = {
			isa = PBXGroup;
			children = (
				A3C55A462EAF513800F6CFDC /* FrameRasterizer.swift */,
				A3FFAA772DE01634002B99BD /* ARCameraUtils.swift */,
			);
			path = Helpers;
			sourceTree = "<group>";
		};
		CAA947772CDE7001000C6918 /* Auth */ = {
			isa = PBXGroup;
			children = (
				CAF812BB2CF78F7C00D44B84 /* NetworkError.swift */,
				CAA9477A2CDE70D5000C6918 /* KeychainService.swift */,
				CAA947782CDE7007000C6918 /* AuthService.swift */,
			);
			path = Auth;
			sourceTree = "<group>";
		};
		CAF812C32CFA108100D44B84 /* ViewModel */ = {
			isa = PBXGroup;
			children = (
				A3D78D732E65108A003BFE78 /* WorkspaceListViewModel.swift */,
				CAF812C22CFA108100D44B84 /* UserStateViewModel.swift */,
			);
			path = ViewModel;
			sourceTree = "<group>";
		};
		DAA7F8BB2CA67A3C003666D8 /* Camera */ = {
			isa = PBXGroup;
			children = (
				A30D05852E2E19E400316FB5 /* AnnotationCameraViewController.swift */,
				A3E84ECD2DDAAECB0096A645 /* Helpers */,
			);
			path = Camera;
			sourceTree = "<group>";
		};
		DAA7F8BE2CA683DC003666D8 /* Segmentation */ = {
			isa = PBXGroup;
			children = (
				A305B0602E18988100ECCF9B /* Config */,
				A3B2DDBB2DC99212003416FB /* Functions */,
				A3BB5AFC2DB2EE1A008673ED /* Helpers */,
				A3BB5AF92DB21080008673ED /* Filters */,
				DAA7F8BF2CA68400003666D8 /* SegmentationViewController.swift */,
				A3FFAA7D2DE3E41D002B99BD /* SegmentationARPipeline.swift */,
				A329A1832EB1548700D86FC3 /* SegmentationMeshPipeline.swift */,
				A31A1E782EAC6B25008B30B7 /* SegmentationARLegacyPipeline.swift */,
				A3DC22F02DCFF0340020CE84 /* AnnotationSegmentationPipeline.swift */,
			);
			path = Segmentation;
			sourceTree = "<group>";
		};
		DAA7F8C52CA6858C003666D8 /* Location */ = {
			isa = PBXGroup;
			children = (
				55C2F2832C00078D00B633D7 /* ObjectLocation.swift */,
			);
			path = Location;
			sourceTree = "<group>";
		};
		DAA7F8C62CA76514003666D8 /* Image */ = {
			isa = PBXGroup;
			children = (
				A362AEC72DB59577002D7598 /* Helpers */,
				A3C22FD22CF194A200533BF7 /* CGImageUtils.swift */,
				DAA7F8C72CA76527003666D8 /* CIImageUtils.swift */,
				DAA7F8C92CA76550003666D8 /* CVPixelBufferUtils.swift */,
				A3DC22F22DD002010020CE84 /* CGImage+CVPixelBuffer.swift */,
			);
			path = Image;
			sourceTree = "<group>";
		};
/* End PBXGroup section */

/* Begin PBXNativeTarget section */
		3222F9152B622DFD0019A079 /* IOSAccessAssessment */ = {
			isa = PBXNativeTarget;
			buildConfigurationList = 3222F93A2B622E0A0019A079 /* Build configuration list for PBXNativeTarget "IOSAccessAssessment" */;
			buildPhases = (
				3222F9122B622DFD0019A079 /* Sources */,
				3222F9132B622DFD0019A079 /* Frameworks */,
				3222F9142B622DFD0019A079 /* Resources */,
				A30646282D60486900B97D1B /* Embed Frameworks */,
			);
			buildRules = (
			);
			dependencies = (
			);
			name = IOSAccessAssessment;
			productName = IOSAccessAssessment;
			productReference = 3222F9162B622DFD0019A079 /* IOSAccessAssessment.app */;
			productType = "com.apple.product-type.application";
		};
		3222F9252B622E0A0019A079 /* IOSAccessAssessmentTests */ = {
			isa = PBXNativeTarget;
			buildConfigurationList = 3222F93D2B622E0A0019A079 /* Build configuration list for PBXNativeTarget "IOSAccessAssessmentTests" */;
			buildPhases = (
				3222F9222B622E0A0019A079 /* Sources */,
				3222F9232B622E0A0019A079 /* Frameworks */,
				3222F9242B622E0A0019A079 /* Resources */,
			);
			buildRules = (
			);
			dependencies = (
				3222F9282B622E0A0019A079 /* PBXTargetDependency */,
			);
			name = IOSAccessAssessmentTests;
			productName = IOSAccessAssessmentTests;
			productReference = 3222F9262B622E0A0019A079 /* IOSAccessAssessmentTests.xctest */;
			productType = "com.apple.product-type.bundle.unit-test";
		};
		3222F92F2B622E0A0019A079 /* IOSAccessAssessmentUITests */ = {
			isa = PBXNativeTarget;
			buildConfigurationList = 3222F9402B622E0A0019A079 /* Build configuration list for PBXNativeTarget "IOSAccessAssessmentUITests" */;
			buildPhases = (
				3222F92C2B622E0A0019A079 /* Sources */,
				3222F92D2B622E0A0019A079 /* Frameworks */,
				3222F92E2B622E0A0019A079 /* Resources */,
			);
			buildRules = (
			);
			dependencies = (
				3222F9322B622E0A0019A079 /* PBXTargetDependency */,
			);
			name = IOSAccessAssessmentUITests;
			productName = IOSAccessAssessmentUITests;
			productReference = 3222F9302B622E0A0019A079 /* IOSAccessAssessmentUITests.xctest */;
			productType = "com.apple.product-type.bundle.ui-testing";
		};
/* End PBXNativeTarget section */

/* Begin PBXProject section */
		3222F90E2B622DFD0019A079 /* Project object */ = {
			isa = PBXProject;
			attributes = {
				BuildIndependentTargetsInParallel = 1;
				LastSwiftUpdateCheck = 1520;
				LastUpgradeCheck = 1520;
				TargetAttributes = {
					3222F9152B622DFD0019A079 = {
						CreatedOnToolsVersion = 15.2;
						LastSwiftMigration = 1610;
					};
					3222F9252B622E0A0019A079 = {
						CreatedOnToolsVersion = 15.2;
						TestTargetID = 3222F9152B622DFD0019A079;
					};
					3222F92F2B622E0A0019A079 = {
						CreatedOnToolsVersion = 15.2;
						TestTargetID = 3222F9152B622DFD0019A079;
					};
				};
			};
			buildConfigurationList = 3222F9112B622DFD0019A079 /* Build configuration list for PBXProject "IOSAccessAssessment" */;
			compatibilityVersion = "Xcode 14.0";
			developmentRegion = en;
			hasScannedForEncodings = 0;
			knownRegions = (
				en,
				Base,
			);
			mainGroup = 3222F90D2B622DFD0019A079;
			packageReferences = (
				CAF812C12CFA0FD400D44B84 /* XCRemoteSwiftPackageReference "swift-collections" */,
			);
			productRefGroup = 3222F9172B622DFD0019A079 /* Products */;
			projectDirPath = "";
			projectRoot = "";
			targets = (
				3222F9152B622DFD0019A079 /* IOSAccessAssessment */,
				3222F9252B622E0A0019A079 /* IOSAccessAssessmentTests */,
				3222F92F2B622E0A0019A079 /* IOSAccessAssessmentUITests */,
			);
		};
/* End PBXProject section */

/* Begin PBXResourcesBuildPhase section */
		3222F9142B622DFD0019A079 /* Resources */ = {
			isa = PBXResourcesBuildPhase;
			buildActionMask = 2147483647;
			files = (
				DA6332E72BAE3998009C80F9 /* espnetv2_pascal_256.mlmodel in Resources */,
				3222F9212B622E090019A079 /* Preview Assets.xcassets in Resources */,
				3222F91E2B622E090019A079 /* Assets.xcassets in Resources */,
			);
			runOnlyForDeploymentPostprocessing = 0;
		};
		3222F9242B622E0A0019A079 /* Resources */ = {
			isa = PBXResourcesBuildPhase;
			buildActionMask = 2147483647;
			files = (
			);
			runOnlyForDeploymentPostprocessing = 0;
		};
		3222F92E2B622E0A0019A079 /* Resources */ = {
			isa = PBXResourcesBuildPhase;
			buildActionMask = 2147483647;
			files = (
			);
			runOnlyForDeploymentPostprocessing = 0;
		};
/* End PBXResourcesBuildPhase section */

/* Begin PBXSourcesBuildPhase section */
		3222F9122B622DFD0019A079 /* Sources */ = {
			isa = PBXSourcesBuildPhase;
			buildActionMask = 2147483647;
			files = (
				A3FE16632E18BAEB00DAE5BE /* ConfidenceEncoder.swift in Sources */,
				A3E84ECC2DDAA82F0096A645 /* OrientationObserver.swift in Sources */,
				A3BB5AFB2DB210AE008673ED /* BinaryMaskFilter.swift in Sources */,
				A305B0642E189C5500ECCF9B /* CityscapesClassConfig.swift in Sources */,
				A3B2DDC12DC99F44003416FB /* SegmentationModelRequestProcessor.swift in Sources */,
				A3B2DDBF2DC99DEF003416FB /* HomographyRequestProcessor.swift in Sources */,
				A305B0662E189C9A00ECCF9B /* CityscapesSubsetClassConfig.swift in Sources */,
				A36C6E002E1338FE00A86004 /* AnnotationInstanceDetailView.swift in Sources */,
				A3FFAA802DE444C6002B99BD /* AnnotationOption.swift in Sources */,
				A305B0682E189CD600ECCF9B /* CocoCustom53ClassConfig.swift in Sources */,
				A3B2DDBD2DC99256003416FB /* ContourRequestProcessor.swift in Sources */,
				CAF812C42CFA108100D44B84 /* UserStateViewModel.swift in Sources */,
				A3FE166C2E1C29CB00DAE5BE /* OtherDetailsEncoder.swift in Sources */,
				A30D05862E2E19E400316FB5 /* AnnotationCameraViewController.swift in Sources */,
				DAA7F8CC2CA77FA5003666D8 /* GrayscaleToColorFilter.swift in Sources */,
				A306462A2D614D9600B97D1B /* ImageSaver.swift in Sources */,
				DAA7F8C02CA68400003666D8 /* SegmentationViewController.swift in Sources */,
				A3C55A492EAFFABF00F6CFDC /* CenterCropTransformUtils.swift in Sources */,
				A362AECB2DB7056D002D7598 /* DepthMapProcessor.swift in Sources */,
				A3E84ED22DDAD41E0096A645 /* AnnotationAPITransmissionController.swift in Sources */,
				A31A1E762EAC448D008B30B7 /* ARLegacyCameraManager.swift in Sources */,
				CAF812BC2CF78F8100D44B84 /* NetworkError.swift in Sources */,
				A305B06C2E18A85F00ECCF9B /* DepthEncoder.swift in Sources */,
				A3DC22FB2DD16CB00020CE84 /* DimensionBasedMaskFilter.swift in Sources */,
				A3FFAA7E2DE3E41D002B99BD /* SegmentationARPipeline.swift in Sources */,
				A36C6E022E134CE600A86004 /* bisenetv2_35_640_640.mlpackage in Sources */,
				A3DC22F12DCFF03A0020CE84 /* AnnotationSegmentationPipeline.swift in Sources */,
				A35BB2862DC30386009A3FE0 /* CameraOrientation.swift in Sources */,
				A31A1E722EAC41F4008B30B7 /* ARLegacyContentView.swift in Sources */,
				A3FE16612E18BA5900DAE5BE /* RGBEncoder.swift in Sources */,
				CA924A932CEB9AB000FCA928 /* ChangesetService.swift in Sources */,
				A3FCC2F92DA4E0800037AB43 /* CentroidTracker.swift in Sources */,
				A31A1E792EAC6B25008B30B7 /* SegmentationARLegacyPipeline.swift in Sources */,
				A3A739452DD4BA3F0073C7D2 /* CustomXMLParser.swift in Sources */,
				DAA7F8C82CA76527003666D8 /* CIImageUtils.swift in Sources */,
				A35A8BD12E5D0D1200CC8AA7 /* WorkspaceService.swift in Sources */,
				55659C142BB786700094DF01 /* AnnotationView.swift in Sources */,
				A329A1842EB1548B00D86FC3 /* SegmentationMeshPipeline.swift in Sources */,
				A3DC22F72DD032960020CE84 /* UnionOfMasks.metal in Sources */,
				CAA947792CDE700A000C6918 /* AuthService.swift in Sources */,
				A3C22FD32CF194A600533BF7 /* CGImageUtils.swift in Sources */,
				A3DC22E92DCF0F9A0020CE84 /* ImageProcessing.metal in Sources */,
				A3D0283B2E02101F00EB7CB9 /* ClassSelectionView.swift in Sources */,
				A3F38C4C2D38A2C700900547 /* DepthModel.swift in Sources */,
				55659C102BB7863F0094DF01 /* SetupView.swift in Sources */,
				A3DC22F92DD036AF0020CE84 /* UnionOfMasksProcessor.swift in Sources */,
				A3DC22F32DD002020020CE84 /* CGImage+CVPixelBuffer.swift in Sources */,
				A3F27DB42D34E07C0071D6F3 /* DepthAnythingV2SmallF16.mlpackage in Sources */,
				A30D05842E2B1DB400316FB5 /* bisenetv2_11_640_640.mlpackage in Sources */,
				DAA7F8CA2CA76550003666D8 /* CVPixelBufferUtils.swift in Sources */,
				DAA7F8B72CA3E4E7003666D8 /* SpinnerView.swift in Sources */,
				A3FE16652E18C54000DAE5BE /* CameraTransformEncoder.swift in Sources */,
				A305B06A2E189D8500ECCF9B /* CocoCustom35ClassConfig.swift in Sources */,
				A3D78D762E654F18003BFE78 /* ProfileView.swift in Sources */,
				CAA9477B2CDE70D9000C6918 /* KeychainService.swift in Sources */,
				CAA947762CDE6FBD000C6918 /* LoginView.swift in Sources */,
				3222F91A2B622DFD0019A079 /* IOSAccessAssessmentApp.swift in Sources */,
				A3C22FD12CF1644400533BF7 /* SharedImageData.swift in Sources */,
				A35A8BCF2E5D0CD100CC8AA7 /* WorkspaceSelectionView.swift in Sources */,
				A3E84ED02DDAC7A50096A645 /* AnnotationImageManager.swift in Sources */,
				A305B0622E18993000ECCF9B /* VOCClassConfig.swift in Sources */,
				A39C9F3B2DD9B03300455E45 /* OSMElement.swift in Sources */,
				A39C9F3D2DD9BE2800455E45 /* APIConstants.swift in Sources */,
				A3D78D742E65108E003BFE78 /* WorkspaceListViewModel.swift in Sources */,
				A3471BA02DAF7ABF00FEB845 /* bisenetv2.mlpackage in Sources */,
				A3BB5AFE2DB2EE7E008673ED /* ContourObjectRasterizer.swift in Sources */,
				A305B05C2E18882800ECCF9B /* DatasetEncoder.swift in Sources */,
				A31A1E742EAC426C008B30B7 /* ARCameraViewController.swift in Sources */,
				DAA7F8C22CA684AF003666D8 /* ProgressBar.swift in Sources */,
				A3FFAA752DE00F3B002B99BD /* ARCameraManager.swift in Sources */,
				A3DC22EF2DCF119A0020CE84 /* HomographyTransformFilter.swift in Sources */,
				A3420F1C2E8D82E700CD617E /* APIEnvironment.swift in Sources */,
				A3DC22ED2DCF10050020CE84 /* Homography.metal in Sources */,
				A3C55A472EAF513B00F6CFDC /* FrameRasterizer.swift in Sources */,
				A3FE16672E18C81800DAE5BE /* LocationEncoder.swift in Sources */,
				A305B05F2E18978C00ECCF9B /* SegmentationConfig.swift in Sources */,
				A3FFAA832DE5253E002B99BD /* bisenetv2_53_640_640.mlpackage in Sources */,
				A3FFAA7A2DE01A0F002B99BD /* ARContentView.swift in Sources */,
				55C2F2842C00078D00B633D7 /* ObjectLocation.swift in Sources */,
				A3FFAA782DE01637002B99BD /* ARCameraUtils.swift in Sources */,
				A3FE166E2E1C2AF200DAE5BE /* SegmentationEncoder.swift in Sources */,
				DAA7F8B52CA38C11003666D8 /* Constants.swift in Sources */,
				A30D057E2E2B106200316FB5 /* MapillaryCustom11ClassConfig.swift in Sources */,
			);
			runOnlyForDeploymentPostprocessing = 0;
		};
		3222F9222B622E0A0019A079 /* Sources */ = {
			isa = PBXSourcesBuildPhase;
			buildActionMask = 2147483647;
			files = (
				3222F92B2B622E0A0019A079 /* IOSAccessAssessmentTests.swift in Sources */,
			);
			runOnlyForDeploymentPostprocessing = 0;
		};
		3222F92C2B622E0A0019A079 /* Sources */ = {
			isa = PBXSourcesBuildPhase;
			buildActionMask = 2147483647;
			files = (
				3222F9372B622E0A0019A079 /* IOSAccessAssessmentUITestsLaunchTests.swift in Sources */,
				3222F9352B622E0A0019A079 /* IOSAccessAssessmentUITests.swift in Sources */,
			);
			runOnlyForDeploymentPostprocessing = 0;
		};
/* End PBXSourcesBuildPhase section */

/* Begin PBXTargetDependency section */
		3222F9282B622E0A0019A079 /* PBXTargetDependency */ = {
			isa = PBXTargetDependency;
			target = 3222F9152B622DFD0019A079 /* IOSAccessAssessment */;
			targetProxy = 3222F9272B622E0A0019A079 /* PBXContainerItemProxy */;
		};
		3222F9322B622E0A0019A079 /* PBXTargetDependency */ = {
			isa = PBXTargetDependency;
			target = 3222F9152B622DFD0019A079 /* IOSAccessAssessment */;
			targetProxy = 3222F9312B622E0A0019A079 /* PBXContainerItemProxy */;
		};
/* End PBXTargetDependency section */

/* Begin XCBuildConfiguration section */
		3222F9382B622E0A0019A079 /* Debug */ = {
			isa = XCBuildConfiguration;
			buildSettings = {
				ALWAYS_SEARCH_USER_PATHS = NO;
				ASSETCATALOG_COMPILER_GENERATE_SWIFT_ASSET_SYMBOL_EXTENSIONS = YES;
				CLANG_ANALYZER_NONNULL = YES;
				CLANG_ANALYZER_NUMBER_OBJECT_CONVERSION = YES_AGGRESSIVE;
				CLANG_CXX_LANGUAGE_STANDARD = "gnu++20";
				CLANG_ENABLE_MODULES = YES;
				CLANG_ENABLE_OBJC_ARC = YES;
				CLANG_ENABLE_OBJC_WEAK = YES;
				CLANG_WARN_BLOCK_CAPTURE_AUTORELEASING = YES;
				CLANG_WARN_BOOL_CONVERSION = YES;
				CLANG_WARN_COMMA = YES;
				CLANG_WARN_CONSTANT_CONVERSION = YES;
				CLANG_WARN_DEPRECATED_OBJC_IMPLEMENTATIONS = YES;
				CLANG_WARN_DIRECT_OBJC_ISA_USAGE = YES_ERROR;
				CLANG_WARN_DOCUMENTATION_COMMENTS = YES;
				CLANG_WARN_EMPTY_BODY = YES;
				CLANG_WARN_ENUM_CONVERSION = YES;
				CLANG_WARN_INFINITE_RECURSION = YES;
				CLANG_WARN_INT_CONVERSION = YES;
				CLANG_WARN_NON_LITERAL_NULL_CONVERSION = YES;
				CLANG_WARN_OBJC_IMPLICIT_RETAIN_SELF = YES;
				CLANG_WARN_OBJC_LITERAL_CONVERSION = YES;
				CLANG_WARN_OBJC_ROOT_CLASS = YES_ERROR;
				CLANG_WARN_QUOTED_INCLUDE_IN_FRAMEWORK_HEADER = YES;
				CLANG_WARN_RANGE_LOOP_ANALYSIS = YES;
				CLANG_WARN_STRICT_PROTOTYPES = YES;
				CLANG_WARN_SUSPICIOUS_MOVE = YES;
				CLANG_WARN_UNGUARDED_AVAILABILITY = YES_AGGRESSIVE;
				CLANG_WARN_UNREACHABLE_CODE = YES;
				CLANG_WARN__DUPLICATE_METHOD_MATCH = YES;
				COPY_PHASE_STRIP = NO;
				DEBUG_INFORMATION_FORMAT = dwarf;
				ENABLE_STRICT_OBJC_MSGSEND = YES;
				ENABLE_TESTABILITY = YES;
				ENABLE_USER_SCRIPT_SANDBOXING = YES;
				GCC_C_LANGUAGE_STANDARD = gnu17;
				GCC_DYNAMIC_NO_PIC = NO;
				GCC_NO_COMMON_BLOCKS = YES;
				GCC_OPTIMIZATION_LEVEL = 0;
				GCC_PREPROCESSOR_DEFINITIONS = (
					"DEBUG=1",
					"$(inherited)",
				);
				GCC_WARN_64_TO_32_BIT_CONVERSION = YES;
				GCC_WARN_ABOUT_RETURN_TYPE = YES_ERROR;
				GCC_WARN_UNDECLARED_SELECTOR = YES;
				GCC_WARN_UNINITIALIZED_AUTOS = YES_AGGRESSIVE;
				GCC_WARN_UNUSED_FUNCTION = YES;
				GCC_WARN_UNUSED_VARIABLE = YES;
				IPHONEOS_DEPLOYMENT_TARGET = 17.2;
				LOCALIZATION_PREFERS_STRING_CATALOGS = YES;
				MTL_ENABLE_DEBUG_INFO = INCLUDE_SOURCE;
				MTL_FAST_MATH = YES;
				ONLY_ACTIVE_ARCH = YES;
				SDKROOT = iphoneos;
				SWIFT_ACTIVE_COMPILATION_CONDITIONS = "DEBUG $(inherited)";
				SWIFT_OPTIMIZATION_LEVEL = "-Onone";
			};
			name = Debug;
		};
		3222F9392B622E0A0019A079 /* Release */ = {
			isa = XCBuildConfiguration;
			buildSettings = {
				ALWAYS_SEARCH_USER_PATHS = NO;
				ASSETCATALOG_COMPILER_GENERATE_SWIFT_ASSET_SYMBOL_EXTENSIONS = YES;
				CLANG_ANALYZER_NONNULL = YES;
				CLANG_ANALYZER_NUMBER_OBJECT_CONVERSION = YES_AGGRESSIVE;
				CLANG_CXX_LANGUAGE_STANDARD = "gnu++20";
				CLANG_ENABLE_MODULES = YES;
				CLANG_ENABLE_OBJC_ARC = YES;
				CLANG_ENABLE_OBJC_WEAK = YES;
				CLANG_WARN_BLOCK_CAPTURE_AUTORELEASING = YES;
				CLANG_WARN_BOOL_CONVERSION = YES;
				CLANG_WARN_COMMA = YES;
				CLANG_WARN_CONSTANT_CONVERSION = YES;
				CLANG_WARN_DEPRECATED_OBJC_IMPLEMENTATIONS = YES;
				CLANG_WARN_DIRECT_OBJC_ISA_USAGE = YES_ERROR;
				CLANG_WARN_DOCUMENTATION_COMMENTS = YES;
				CLANG_WARN_EMPTY_BODY = YES;
				CLANG_WARN_ENUM_CONVERSION = YES;
				CLANG_WARN_INFINITE_RECURSION = YES;
				CLANG_WARN_INT_CONVERSION = YES;
				CLANG_WARN_NON_LITERAL_NULL_CONVERSION = YES;
				CLANG_WARN_OBJC_IMPLICIT_RETAIN_SELF = YES;
				CLANG_WARN_OBJC_LITERAL_CONVERSION = YES;
				CLANG_WARN_OBJC_ROOT_CLASS = YES_ERROR;
				CLANG_WARN_QUOTED_INCLUDE_IN_FRAMEWORK_HEADER = YES;
				CLANG_WARN_RANGE_LOOP_ANALYSIS = YES;
				CLANG_WARN_STRICT_PROTOTYPES = YES;
				CLANG_WARN_SUSPICIOUS_MOVE = YES;
				CLANG_WARN_UNGUARDED_AVAILABILITY = YES_AGGRESSIVE;
				CLANG_WARN_UNREACHABLE_CODE = YES;
				CLANG_WARN__DUPLICATE_METHOD_MATCH = YES;
				COPY_PHASE_STRIP = NO;
				DEBUG_INFORMATION_FORMAT = "dwarf-with-dsym";
				ENABLE_NS_ASSERTIONS = NO;
				ENABLE_STRICT_OBJC_MSGSEND = YES;
				ENABLE_USER_SCRIPT_SANDBOXING = YES;
				GCC_C_LANGUAGE_STANDARD = gnu17;
				GCC_NO_COMMON_BLOCKS = YES;
				GCC_WARN_64_TO_32_BIT_CONVERSION = YES;
				GCC_WARN_ABOUT_RETURN_TYPE = YES_ERROR;
				GCC_WARN_UNDECLARED_SELECTOR = YES;
				GCC_WARN_UNINITIALIZED_AUTOS = YES_AGGRESSIVE;
				GCC_WARN_UNUSED_FUNCTION = YES;
				GCC_WARN_UNUSED_VARIABLE = YES;
				IPHONEOS_DEPLOYMENT_TARGET = 17.2;
				LOCALIZATION_PREFERS_STRING_CATALOGS = YES;
				MTL_ENABLE_DEBUG_INFO = NO;
				MTL_FAST_MATH = YES;
				SDKROOT = iphoneos;
				SWIFT_COMPILATION_MODE = wholemodule;
				VALIDATE_PRODUCT = YES;
			};
			name = Release;
		};
		3222F93B2B622E0A0019A079 /* Debug */ = {
			isa = XCBuildConfiguration;
			buildSettings = {
				ASSETCATALOG_COMPILER_APPICON_NAME = AppIcon;
				ASSETCATALOG_COMPILER_GLOBAL_ACCENT_COLOR_NAME = AccentColor;
				CLANG_ENABLE_MODULES = YES;
				CODE_SIGN_STYLE = Automatic;
				CURRENT_PROJECT_VERSION = 0;
				DEVELOPMENT_ASSET_PATHS = "\"IOSAccessAssessment/Preview Content\"";
				DEVELOPMENT_TEAM = G8MQVE5WWW;
				ENABLE_PREVIEWS = YES;
				FRAMEWORK_SEARCH_PATHS = "$(inherited)";
				GENERATE_INFOPLIST_FILE = YES;
				INFOPLIST_FILE = IOSAccessAssessment/Info.plist;
				INFOPLIST_KEY_CFBundleDisplayName = iOSPointMapper;
				INFOPLIST_KEY_LSSupportsOpeningDocumentsInPlace = YES;
				INFOPLIST_KEY_NSCameraUsageDescription = "Used to segment surroundings";
				INFOPLIST_KEY_NSLocationAlwaysAndWhenInUseUsageDescription = "";
				INFOPLIST_KEY_NSLocationWhenInUseUsageDescription = "";
				INFOPLIST_KEY_NSPhotoLibraryAddUsageDescription = "We want to save the filtered photo.";
				INFOPLIST_KEY_UIApplicationSceneManifest_Generation = YES;
				INFOPLIST_KEY_UIApplicationSupportsIndirectInputEvents = YES;
				INFOPLIST_KEY_UILaunchScreen_Generation = YES;
				INFOPLIST_KEY_UIRequiredDeviceCapabilities = arkit;
				INFOPLIST_KEY_UISupportedInterfaceOrientations = "UIInterfaceOrientationLandscapeLeft UIInterfaceOrientationLandscapeRight UIInterfaceOrientationPortrait UIInterfaceOrientationPortraitUpsideDown";
				IPHONEOS_DEPLOYMENT_TARGET = 17.0;
				LD_RUNPATH_SEARCH_PATHS = "$(inherited)";
				MARKETING_VERSION = 0.2;
				PRODUCT_BUNDLE_IDENTIFIER = edu.uw.pointmapper;
				PRODUCT_NAME = "$(TARGET_NAME)";
				SUPPORTED_PLATFORMS = "iphoneos iphonesimulator";
				SUPPORTS_MACCATALYST = NO;
				SUPPORTS_MAC_DESIGNED_FOR_IPHONE_IPAD = NO;
				SUPPORTS_XR_DESIGNED_FOR_IPHONE_IPAD = NO;
				SWIFT_EMIT_LOC_STRINGS = YES;
				SWIFT_OBJC_BRIDGING_HEADER = "";
				SWIFT_OPTIMIZATION_LEVEL = "-Onone";
				SWIFT_VERSION = 5.0;
				TARGETED_DEVICE_FAMILY = "1,2";
			};
			name = Debug;
		};
		3222F93C2B622E0A0019A079 /* Release */ = {
			isa = XCBuildConfiguration;
			buildSettings = {
				ASSETCATALOG_COMPILER_APPICON_NAME = AppIcon;
				ASSETCATALOG_COMPILER_GLOBAL_ACCENT_COLOR_NAME = AccentColor;
				CLANG_ENABLE_MODULES = YES;
				CODE_SIGN_STYLE = Automatic;
				CURRENT_PROJECT_VERSION = 0;
				DEVELOPMENT_ASSET_PATHS = "\"IOSAccessAssessment/Preview Content\"";
				DEVELOPMENT_TEAM = G8MQVE5WWW;
				ENABLE_PREVIEWS = YES;
				FRAMEWORK_SEARCH_PATHS = "$(inherited)";
				GENERATE_INFOPLIST_FILE = YES;
				INFOPLIST_FILE = IOSAccessAssessment/Info.plist;
				INFOPLIST_KEY_CFBundleDisplayName = iOSPointMapper;
				INFOPLIST_KEY_LSSupportsOpeningDocumentsInPlace = YES;
				INFOPLIST_KEY_NSCameraUsageDescription = "Used to segment surroundings";
				INFOPLIST_KEY_NSLocationAlwaysAndWhenInUseUsageDescription = "";
				INFOPLIST_KEY_NSLocationWhenInUseUsageDescription = "";
				INFOPLIST_KEY_NSPhotoLibraryAddUsageDescription = "We want to save the filtered photo.";
				INFOPLIST_KEY_UIApplicationSceneManifest_Generation = YES;
				INFOPLIST_KEY_UIApplicationSupportsIndirectInputEvents = YES;
				INFOPLIST_KEY_UILaunchScreen_Generation = YES;
				INFOPLIST_KEY_UIRequiredDeviceCapabilities = arkit;
				INFOPLIST_KEY_UISupportedInterfaceOrientations = "UIInterfaceOrientationLandscapeLeft UIInterfaceOrientationLandscapeRight UIInterfaceOrientationPortrait UIInterfaceOrientationPortraitUpsideDown";
				IPHONEOS_DEPLOYMENT_TARGET = 17.0;
				LD_RUNPATH_SEARCH_PATHS = "$(inherited)";
				MARKETING_VERSION = 0.2;
				PRODUCT_BUNDLE_IDENTIFIER = edu.uw.pointmapper;
				PRODUCT_NAME = "$(TARGET_NAME)";
				SUPPORTED_PLATFORMS = "iphoneos iphonesimulator";
				SUPPORTS_MACCATALYST = NO;
				SUPPORTS_MAC_DESIGNED_FOR_IPHONE_IPAD = NO;
				SUPPORTS_XR_DESIGNED_FOR_IPHONE_IPAD = NO;
				SWIFT_EMIT_LOC_STRINGS = YES;
				SWIFT_OBJC_BRIDGING_HEADER = "";
				SWIFT_VERSION = 5.0;
				TARGETED_DEVICE_FAMILY = "1,2";
			};
			name = Release;
		};
		3222F93E2B622E0A0019A079 /* Debug */ = {
			isa = XCBuildConfiguration;
			buildSettings = {
				ALWAYS_EMBED_SWIFT_STANDARD_LIBRARIES = YES;
				BUNDLE_LOADER = "$(TEST_HOST)";
				CODE_SIGN_STYLE = Automatic;
				CURRENT_PROJECT_VERSION = 1;
				DEVELOPMENT_TEAM = Q8PMZJLMHG;
				GENERATE_INFOPLIST_FILE = YES;
				IPHONEOS_DEPLOYMENT_TARGET = 17.2;
				MARKETING_VERSION = 1.0;
				PRODUCT_BUNDLE_IDENTIFIER = TASKAR.IOSAccessAssessmentTests;
				PRODUCT_NAME = "$(TARGET_NAME)";
				SWIFT_EMIT_LOC_STRINGS = NO;
				SWIFT_VERSION = 5.0;
				TARGETED_DEVICE_FAMILY = "1,2";
				TEST_HOST = "$(BUILT_PRODUCTS_DIR)/IOSAccessAssessment.app/$(BUNDLE_EXECUTABLE_FOLDER_PATH)/IOSAccessAssessment";
			};
			name = Debug;
		};
		3222F93F2B622E0A0019A079 /* Release */ = {
			isa = XCBuildConfiguration;
			buildSettings = {
				ALWAYS_EMBED_SWIFT_STANDARD_LIBRARIES = YES;
				BUNDLE_LOADER = "$(TEST_HOST)";
				CODE_SIGN_STYLE = Automatic;
				CURRENT_PROJECT_VERSION = 1;
				DEVELOPMENT_TEAM = Q8PMZJLMHG;
				GENERATE_INFOPLIST_FILE = YES;
				IPHONEOS_DEPLOYMENT_TARGET = 17.2;
				MARKETING_VERSION = 1.0;
				PRODUCT_BUNDLE_IDENTIFIER = TASKAR.IOSAccessAssessmentTests;
				PRODUCT_NAME = "$(TARGET_NAME)";
				SWIFT_EMIT_LOC_STRINGS = NO;
				SWIFT_VERSION = 5.0;
				TARGETED_DEVICE_FAMILY = "1,2";
				TEST_HOST = "$(BUILT_PRODUCTS_DIR)/IOSAccessAssessment.app/$(BUNDLE_EXECUTABLE_FOLDER_PATH)/IOSAccessAssessment";
			};
			name = Release;
		};
		3222F9412B622E0A0019A079 /* Debug */ = {
			isa = XCBuildConfiguration;
			buildSettings = {
				ALWAYS_EMBED_SWIFT_STANDARD_LIBRARIES = YES;
				CODE_SIGN_STYLE = Automatic;
				CURRENT_PROJECT_VERSION = 1;
				DEVELOPMENT_TEAM = Q8PMZJLMHG;
				GENERATE_INFOPLIST_FILE = YES;
				MARKETING_VERSION = 1.0;
				PRODUCT_BUNDLE_IDENTIFIER = TASKAR.IOSAccessAssessmentUITests;
				PRODUCT_NAME = "$(TARGET_NAME)";
				SWIFT_EMIT_LOC_STRINGS = NO;
				SWIFT_VERSION = 5.0;
				TARGETED_DEVICE_FAMILY = "1,2";
				TEST_TARGET_NAME = IOSAccessAssessment;
			};
			name = Debug;
		};
		3222F9422B622E0A0019A079 /* Release */ = {
			isa = XCBuildConfiguration;
			buildSettings = {
				ALWAYS_EMBED_SWIFT_STANDARD_LIBRARIES = YES;
				CODE_SIGN_STYLE = Automatic;
				CURRENT_PROJECT_VERSION = 1;
				DEVELOPMENT_TEAM = Q8PMZJLMHG;
				GENERATE_INFOPLIST_FILE = YES;
				MARKETING_VERSION = 1.0;
				PRODUCT_BUNDLE_IDENTIFIER = TASKAR.IOSAccessAssessmentUITests;
				PRODUCT_NAME = "$(TARGET_NAME)";
				SWIFT_EMIT_LOC_STRINGS = NO;
				SWIFT_VERSION = 5.0;
				TARGETED_DEVICE_FAMILY = "1,2";
				TEST_TARGET_NAME = IOSAccessAssessment;
			};
			name = Release;
		};
/* End XCBuildConfiguration section */

/* Begin XCConfigurationList section */
		3222F9112B622DFD0019A079 /* Build configuration list for PBXProject "IOSAccessAssessment" */ = {
			isa = XCConfigurationList;
			buildConfigurations = (
				3222F9382B622E0A0019A079 /* Debug */,
				3222F9392B622E0A0019A079 /* Release */,
			);
			defaultConfigurationIsVisible = 0;
			defaultConfigurationName = Release;
		};
		3222F93A2B622E0A0019A079 /* Build configuration list for PBXNativeTarget "IOSAccessAssessment" */ = {
			isa = XCConfigurationList;
			buildConfigurations = (
				3222F93B2B622E0A0019A079 /* Debug */,
				3222F93C2B622E0A0019A079 /* Release */,
			);
			defaultConfigurationIsVisible = 0;
			defaultConfigurationName = Release;
		};
		3222F93D2B622E0A0019A079 /* Build configuration list for PBXNativeTarget "IOSAccessAssessmentTests" */ = {
			isa = XCConfigurationList;
			buildConfigurations = (
				3222F93E2B622E0A0019A079 /* Debug */,
				3222F93F2B622E0A0019A079 /* Release */,
			);
			defaultConfigurationIsVisible = 0;
			defaultConfigurationName = Release;
		};
		3222F9402B622E0A0019A079 /* Build configuration list for PBXNativeTarget "IOSAccessAssessmentUITests" */ = {
			isa = XCConfigurationList;
			buildConfigurations = (
				3222F9412B622E0A0019A079 /* Debug */,
				3222F9422B622E0A0019A079 /* Release */,
			);
			defaultConfigurationIsVisible = 0;
			defaultConfigurationName = Release;
		};
/* End XCConfigurationList section */

/* Begin XCRemoteSwiftPackageReference section */
		A3C22FD62CF2F0C300533BF7 /* XCRemoteSwiftPackageReference "swift-collections" */ = {
			isa = XCRemoteSwiftPackageReference;
			repositoryURL = "https://github.com/apple/swift-collections.git";
			requirement = {
				kind = upToNextMajorVersion;
				minimumVersion = 1.1.4;
			};
		};
		CAF812C12CFA0FD400D44B84 /* XCRemoteSwiftPackageReference "swift-collections" */ = {
			isa = XCRemoteSwiftPackageReference;
			repositoryURL = "https://github.com/apple/swift-collections.git";
			requirement = {
				kind = upToNextMajorVersion;
				minimumVersion = 1.1.4;
			};
		};
/* End XCRemoteSwiftPackageReference section */

/* Begin XCSwiftPackageProductDependency section */
		A3C22FD72CF2F0C300533BF7 /* DequeModule */ = {
			isa = XCSwiftPackageProductDependency;
			package = A3C22FD62CF2F0C300533BF7 /* XCRemoteSwiftPackageReference "swift-collections" */;
			productName = DequeModule;
		};
		A3FCC2FA2DA4E1880037AB43 /* OrderedCollections */ = {
			isa = XCSwiftPackageProductDependency;
			package = CAF812C12CFA0FD400D44B84 /* XCRemoteSwiftPackageReference "swift-collections" */;
			productName = OrderedCollections;
		};
/* End XCSwiftPackageProductDependency section */
	};
	rootObject = 3222F90E2B622DFD0019A079 /* Project object */;
}
